{
  "originHash" : "f6d52768d23db9658223eadfc60cfd38fa33c767de4e3da380a82a3b632db3ee",
  "pins" : [
    {
      "identity" : "amplitude-ios",
      "kind" : "remoteSourceControl",
      "location" : "https://github.com/amplitude/Amplitude-iOS",
      "state" : {
        "revision" : "68eea8100a84d26c3d81997851965ec3efbe61fc",
        "version" : "8.3.0"
      }
    },
    {
      "identity" : "appmetrica-sdk-ios",
      "kind" : "remoteSourceControl",
      "location" : "https://github.com/appmetrica/appmetrica-sdk-ios",
      "state" : {
        "revision" : "3b74ab028f448b0342f908245f19f6a9f4563b97",
        "version" : "5.6.0"
      }
    },
    {
      "identity" : "divkit-ios",
      "kind" : "remoteSourceControl",
      "location" : "https://github.com/divkit/divkit-ios",
      "state" : {
        "revision" : "864236292a02fc014af72b17b9e897ce4c87b1ff",
        "version" : "30.2.0"
      }
    },
    {
      "identity" : "jgprogresshud",
      "kind" : "remoteSourceControl",
      "location" : "https://github.com/JonasGessner/JGProgressHUD",
      "state" : {
        "revision" : "78d7cd35f1d90ff74fd82e486f2cbe4b24be8cf9",
        "version" : "2.2.0"
      }
    },
    {
      "identity" : "jgprogresshud-swiftui",
      "kind" : "remoteSourceControl",
      "location" : "https://github.com/JonasGessner/JGProgressHUD-SwiftUI.git",
      "state" : {
        "revision" : "a173f018132a48e11b5e0bbca9a3dac30ce3f0ae",
        "version" : "0.1.1"
      }
    },
    {
      "identity" : "kscrash",
      "kind" : "remoteSourceControl",
      "location" : "https://github.com/kstenerud/KSCrash",
      "state" : {
        "revision" : "c9b13a7ec3483c5f8c274551d5cf2feb5723c8c5",
        "version" : "1.17.4"
      }
    },
    {
      "identity" : "nextgrowingtextview",
      "kind" : "remoteSourceControl",
      "location" : "https://github.com/muukii/NextGrowingTextView",
      "state" : {
        "revision" : "c2fe58421d171dde28c1e131cb92966d63e54020",
        "version" : "1.6.1"
      }
    },
    {
      "identity" : "swiftystorekit",
      "kind" : "remoteSourceControl",
      "location" : "https://github.com/bizz84/SwiftyStoreKit.git",
      "state" : {
        "revision" : "3b54c8eac2840b0cdd576634e83d9ebeb70f847c",
        "version" : "0.16.3"
      }
    },
    {
      "identity" : "vgsl",
      "kind" : "remoteSourceControl",
      "location" : "https://github.com/yandex/vgsl.git",
      "state" : {
        "revision" : "ef44b9685131fa7a8d7dc78825a6cf4d097542de",
        "version" : "5.1.1"
      }
    },
    {
      "identity" : "yandex-ads-sdk-ios",
      "kind" : "remoteSourceControl",
      "location" : "https://github.com/yandexmobile/yandex-ads-sdk-ios",
      "state" : {
        "revision" : "dd4c3ffdee2452563b1dd29b7387dc47dfb28e0c",
        "version" : "7.1.1"
      }
    }
  ],
  "version" : 3
}
