{
  "originHash" : "aa52761f77c8dace410bd2a5839b204f358c579c555db01eb51fb3668e2ac45e",
  "pins" : [
    {
      "identity" : "amplitude-ios",
      "kind" : "remoteSourceControl",
      "location" : "https://github.com/amplitude/Amplitude-iOS",
      "state" : {
        "revision" : "68eea8100a84d26c3d81997851965ec3efbe61fc",
        "version" : "8.3.0"
      }
    },
    {
      "identity" : "divkit-ios",
      "kind" : "remoteSourceControl",
      "location" : "https://github.com/divkit/divkit-ios",
      "state" : {
        "revision" : "022da5abc5f30b02695c08084036b0a5dd060334",
        "version" : "24.3.0"
      }
    },
    {
      "identity" : "jgprogresshud",
      "kind" : "remoteSourceControl",
      "location" : "https://github.com/JonasGessner/JGProgressHUD",
      "state" : {
        "revision" : "78d7cd35f1d90ff74fd82e486f2cbe4b24be8cf9",
        "version" : "2.2.0"
      }
    },
    {
      "identity" : "jgprogresshud-swiftui",
      "kind" : "remoteSourceControl",
      "location" : "https://github.com/JonasGessner/JGProgressHUD-SwiftUI.git",
      "state" : {
        "revision" : "a173f018132a48e11b5e0bbca9a3dac30ce3f0ae",
        "version" : "0.1.1"
      }
    },
    {
      "identity" : "metrica-sdk-ios",
      "kind" : "remoteSourceControl",
      "location" : "https://github.com/yandexmobile/metrica-sdk-ios",
      "state" : {
        "revision" : "13d8b11181a33938ef42759d49466a621df5e7db",
        "version" : "4.5.2"
      }
    },
    {
      "identity" : "nextgrowingtextview",
      "kind" : "remoteSourceControl",
      "location" : "https://github.com/muukii/NextGrowingTextView",
      "state" : {
        "revision" : "c2fe58421d171dde28c1e131cb92966d63e54020",
        "version" : "1.6.1"
      }
    },
    {
      "identity" : "swiftystorekit",
      "kind" : "remoteSourceControl",
      "location" : "https://github.com/bizz84/SwiftyStoreKit",
      "state" : {
        "revision" : "3b54c8eac2840b0cdd576634e83d9ebeb70f847c",
        "version" : "0.16.3"
      }
    },
    {
      "identity" : "yandex-ads-sdk-swift",
      "kind" : "remoteSourceControl",
      "location" : "https://github.com/yandexmobile/yandex-ads-sdk-swift",
      "state" : {
        "revision" : "d1e35d7b197da9cdc95a0dfc1328dd7f14899924",
        "version" : "5.8.0"
      }
    }
  ],
  "version" : 3
}
