// !$*UTF8*$!
{
	archiveVersion = 1;
	classes = {
	};
	objectVersion = 54;
	objects = {

/* Begin PBXBuildFile section */
		372DFDFF2A4F13740024A32F /* SettingsScreen.swift in Sources */ = {isa = PBXBuildFile; fileRef = 372DFDFE2A4F13740024A32F /* SettingsScreen.swift */; };
		372DFE072A51F80F0024A32F /* MainScreenPictureView.swift in Sources */ = {isa = PBXBuildFile; fileRef = 372DFE062A51F80F0024A32F /* MainScreenPictureView.swift */; };
		37420A7B2A5591FE001647F4 /* View+showTask.swift in Sources */ = {isa = PBXBuildFile; fileRef = 37420A7A2A5591FE001647F4 /* View+showTask.swift */; };
		37420A812A55B8F8001647F4 /* YandexMobileAdsBundle.bundle in Resources */ = {isa = PBXBuildFile; fileRef = 37420A7F2A55B8EC001647F4 /* YandexMobileAdsBundle.bundle */; };
		37420A832A56B60C001647F4 /* DailyTaskLimitManagerTests.swift in Sources */ = {isa = PBXBuildFile; fileRef = 37420A822A56B60C001647F4 /* DailyTaskLimitManagerTests.swift */; };
		37420A852A56BE92001647F4 /* DailyLimitExceededScreen.swift in Sources */ = {isa = PBXBuildFile; fileRef = 37420A842A56BE91001647F4 /* DailyLimitExceededScreen.swift */; };
		37420A872A56E0F5001647F4 /* MainAdsModel.swift in Sources */ = {isa = PBXBuildFile; fileRef = 37420A862A56E0F5001647F4 /* MainAdsModel.swift */; };
		37420A892A56F536001647F4 /* DailyTaskLimitModel.swift in Sources */ = {isa = PBXBuildFile; fileRef = 37420A882A56F536001647F4 /* DailyTaskLimitModel.swift */; };
		3782ED572A60422F000C46F4 /* MainScreenRouter.swift in Sources */ = {isa = PBXBuildFile; fileRef = 3782ED562A60422F000C46F4 /* MainScreenRouter.swift */; };
		37A8BE572A3C8CA700257D8C /* MainScreenTopPanel.swift in Sources */ = {isa = PBXBuildFile; fileRef = 37A8BE562A3C8CA700257D8C /* MainScreenTopPanel.swift */; };
		37A8BE5F2A3C9DF700257D8C /* MainFeedModel.swift in Sources */ = {isa = PBXBuildFile; fileRef = 37A8BE5E2A3C9DF700257D8C /* MainFeedModel.swift */; };
		37D7DD372A36254E00AFDB2B /* Tasks in Resources */ = {isa = PBXBuildFile; fileRef = 37D7DD362A36254E00AFDB2B /* Tasks */; };
		37D7DD3F2A36291100AFDB2B /* MainScreen.swift in Sources */ = {isa = PBXBuildFile; fileRef = 37D7DD3E2A36291100AFDB2B /* MainScreen.swift */; };
		37D7DD422A38F1BF00AFDB2B /* MainScreenTaskView.swift in Sources */ = {isa = PBXBuildFile; fileRef = 37D7DD412A38F1BF00AFDB2B /* MainScreenTaskView.swift */; };
		9605432E244F73580083C217 /* HelpScreen.swift in Sources */ = {isa = PBXBuildFile; fileRef = 9605432D244F73580083C217 /* HelpScreen.swift */; };
		96054C1A2459A20F0083C217 /* Localizable.strings in Resources */ = {isa = PBXBuildFile; fileRef = 96054C1C2459A20F0083C217 /* Localizable.strings */; };
		9607EBB924C467C4006CD310 /* QuestTaskScreen+Setup.swift in Sources */ = {isa = PBXBuildFile; fileRef = 9607EBB824C467C4006CD310 /* QuestTaskScreen+Setup.swift */; };
		9607EBBB24C4680A006CD310 /* QuestTaskScreen+DataLoading.swift in Sources */ = {isa = PBXBuildFile; fileRef = 9607EBBA24C4680A006CD310 /* QuestTaskScreen+DataLoading.swift */; };
		9607EBBD24C46C76006CD310 /* QuestTaskScreen+State.swift in Sources */ = {isa = PBXBuildFile; fileRef = 9607EBBC24C46C76006CD310 /* QuestTaskScreen+State.swift */; };
		9607EBBF24C478EA006CD310 /* QuestTaskScreen+Utils.swift in Sources */ = {isa = PBXBuildFile; fileRef = 9607EBBE24C478EA006CD310 /* QuestTaskScreen+Utils.swift */; };
		9615F95E24630A930070E2D3 /* ProfileTaskScreen+KeyboardHandler.swift in Sources */ = {isa = PBXBuildFile; fileRef = 9615F95D24630A930070E2D3 /* ProfileTaskScreen+KeyboardHandler.swift */; };
		9615F96024630B0D0070E2D3 /* ProfileTaskScreen+Setup.swift in Sources */ = {isa = PBXBuildFile; fileRef = 9615F95F24630B0D0070E2D3 /* ProfileTaskScreen+Setup.swift */; };
		9615F96224630CF50070E2D3 /* ProfileTaskScreen+Utils.swift in Sources */ = {isa = PBXBuildFile; fileRef = 9615F96124630CF50070E2D3 /* ProfileTaskScreen+Utils.swift */; };
		961B95E42425EE89003EC992 /* AppDelegate.swift in Sources */ = {isa = PBXBuildFile; fileRef = 961B95E32425EE89003EC992 /* AppDelegate.swift */; };
		961B95E62425EE89003EC992 /* SceneDelegate.swift in Sources */ = {isa = PBXBuildFile; fileRef = 961B95E52425EE89003EC992 /* SceneDelegate.swift */; };
		961B95ED2425EE92003EC992 /* Assets.xcassets in Resources */ = {isa = PBXBuildFile; fileRef = 961B95EC2425EE92003EC992 /* Assets.xcassets */; };
		961B95F02425EE92003EC992 /* LaunchScreen.storyboard in Resources */ = {isa = PBXBuildFile; fileRef = 961B95EE2425EE92003EC992 /* LaunchScreen.storyboard */; };
		961B96062425EE92003EC992 /* DetectItUITests.swift in Sources */ = {isa = PBXBuildFile; fileRef = 961B96052425EE92003EC992 /* DetectItUITests.swift */; };
		961B964B242600CF003EC992 /* DetectItCore.framework in Frameworks */ = {isa = PBXBuildFile; fileRef = 961B964A242600CF003EC992 /* DetectItCore.framework */; };
		961B964C242600CF003EC992 /* DetectItCore.framework in Embed Frameworks */ = {isa = PBXBuildFile; fileRef = 961B964A242600CF003EC992 /* DetectItCore.framework */; settings = {ATTRIBUTES = (CodeSignOnCopy, RemoveHeadersOnCopy, ); }; };
		961DE271247941DA00008AAB /* MainScreenUITests.swift in Sources */ = {isa = PBXBuildFile; fileRef = 961DE270247941DA00008AAB /* MainScreenUITests.swift */; };
		961DE2772479465600008AAB /* DetectItTests.swift in Sources */ = {isa = PBXBuildFile; fileRef = 961DE2762479465600008AAB /* DetectItTests.swift */; };
		961DE279247D380E00008AAB /* CommandLineArguments.swift in Sources */ = {isa = PBXBuildFile; fileRef = 961DE278247D380E00008AAB /* CommandLineArguments.swift */; };
		961EEDF6243F834800462CD3 /* ProfileTaskScreen+State.swift in Sources */ = {isa = PBXBuildFile; fileRef = 961EEDF5243F834800462CD3 /* ProfileTaskScreen+State.swift */; };
		96200CAF244195ED00A3C720 /* PhotoViewerScreen.swift in Sources */ = {isa = PBXBuildFile; fileRef = 96200CAE244195ED00A3C720 /* PhotoViewerScreen.swift */; };
		9627E7D72512AF21007ACEBA /* TasksOnboardingScreen.swift in Sources */ = {isa = PBXBuildFile; fileRef = 9627E7D62512AF21007ACEBA /* TasksOnboardingScreen.swift */; };
		96346F10249413A400A815F2 /* FullVersionPurchaseScreen.swift in Sources */ = {isa = PBXBuildFile; fileRef = 96346F0F249413A400A815F2 /* FullVersionPurchaseScreen.swift */; };
		963F56CC24EF04D1002B949F /* TaskNotesScreen.swift in Sources */ = {isa = PBXBuildFile; fileRef = 963F56CB24EF04D1002B949F /* TaskNotesScreen.swift */; };
		96500E35242F0FDD005FFC7A /* DetectItUI.framework in Frameworks */ = {isa = PBXBuildFile; fileRef = 96500E34242F0FDD005FFC7A /* DetectItUI.framework */; };
		96500E36242F0FDD005FFC7A /* DetectItUI.framework in Embed Frameworks */ = {isa = PBXBuildFile; fileRef = 96500E34242F0FDD005FFC7A /* DetectItUI.framework */; settings = {ATTRIBUTES = (CodeSignOnCopy, RemoveHeadersOnCopy, ); }; };
		965AC7D32438BA19003A3DC7 /* ProfileTaskScreen.swift in Sources */ = {isa = PBXBuildFile; fileRef = 965AC7D22438BA19003A3DC7 /* ProfileTaskScreen.swift */; };
		965AC7D52438BA26003A3DC7 /* QuestTaskScreen.swift in Sources */ = {isa = PBXBuildFile; fileRef = 965AC7D42438BA26003A3DC7 /* QuestTaskScreen.swift */; };
		965F2559267A6EC900106F13 /* SwiftyStoreKit in Frameworks */ = {isa = PBXBuildFile; productRef = 965F2558267A6EC900106F13 /* SwiftyStoreKit */; };
		965F2567267A7D2A00106F13 /* CompletedTasksScreen.swift in Sources */ = {isa = PBXBuildFile; fileRef = 965F2566267A7D2A00106F13 /* CompletedTasksScreen.swift */; };
		969C825A25B4CA52008D9E72 /* FullVersionManager.swift in Sources */ = {isa = PBXBuildFile; fileRef = 969C825925B4CA52008D9E72 /* FullVersionManager.swift */; };
		96A5C65E274A2B5E0056DC09 /* QuestTaskChapterView.swift in Sources */ = {isa = PBXBuildFile; fileRef = 96A5C65B274A2B5E0056DC09 /* QuestTaskChapterView.swift */; };
		96A5C65F274A2B5E0056DC09 /* QuestTaskChapterActionsView.swift in Sources */ = {isa = PBXBuildFile; fileRef = 96A5C65C274A2B5E0056DC09 /* QuestTaskChapterActionsView.swift */; };
		96A5C660274A2B5E0056DC09 /* QuestTaskScreenView.swift in Sources */ = {isa = PBXBuildFile; fileRef = 96A5C65D274A2B5E0056DC09 /* QuestTaskScreenView.swift */; };
		96A5C6C6274A2C9A0056DC09 /* ProfileTaskAnswerCell.swift in Sources */ = {isa = PBXBuildFile; fileRef = 96A5C6B7274A2C9A0056DC09 /* ProfileTaskAnswerCell.swift */; };
		96A5C6C7274A2C9A0056DC09 /* ProfileTaskAnyAnswerCell.swift in Sources */ = {isa = PBXBuildFile; fileRef = 96A5C6B8274A2C9A0056DC09 /* ProfileTaskAnyAnswerCell.swift */; };
		96A5C6C8274A2C9A0056DC09 /* ProfileTaskVariantsQuestionCell.swift in Sources */ = {isa = PBXBuildFile; fileRef = 96A5C6B9274A2C9A0056DC09 /* ProfileTaskVariantsQuestionCell.swift */; };
		96A5C6C9274A2C9A0056DC09 /* ProfileTaskExactAnswerQuestionCell.swift in Sources */ = {isa = PBXBuildFile; fileRef = 96A5C6BA274A2C9A0056DC09 /* ProfileTaskExactAnswerQuestionCell.swift */; };
		96A5C6CC274A2C9A0056DC09 /* ProfileCaseCell.swift in Sources */ = {isa = PBXBuildFile; fileRef = 96A5C6BD274A2C9A0056DC09 /* ProfileCaseCell.swift */; };
		96A5C6CD274A2C9A0056DC09 /* ProfileTaskBoolAnswerQuestionCell.swift in Sources */ = {isa = PBXBuildFile; fileRef = 96A5C6BE274A2C9A0056DC09 /* ProfileTaskBoolAnswerQuestionCell.swift */; };
		96A5C6CE274A2C9A0056DC09 /* ProfileTaskNumberQuestionCell.swift in Sources */ = {isa = PBXBuildFile; fileRef = 96A5C6BF274A2C9A0056DC09 /* ProfileTaskNumberQuestionCell.swift */; };
		96A5C6CF274A2C9A0056DC09 /* ProfilePrepositionCell.swift in Sources */ = {isa = PBXBuildFile; fileRef = 96A5C6C0274A2C9A0056DC09 /* ProfilePrepositionCell.swift */; };
		96A5C6D0274A2C9A0056DC09 /* ProfileView.swift in Sources */ = {isa = PBXBuildFile; fileRef = 96A5C6C2274A2C9A0056DC09 /* ProfileView.swift */; };
		96A5C6D1274A2C9A0056DC09 /* ProfileReportView.swift in Sources */ = {isa = PBXBuildFile; fileRef = 96A5C6C3274A2C9A0056DC09 /* ProfileReportView.swift */; };
		96A5C6D2274A2C9A0056DC09 /* ProfileHiddenCrimeDescriptionView.swift in Sources */ = {isa = PBXBuildFile; fileRef = 96A5C6C4274A2C9A0056DC09 /* ProfileHiddenCrimeDescriptionView.swift */; };
		96A5C6D3274A2C9A0056DC09 /* ProfileTaskScreenView.swift in Sources */ = {isa = PBXBuildFile; fileRef = 96A5C6C5274A2C9A0056DC09 /* ProfileTaskScreenView.swift */; };
		96A5C6D6274A31CE0056DC09 /* BlitzTaskScreen.swift in Sources */ = {isa = PBXBuildFile; fileRef = 96A5C6D5274A31CE0056DC09 /* BlitzTaskScreen.swift */; };
		96A5C6D8274A328B0056DC09 /* BlitzTaskScreen+State.swift in Sources */ = {isa = PBXBuildFile; fileRef = 96A5C6D7274A328B0056DC09 /* BlitzTaskScreen+State.swift */; };
		96A5C6DA274A34900056DC09 /* BlitzTaskScreen+Setup.swift in Sources */ = {isa = PBXBuildFile; fileRef = 96A5C6D9274A34900056DC09 /* BlitzTaskScreen+Setup.swift */; };
		96A5C6DD274A34DB0056DC09 /* BlitzTaskScreenView.swift in Sources */ = {isa = PBXBuildFile; fileRef = 96A5C6DC274A34DB0056DC09 /* BlitzTaskScreenView.swift */; };
		96A5C6DF274A3A650056DC09 /* BlitzTaskScreen+DataLoading.swift in Sources */ = {isa = PBXBuildFile; fileRef = 96A5C6DE274A3A650056DC09 /* BlitzTaskScreen+DataLoading.swift */; };
		96A5C6E1274A3A750056DC09 /* BlitzTaskScreen+KeyboardHandler.swift in Sources */ = {isa = PBXBuildFile; fileRef = 96A5C6E0274A3A750056DC09 /* BlitzTaskScreen+KeyboardHandler.swift */; };
		96A5C6E3274A3A9D0056DC09 /* BlitzTaskScreen+Utils.swift in Sources */ = {isa = PBXBuildFile; fileRef = 96A5C6E2274A3A9D0056DC09 /* BlitzTaskScreen+Utils.swift */; };
		96AAB00C243F3BC800F61443 /* ProfileTaskScreen+DataLoading.swift in Sources */ = {isa = PBXBuildFile; fileRef = 96AAB00B243F3BC800F61443 /* ProfileTaskScreen+DataLoading.swift */; };
		96B3352C25BC63F800D0814F /* SplashScreen.swift in Sources */ = {isa = PBXBuildFile; fileRef = 96B3352B25BC63F800D0814F /* SplashScreen.swift */; };
		96B3353725C0770500D0814F /* Analytics.swift in Sources */ = {isa = PBXBuildFile; fileRef = 96B3353625C0770500D0814F /* Analytics.swift */; };
		96CE5B312C445C8A00272677 /* CipherTaskScreen.swift in Sources */ = {isa = PBXBuildFile; fileRef = 96CE5B302C445C7C00272677 /* CipherTaskScreen.swift */; };
		96D555A12C6BC35600A6C1AD /* PhotoViewerScreenSUI.swift in Sources */ = {isa = PBXBuildFile; fileRef = 96D555A02C6BC34700A6C1AD /* PhotoViewerScreenSUI.swift */; };
		96F054752444AB0C000742E4 /* DebugMenuScreen.swift in Sources */ = {isa = PBXBuildFile; fileRef = 96F054742444AB0C000742E4 /* DebugMenuScreen.swift */; };
		96F054782444C60E000742E4 /* OnboardingScreen.swift in Sources */ = {isa = PBXBuildFile; fileRef = 96F054772444C60E000742E4 /* OnboardingScreen.swift */; };
		96F0547A2444CD77000742E4 /* OnboardingPage.swift in Sources */ = {isa = PBXBuildFile; fileRef = 96F054792444CD77000742E4 /* OnboardingPage.swift */; };
		96F0547C2444D2EC000742E4 /* OnboardingLastPage.swift in Sources */ = {isa = PBXBuildFile; fileRef = 96F0547B2444D2EC000742E4 /* OnboardingLastPage.swift */; };
		96F165702E22DAC2000D4D77 /* InfoPlist.xcstrings in Resources */ = {isa = PBXBuildFile; fileRef = 96F1656F2E22DAC2000D4D77 /* InfoPlist.xcstrings */; };
		96F165722E22DB9C000D4D77 /* YandexMobileAds in Frameworks */ = {isa = PBXBuildFile; productRef = 96F165712E22DB9C000D4D77 /* YandexMobileAds */; };
/* End PBXBuildFile section */

/* Begin PBXContainerItemProxy section */
		961B95F72425EE92003EC992 /* PBXContainerItemProxy */ = {
			isa = PBXContainerItemProxy;
			containerPortal = 961B95D82425EE89003EC992 /* Project object */;
			proxyType = 1;
			remoteGlobalIDString = 961B95DF2425EE89003EC992;
			remoteInfo = DetectIt;
		};
		961B96022425EE92003EC992 /* PBXContainerItemProxy */ = {
			isa = PBXContainerItemProxy;
			containerPortal = 961B95D82425EE89003EC992 /* Project object */;
			proxyType = 1;
			remoteGlobalIDString = 961B95DF2425EE89003EC992;
			remoteInfo = DetectIt;
		};
/* End PBXContainerItemProxy section */

/* Begin PBXCopyFilesBuildPhase section */
		961B964D242600CF003EC992 /* Embed Frameworks */ = {
			isa = PBXCopyFilesBuildPhase;
			buildActionMask = 2147483647;
			dstPath = "";
			dstSubfolderSpec = 10;
			files = (
				96500E36242F0FDD005FFC7A /* DetectItUI.framework in Embed Frameworks */,
				961B964C242600CF003EC992 /* DetectItCore.framework in Embed Frameworks */,
			);
			name = "Embed Frameworks";
			runOnlyForDeploymentPostprocessing = 0;
		};
/* End PBXCopyFilesBuildPhase section */

/* Begin PBXFileReference section */
		372DFDFE2A4F13740024A32F /* SettingsScreen.swift */ = {isa = PBXFileReference; lastKnownFileType = sourcecode.swift; path = SettingsScreen.swift; sourceTree = "<group>"; };
		372DFE062A51F80F0024A32F /* MainScreenPictureView.swift */ = {isa = PBXFileReference; lastKnownFileType = sourcecode.swift; path = MainScreenPictureView.swift; sourceTree = "<group>"; };
		37420A7A2A5591FE001647F4 /* View+showTask.swift */ = {isa = PBXFileReference; lastKnownFileType = sourcecode.swift; path = "View+showTask.swift"; sourceTree = "<group>"; };
		37420A7F2A55B8EC001647F4 /* YandexMobileAdsBundle.bundle */ = {isa = PBXFileReference; lastKnownFileType = "wrapper.plug-in"; path = YandexMobileAdsBundle.bundle; sourceTree = "<group>"; };
		37420A822A56B60C001647F4 /* DailyTaskLimitManagerTests.swift */ = {isa = PBXFileReference; lastKnownFileType = sourcecode.swift; path = DailyTaskLimitManagerTests.swift; sourceTree = "<group>"; };
		37420A842A56BE91001647F4 /* DailyLimitExceededScreen.swift */ = {isa = PBXFileReference; lastKnownFileType = sourcecode.swift; path = DailyLimitExceededScreen.swift; sourceTree = "<group>"; };
		37420A862A56E0F5001647F4 /* MainAdsModel.swift */ = {isa = PBXFileReference; lastKnownFileType = sourcecode.swift; path = MainAdsModel.swift; sourceTree = "<group>"; };
		37420A882A56F536001647F4 /* DailyTaskLimitModel.swift */ = {isa = PBXFileReference; lastKnownFileType = sourcecode.swift; path = DailyTaskLimitModel.swift; sourceTree = "<group>"; };
		3782ED562A60422F000C46F4 /* MainScreenRouter.swift */ = {isa = PBXFileReference; lastKnownFileType = sourcecode.swift; path = MainScreenRouter.swift; sourceTree = "<group>"; };
		37A8BE562A3C8CA700257D8C /* MainScreenTopPanel.swift */ = {isa = PBXFileReference; lastKnownFileType = sourcecode.swift; path = MainScreenTopPanel.swift; sourceTree = "<group>"; };
		37A8BE5E2A3C9DF700257D8C /* MainFeedModel.swift */ = {isa = PBXFileReference; lastKnownFileType = sourcecode.swift; path = MainFeedModel.swift; sourceTree = "<group>"; };
		37D7DD362A36254E00AFDB2B /* Tasks */ = {isa = PBXFileReference; lastKnownFileType = folder; path = Tasks; sourceTree = "<group>"; };
		37D7DD3E2A36291100AFDB2B /* MainScreen.swift */ = {isa = PBXFileReference; lastKnownFileType = sourcecode.swift; path = MainScreen.swift; sourceTree = "<group>"; };
		37D7DD412A38F1BF00AFDB2B /* MainScreenTaskView.swift */ = {isa = PBXFileReference; lastKnownFileType = sourcecode.swift; path = MainScreenTaskView.swift; sourceTree = "<group>"; };
		9605432D244F73580083C217 /* HelpScreen.swift */ = {isa = PBXFileReference; lastKnownFileType = sourcecode.swift; path = HelpScreen.swift; sourceTree = "<group>"; };
		96054BF22455D2920083C217 /* DetectItAPI.framework */ = {isa = PBXFileReference; explicitFileType = wrapper.framework; path = DetectItAPI.framework; sourceTree = BUILT_PRODUCTS_DIR; };
		96054C1B2459A20F0083C217 /* en */ = {isa = PBXFileReference; lastKnownFileType = text.plist.strings; name = en; path = en.lproj/Localizable.strings; sourceTree = "<group>"; };
		96054C1D2459A22D0083C217 /* ru */ = {isa = PBXFileReference; lastKnownFileType = text.plist.strings; name = ru; path = ru.lproj/Localizable.strings; sourceTree = "<group>"; };
		9607EBB824C467C4006CD310 /* QuestTaskScreen+Setup.swift */ = {isa = PBXFileReference; lastKnownFileType = sourcecode.swift; path = "QuestTaskScreen+Setup.swift"; sourceTree = "<group>"; };
		9607EBBA24C4680A006CD310 /* QuestTaskScreen+DataLoading.swift */ = {isa = PBXFileReference; lastKnownFileType = sourcecode.swift; path = "QuestTaskScreen+DataLoading.swift"; sourceTree = "<group>"; };
		9607EBBC24C46C76006CD310 /* QuestTaskScreen+State.swift */ = {isa = PBXFileReference; lastKnownFileType = sourcecode.swift; path = "QuestTaskScreen+State.swift"; sourceTree = "<group>"; };
		9607EBBE24C478EA006CD310 /* QuestTaskScreen+Utils.swift */ = {isa = PBXFileReference; lastKnownFileType = sourcecode.swift; path = "QuestTaskScreen+Utils.swift"; sourceTree = "<group>"; };
		9615F95D24630A930070E2D3 /* ProfileTaskScreen+KeyboardHandler.swift */ = {isa = PBXFileReference; lastKnownFileType = sourcecode.swift; path = "ProfileTaskScreen+KeyboardHandler.swift"; sourceTree = "<group>"; };
		9615F95F24630B0D0070E2D3 /* ProfileTaskScreen+Setup.swift */ = {isa = PBXFileReference; lastKnownFileType = sourcecode.swift; path = "ProfileTaskScreen+Setup.swift"; sourceTree = "<group>"; };
		9615F96124630CF50070E2D3 /* ProfileTaskScreen+Utils.swift */ = {isa = PBXFileReference; lastKnownFileType = sourcecode.swift; path = "ProfileTaskScreen+Utils.swift"; sourceTree = "<group>"; };
		961B95E02425EE89003EC992 /* Detect.app */ = {isa = PBXFileReference; explicitFileType = wrapper.application; includeInIndex = 0; path = Detect.app; sourceTree = BUILT_PRODUCTS_DIR; };
		961B95E32425EE89003EC992 /* AppDelegate.swift */ = {isa = PBXFileReference; lastKnownFileType = sourcecode.swift; path = AppDelegate.swift; sourceTree = "<group>"; };
		961B95E52425EE89003EC992 /* SceneDelegate.swift */ = {isa = PBXFileReference; lastKnownFileType = sourcecode.swift; path = SceneDelegate.swift; sourceTree = "<group>"; };
		961B95EC2425EE92003EC992 /* Assets.xcassets */ = {isa = PBXFileReference; lastKnownFileType = folder.assetcatalog; path = Assets.xcassets; sourceTree = "<group>"; };
		961B95EF2425EE92003EC992 /* Base */ = {isa = PBXFileReference; lastKnownFileType = file.storyboard; name = Base; path = Base.lproj/LaunchScreen.storyboard; sourceTree = "<group>"; };
		961B95F12425EE92003EC992 /* Info.plist */ = {isa = PBXFileReference; lastKnownFileType = text.plist.xml; path = Info.plist; sourceTree = "<group>"; };
		961B95F62425EE92003EC992 /* DetectItTests.xctest */ = {isa = PBXFileReference; explicitFileType = wrapper.cfbundle; includeInIndex = 0; path = DetectItTests.xctest; sourceTree = BUILT_PRODUCTS_DIR; };
		961B95FC2425EE92003EC992 /* Info.plist */ = {isa = PBXFileReference; lastKnownFileType = text.plist.xml; path = Info.plist; sourceTree = "<group>"; };
		961B96012425EE92003EC992 /* DetectItUITests.xctest */ = {isa = PBXFileReference; explicitFileType = wrapper.cfbundle; includeInIndex = 0; path = DetectItUITests.xctest; sourceTree = BUILT_PRODUCTS_DIR; };
		961B96052425EE92003EC992 /* DetectItUITests.swift */ = {isa = PBXFileReference; lastKnownFileType = sourcecode.swift; path = DetectItUITests.swift; sourceTree = "<group>"; };
		961B96072425EE92003EC992 /* Info.plist */ = {isa = PBXFileReference; lastKnownFileType = text.plist.xml; path = Info.plist; sourceTree = "<group>"; };
		961B964A242600CF003EC992 /* DetectItCore.framework */ = {isa = PBXFileReference; explicitFileType = wrapper.framework; path = DetectItCore.framework; sourceTree = BUILT_PRODUCTS_DIR; };
		961DE270247941DA00008AAB /* MainScreenUITests.swift */ = {isa = PBXFileReference; lastKnownFileType = sourcecode.swift; path = MainScreenUITests.swift; sourceTree = "<group>"; };
		961DE2762479465600008AAB /* DetectItTests.swift */ = {isa = PBXFileReference; lastKnownFileType = sourcecode.swift; path = DetectItTests.swift; sourceTree = "<group>"; };
		961DE278247D380E00008AAB /* CommandLineArguments.swift */ = {isa = PBXFileReference; lastKnownFileType = sourcecode.swift; path = CommandLineArguments.swift; sourceTree = "<group>"; };
		961EEDF5243F834800462CD3 /* ProfileTaskScreen+State.swift */ = {isa = PBXFileReference; lastKnownFileType = sourcecode.swift; path = "ProfileTaskScreen+State.swift"; sourceTree = "<group>"; };
		96200CAE244195ED00A3C720 /* PhotoViewerScreen.swift */ = {isa = PBXFileReference; lastKnownFileType = sourcecode.swift; path = PhotoViewerScreen.swift; sourceTree = "<group>"; };
		9627E7D62512AF21007ACEBA /* TasksOnboardingScreen.swift */ = {isa = PBXFileReference; lastKnownFileType = sourcecode.swift; path = TasksOnboardingScreen.swift; sourceTree = "<group>"; };
		96346F0F249413A400A815F2 /* FullVersionPurchaseScreen.swift */ = {isa = PBXFileReference; lastKnownFileType = sourcecode.swift; path = FullVersionPurchaseScreen.swift; sourceTree = "<group>"; };
		963F56CB24EF04D1002B949F /* TaskNotesScreen.swift */ = {isa = PBXFileReference; lastKnownFileType = sourcecode.swift; path = TaskNotesScreen.swift; sourceTree = "<group>"; };
		96500E34242F0FDD005FFC7A /* DetectItUI.framework */ = {isa = PBXFileReference; explicitFileType = wrapper.framework; path = DetectItUI.framework; sourceTree = BUILT_PRODUCTS_DIR; };
		965AC7D22438BA19003A3DC7 /* ProfileTaskScreen.swift */ = {isa = PBXFileReference; lastKnownFileType = sourcecode.swift; path = ProfileTaskScreen.swift; sourceTree = "<group>"; };
		965AC7D42438BA26003A3DC7 /* QuestTaskScreen.swift */ = {isa = PBXFileReference; lastKnownFileType = sourcecode.swift; path = QuestTaskScreen.swift; sourceTree = "<group>"; };
		965F2566267A7D2A00106F13 /* CompletedTasksScreen.swift */ = {isa = PBXFileReference; lastKnownFileType = sourcecode.swift; path = CompletedTasksScreen.swift; sourceTree = "<group>"; };
		969C825925B4CA52008D9E72 /* FullVersionManager.swift */ = {isa = PBXFileReference; lastKnownFileType = sourcecode.swift; path = FullVersionManager.swift; sourceTree = "<group>"; };
		96A5C65B274A2B5E0056DC09 /* QuestTaskChapterView.swift */ = {isa = PBXFileReference; fileEncoding = 4; lastKnownFileType = sourcecode.swift; path = QuestTaskChapterView.swift; sourceTree = "<group>"; };
		96A5C65C274A2B5E0056DC09 /* QuestTaskChapterActionsView.swift */ = {isa = PBXFileReference; fileEncoding = 4; lastKnownFileType = sourcecode.swift; path = QuestTaskChapterActionsView.swift; sourceTree = "<group>"; };
		96A5C65D274A2B5E0056DC09 /* QuestTaskScreenView.swift */ = {isa = PBXFileReference; fileEncoding = 4; lastKnownFileType = sourcecode.swift; path = QuestTaskScreenView.swift; sourceTree = "<group>"; };
		96A5C6B7274A2C9A0056DC09 /* ProfileTaskAnswerCell.swift */ = {isa = PBXFileReference; fileEncoding = 4; lastKnownFileType = sourcecode.swift; path = ProfileTaskAnswerCell.swift; sourceTree = "<group>"; };
		96A5C6B8274A2C9A0056DC09 /* ProfileTaskAnyAnswerCell.swift */ = {isa = PBXFileReference; fileEncoding = 4; lastKnownFileType = sourcecode.swift; path = ProfileTaskAnyAnswerCell.swift; sourceTree = "<group>"; };
		96A5C6B9274A2C9A0056DC09 /* ProfileTaskVariantsQuestionCell.swift */ = {isa = PBXFileReference; fileEncoding = 4; lastKnownFileType = sourcecode.swift; path = ProfileTaskVariantsQuestionCell.swift; sourceTree = "<group>"; };
		96A5C6BA274A2C9A0056DC09 /* ProfileTaskExactAnswerQuestionCell.swift */ = {isa = PBXFileReference; fileEncoding = 4; lastKnownFileType = sourcecode.swift; path = ProfileTaskExactAnswerQuestionCell.swift; sourceTree = "<group>"; };
		96A5C6BD274A2C9A0056DC09 /* ProfileCaseCell.swift */ = {isa = PBXFileReference; fileEncoding = 4; lastKnownFileType = sourcecode.swift; path = ProfileCaseCell.swift; sourceTree = "<group>"; };
		96A5C6BE274A2C9A0056DC09 /* ProfileTaskBoolAnswerQuestionCell.swift */ = {isa = PBXFileReference; fileEncoding = 4; lastKnownFileType = sourcecode.swift; path = ProfileTaskBoolAnswerQuestionCell.swift; sourceTree = "<group>"; };
		96A5C6BF274A2C9A0056DC09 /* ProfileTaskNumberQuestionCell.swift */ = {isa = PBXFileReference; fileEncoding = 4; lastKnownFileType = sourcecode.swift; path = ProfileTaskNumberQuestionCell.swift; sourceTree = "<group>"; };
		96A5C6C0274A2C9A0056DC09 /* ProfilePrepositionCell.swift */ = {isa = PBXFileReference; fileEncoding = 4; lastKnownFileType = sourcecode.swift; path = ProfilePrepositionCell.swift; sourceTree = "<group>"; };
		96A5C6C2274A2C9A0056DC09 /* ProfileView.swift */ = {isa = PBXFileReference; fileEncoding = 4; lastKnownFileType = sourcecode.swift; path = ProfileView.swift; sourceTree = "<group>"; };
		96A5C6C3274A2C9A0056DC09 /* ProfileReportView.swift */ = {isa = PBXFileReference; fileEncoding = 4; lastKnownFileType = sourcecode.swift; path = ProfileReportView.swift; sourceTree = "<group>"; };
		96A5C6C4274A2C9A0056DC09 /* ProfileHiddenCrimeDescriptionView.swift */ = {isa = PBXFileReference; fileEncoding = 4; lastKnownFileType = sourcecode.swift; path = ProfileHiddenCrimeDescriptionView.swift; sourceTree = "<group>"; };
		96A5C6C5274A2C9A0056DC09 /* ProfileTaskScreenView.swift */ = {isa = PBXFileReference; fileEncoding = 4; lastKnownFileType = sourcecode.swift; path = ProfileTaskScreenView.swift; sourceTree = "<group>"; };
		96A5C6D5274A31CE0056DC09 /* BlitzTaskScreen.swift */ = {isa = PBXFileReference; lastKnownFileType = sourcecode.swift; path = BlitzTaskScreen.swift; sourceTree = "<group>"; };
		96A5C6D7274A328B0056DC09 /* BlitzTaskScreen+State.swift */ = {isa = PBXFileReference; lastKnownFileType = sourcecode.swift; path = "BlitzTaskScreen+State.swift"; sourceTree = "<group>"; };
		96A5C6D9274A34900056DC09 /* BlitzTaskScreen+Setup.swift */ = {isa = PBXFileReference; lastKnownFileType = sourcecode.swift; path = "BlitzTaskScreen+Setup.swift"; sourceTree = "<group>"; };
		96A5C6DC274A34DB0056DC09 /* BlitzTaskScreenView.swift */ = {isa = PBXFileReference; lastKnownFileType = sourcecode.swift; path = BlitzTaskScreenView.swift; sourceTree = "<group>"; };
		96A5C6DE274A3A650056DC09 /* BlitzTaskScreen+DataLoading.swift */ = {isa = PBXFileReference; lastKnownFileType = sourcecode.swift; path = "BlitzTaskScreen+DataLoading.swift"; sourceTree = "<group>"; };
		96A5C6E0274A3A750056DC09 /* BlitzTaskScreen+KeyboardHandler.swift */ = {isa = PBXFileReference; lastKnownFileType = sourcecode.swift; path = "BlitzTaskScreen+KeyboardHandler.swift"; sourceTree = "<group>"; };
		96A5C6E2274A3A9D0056DC09 /* BlitzTaskScreen+Utils.swift */ = {isa = PBXFileReference; lastKnownFileType = sourcecode.swift; path = "BlitzTaskScreen+Utils.swift"; sourceTree = "<group>"; };
		96AAB00B243F3BC800F61443 /* ProfileTaskScreen+DataLoading.swift */ = {isa = PBXFileReference; lastKnownFileType = sourcecode.swift; path = "ProfileTaskScreen+DataLoading.swift"; sourceTree = "<group>"; };
		96B32E5C25B4D2CF00D0814F /* Detect.entitlements */ = {isa = PBXFileReference; lastKnownFileType = text.plist.entitlements; path = Detect.entitlements; sourceTree = "<group>"; };
		96B3352B25BC63F800D0814F /* SplashScreen.swift */ = {isa = PBXFileReference; lastKnownFileType = sourcecode.swift; path = SplashScreen.swift; sourceTree = "<group>"; };
		96B3353625C0770500D0814F /* Analytics.swift */ = {isa = PBXFileReference; lastKnownFileType = sourcecode.swift; path = Analytics.swift; sourceTree = "<group>"; };
		96CE5B302C445C7C00272677 /* CipherTaskScreen.swift */ = {isa = PBXFileReference; lastKnownFileType = sourcecode.swift; path = CipherTaskScreen.swift; sourceTree = "<group>"; };
		96D555A02C6BC34700A6C1AD /* PhotoViewerScreenSUI.swift */ = {isa = PBXFileReference; lastKnownFileType = sourcecode.swift; path = PhotoViewerScreenSUI.swift; sourceTree = "<group>"; };
		96F054742444AB0C000742E4 /* DebugMenuScreen.swift */ = {isa = PBXFileReference; lastKnownFileType = sourcecode.swift; path = DebugMenuScreen.swift; sourceTree = "<group>"; };
		96F054772444C60E000742E4 /* OnboardingScreen.swift */ = {isa = PBXFileReference; lastKnownFileType = sourcecode.swift; path = OnboardingScreen.swift; sourceTree = "<group>"; };
		96F054792444CD77000742E4 /* OnboardingPage.swift */ = {isa = PBXFileReference; lastKnownFileType = sourcecode.swift; path = OnboardingPage.swift; sourceTree = "<group>"; };
		96F0547B2444D2EC000742E4 /* OnboardingLastPage.swift */ = {isa = PBXFileReference; lastKnownFileType = sourcecode.swift; path = OnboardingLastPage.swift; sourceTree = "<group>"; };
		96F1656F2E22DAC2000D4D77 /* InfoPlist.xcstrings */ = {isa = PBXFileReference; lastKnownFileType = text.json.xcstrings; path = InfoPlist.xcstrings; sourceTree = "<group>"; };
/* End PBXFileReference section */

/* Begin PBXFrameworksBuildPhase section */
		961B95DD2425EE89003EC992 /* Frameworks */ = {
			isa = PBXFrameworksBuildPhase;
			buildActionMask = 2147483647;
			files = (
				96F165722E22DB9C000D4D77 /* YandexMobileAds in Frameworks */,
				965F2559267A6EC900106F13 /* SwiftyStoreKit in Frameworks */,
				96500E35242F0FDD005FFC7A /* DetectItUI.framework in Frameworks */,
				961B964B242600CF003EC992 /* DetectItCore.framework in Frameworks */,
			);
			runOnlyForDeploymentPostprocessing = 0;
		};
		961B95F32425EE92003EC992 /* Frameworks */ = {
			isa = PBXFrameworksBuildPhase;
			buildActionMask = 2147483647;
			files = (
			);
			runOnlyForDeploymentPostprocessing = 0;
		};
		961B95FE2425EE92003EC992 /* Frameworks */ = {
			isa = PBXFrameworksBuildPhase;
			buildActionMask = 2147483647;
			files = (
			);
			runOnlyForDeploymentPostprocessing = 0;
		};
/* End PBXFrameworksBuildPhase section */

/* Begin PBXGroup section */
		37420A792A5591D5001647F4 /* Routes */ = {
			isa = PBXGroup;
			children = (
				37420A7A2A5591FE001647F4 /* View+showTask.swift */,
			);
			path = Routes;
			sourceTree = "<group>";
		};
		37D7DD3D2A3628FF00AFDB2B /* Main */ = {
			isa = PBXGroup;
			children = (
				37D7DD402A38F1AE00AFDB2B /* Subviews */,
				37D7DD3E2A36291100AFDB2B /* MainScreen.swift */,
				37A8BE5E2A3C9DF700257D8C /* MainFeedModel.swift */,
				37420A842A56BE91001647F4 /* DailyLimitExceededScreen.swift */,
				37420A862A56E0F5001647F4 /* MainAdsModel.swift */,
				37420A882A56F536001647F4 /* DailyTaskLimitModel.swift */,
				3782ED562A60422F000C46F4 /* MainScreenRouter.swift */,
			);
			path = Main;
			sourceTree = "<group>";
		};
		37D7DD402A38F1AE00AFDB2B /* Subviews */ = {
			isa = PBXGroup;
			children = (
				37D7DD412A38F1BF00AFDB2B /* MainScreenTaskView.swift */,
				37A8BE562A3C8CA700257D8C /* MainScreenTopPanel.swift */,
				372DFE062A51F80F0024A32F /* MainScreenPictureView.swift */,
			);
			path = Subviews;
			sourceTree = "<group>";
		};
		9605432C244F73430083C217 /* Help */ = {
			isa = PBXGroup;
			children = (
				9605432D244F73580083C217 /* HelpScreen.swift */,
			);
			path = Help;
			sourceTree = "<group>";
		};
		96054C212459CA980083C217 /* Cipher */ = {
			isa = PBXGroup;
			children = (
				96CE5B302C445C7C00272677 /* CipherTaskScreen.swift */,
			);
			path = Cipher;
			sourceTree = "<group>";
		};
		9607EBB524C466EF006CD310 /* Quest */ = {
			isa = PBXGroup;
			children = (
				96A5C65A274A2B460056DC09 /* View */,
				965AC7D42438BA26003A3DC7 /* QuestTaskScreen.swift */,
				9607EBBC24C46C76006CD310 /* QuestTaskScreen+State.swift */,
				9607EBB824C467C4006CD310 /* QuestTaskScreen+Setup.swift */,
				9607EBBA24C4680A006CD310 /* QuestTaskScreen+DataLoading.swift */,
				9607EBBE24C478EA006CD310 /* QuestTaskScreen+Utils.swift */,
			);
			path = Quest;
			sourceTree = "<group>";
		};
		961B95D72425EE89003EC992 = {
			isa = PBXGroup;
			children = (
				961B95E22425EE89003EC992 /* DetectIt */,
				961B95F92425EE92003EC992 /* DetectItTests */,
				961B96042425EE92003EC992 /* DetectItUITests */,
				961B95E12425EE89003EC992 /* Products */,
				961B9649242600CF003EC992 /* Frameworks */,
			);
			sourceTree = "<group>";
		};
		961B95E12425EE89003EC992 /* Products */ = {
			isa = PBXGroup;
			children = (
				961B95E02425EE89003EC992 /* Detect.app */,
				961B95F62425EE92003EC992 /* DetectItTests.xctest */,
				961B96012425EE92003EC992 /* DetectItUITests.xctest */,
			);
			name = Products;
			sourceTree = "<group>";
		};
		961B95E22425EE89003EC992 /* DetectIt */ = {
			isa = PBXGroup;
			children = (
				96B32E5C25B4D2CF00D0814F /* Detect.entitlements */,
				961B96132425EED0003EC992 /* Sources */,
				961B96142425EED8003EC992 /* Resources */,
				961B96152425EEDD003EC992 /* Support files */,
			);
			path = DetectIt;
			sourceTree = "<group>";
		};
		961B95F92425EE92003EC992 /* DetectItTests */ = {
			isa = PBXGroup;
			children = (
				961DE2762479465600008AAB /* DetectItTests.swift */,
				961B95FC2425EE92003EC992 /* Info.plist */,
				37420A822A56B60C001647F4 /* DailyTaskLimitManagerTests.swift */,
			);
			path = DetectItTests;
			sourceTree = "<group>";
		};
		961B96042425EE92003EC992 /* DetectItUITests */ = {
			isa = PBXGroup;
			children = (
				961B96052425EE92003EC992 /* DetectItUITests.swift */,
				961DE270247941DA00008AAB /* MainScreenUITests.swift */,
				961B96072425EE92003EC992 /* Info.plist */,
			);
			path = DetectItUITests;
			sourceTree = "<group>";
		};
		961B96132425EED0003EC992 /* Sources */ = {
			isa = PBXGroup;
			children = (
				961B96162425EF05003EC992 /* Application layer */,
				961B96182425EF67003EC992 /* Presentation layer */,
			);
			path = Sources;
			sourceTree = "<group>";
		};
		961B96142425EED8003EC992 /* Resources */ = {
			isa = PBXGroup;
			children = (
				37D7DD362A36254E00AFDB2B /* Tasks */,
				961B95EC2425EE92003EC992 /* Assets.xcassets */,
				961B95EE2425EE92003EC992 /* LaunchScreen.storyboard */,
				96054C1C2459A20F0083C217 /* Localizable.strings */,
				96F1656F2E22DAC2000D4D77 /* InfoPlist.xcstrings */,
			);
			path = Resources;
			sourceTree = "<group>";
		};
		961B96152425EEDD003EC992 /* Support files */ = {
			isa = PBXGroup;
			children = (
				37420A7F2A55B8EC001647F4 /* YandexMobileAdsBundle.bundle */,
				961B95F12425EE92003EC992 /* Info.plist */,
			);
			path = "Support files";
			sourceTree = "<group>";
		};
		961B96162425EF05003EC992 /* Application layer */ = {
			isa = PBXGroup;
			children = (
				961B95E32425EE89003EC992 /* AppDelegate.swift */,
				961B95E52425EE89003EC992 /* SceneDelegate.swift */,
				961DE278247D380E00008AAB /* CommandLineArguments.swift */,
				96B3353625C0770500D0814F /* Analytics.swift */,
			);
			path = "Application layer";
			sourceTree = "<group>";
		};
		961B96182425EF67003EC992 /* Presentation layer */ = {
			isa = PBXGroup;
			children = (
				37420A792A5591D5001647F4 /* Routes */,
				96500E822434FD0F005FFC7A /* Screens */,
			);
			path = "Presentation layer";
			sourceTree = "<group>";
		};
		961B9649242600CF003EC992 /* Frameworks */ = {
			isa = PBXGroup;
			children = (
				96054BF22455D2920083C217 /* DetectItAPI.framework */,
				96500E34242F0FDD005FFC7A /* DetectItUI.framework */,
				961B964A242600CF003EC992 /* DetectItCore.framework */,
			);
			name = Frameworks;
			sourceTree = "<group>";
		};
		96200CAD244195C700A3C720 /* PhotoViewerScreen */ = {
			isa = PBXGroup;
			children = (
				96D555A02C6BC34700A6C1AD /* PhotoViewerScreenSUI.swift */,
				96200CAE244195ED00A3C720 /* PhotoViewerScreen.swift */,
			);
			path = PhotoViewerScreen;
			sourceTree = "<group>";
		};
		96346F0E2494137700A815F2 /* FullVersionPurchase */ = {
			isa = PBXGroup;
			children = (
				969C825925B4CA52008D9E72 /* FullVersionManager.swift */,
				96346F0F249413A400A815F2 /* FullVersionPurchaseScreen.swift */,
			);
			path = FullVersionPurchase;
			sourceTree = "<group>";
		};
		963F56CA24EF04B3002B949F /* TaskNotes */ = {
			isa = PBXGroup;
			children = (
				963F56CB24EF04D1002B949F /* TaskNotesScreen.swift */,
			);
			path = TaskNotes;
			sourceTree = "<group>";
		};
		964E2E39249E069B0027F738 /* Settings */ = {
			isa = PBXGroup;
			children = (
				372DFDFE2A4F13740024A32F /* SettingsScreen.swift */,
			);
			path = Settings;
			sourceTree = "<group>";
		};
		96500E822434FD0F005FFC7A /* Screens */ = {
			isa = PBXGroup;
			children = (
				37D7DD3D2A3628FF00AFDB2B /* Main */,
				96B3352A25BC63DD00D0814F /* SplashScreen */,
				96346F0E2494137700A815F2 /* FullVersionPurchase */,
				96F054762444C374000742E4 /* Onboarding */,
				964E2E39249E069B0027F738 /* Settings */,
				965F2565267A7D0B00106F13 /* CompletedTasks */,
				965AC7CB2438B9B7003A3DC7 /* Task screens */,
				963F56CA24EF04B3002B949F /* TaskNotes */,
				96200CAD244195C700A3C720 /* PhotoViewerScreen */,
				9605432C244F73430083C217 /* Help */,
				96F054732444AAFA000742E4 /* DebugMenu */,
			);
			path = Screens;
			sourceTree = "<group>";
		};
		965AC7CB2438B9B7003A3DC7 /* Task screens */ = {
			isa = PBXGroup;
			children = (
				96054C212459CA980083C217 /* Cipher */,
				96AAB00A243F3BB100F61443 /* Profile */,
				96A5C6D4274A2EBF0056DC09 /* Blitz */,
				9607EBB524C466EF006CD310 /* Quest */,
			);
			path = "Task screens";
			sourceTree = "<group>";
		};
		965F2565267A7D0B00106F13 /* CompletedTasks */ = {
			isa = PBXGroup;
			children = (
				965F2566267A7D2A00106F13 /* CompletedTasksScreen.swift */,
			);
			path = CompletedTasks;
			sourceTree = "<group>";
		};
		96A5C659274A2B410056DC09 /* View */ = {
			isa = PBXGroup;
			children = (
				96A5C6B6274A2C9A0056DC09 /* Cells */,
				96A5C6C1274A2C9A0056DC09 /* Views */,
				96A5C6C5274A2C9A0056DC09 /* ProfileTaskScreenView.swift */,
			);
			path = View;
			sourceTree = "<group>";
		};
		96A5C65A274A2B460056DC09 /* View */ = {
			isa = PBXGroup;
			children = (
				96A5C65B274A2B5E0056DC09 /* QuestTaskChapterView.swift */,
				96A5C65C274A2B5E0056DC09 /* QuestTaskChapterActionsView.swift */,
				96A5C65D274A2B5E0056DC09 /* QuestTaskScreenView.swift */,
			);
			path = View;
			sourceTree = "<group>";
		};
		96A5C6B6274A2C9A0056DC09 /* Cells */ = {
			isa = PBXGroup;
			children = (
				96A5C6B7274A2C9A0056DC09 /* ProfileTaskAnswerCell.swift */,
				96A5C6B8274A2C9A0056DC09 /* ProfileTaskAnyAnswerCell.swift */,
				96A5C6B9274A2C9A0056DC09 /* ProfileTaskVariantsQuestionCell.swift */,
				96A5C6BA274A2C9A0056DC09 /* ProfileTaskExactAnswerQuestionCell.swift */,
				96A5C6BD274A2C9A0056DC09 /* ProfileCaseCell.swift */,
				96A5C6BE274A2C9A0056DC09 /* ProfileTaskBoolAnswerQuestionCell.swift */,
				96A5C6BF274A2C9A0056DC09 /* ProfileTaskNumberQuestionCell.swift */,
				96A5C6C0274A2C9A0056DC09 /* ProfilePrepositionCell.swift */,
			);
			path = Cells;
			sourceTree = "<group>";
		};
		96A5C6C1274A2C9A0056DC09 /* Views */ = {
			isa = PBXGroup;
			children = (
				96A5C6C2274A2C9A0056DC09 /* ProfileView.swift */,
				96A5C6C3274A2C9A0056DC09 /* ProfileReportView.swift */,
				96A5C6C4274A2C9A0056DC09 /* ProfileHiddenCrimeDescriptionView.swift */,
			);
			path = Views;
			sourceTree = "<group>";
		};
		96A5C6D4274A2EBF0056DC09 /* Blitz */ = {
			isa = PBXGroup;
			children = (
				96A5C6DB274A34C50056DC09 /* View */,
				96A5C6D5274A31CE0056DC09 /* BlitzTaskScreen.swift */,
				96A5C6D7274A328B0056DC09 /* BlitzTaskScreen+State.swift */,
				96A5C6D9274A34900056DC09 /* BlitzTaskScreen+Setup.swift */,
				96A5C6DE274A3A650056DC09 /* BlitzTaskScreen+DataLoading.swift */,
				96A5C6E0274A3A750056DC09 /* BlitzTaskScreen+KeyboardHandler.swift */,
				96A5C6E2274A3A9D0056DC09 /* BlitzTaskScreen+Utils.swift */,
			);
			path = Blitz;
			sourceTree = "<group>";
		};
		96A5C6DB274A34C50056DC09 /* View */ = {
			isa = PBXGroup;
			children = (
				96A5C6DC274A34DB0056DC09 /* BlitzTaskScreenView.swift */,
			);
			path = View;
			sourceTree = "<group>";
		};
		96AAB00A243F3BB100F61443 /* Profile */ = {
			isa = PBXGroup;
			children = (
				96A5C659274A2B410056DC09 /* View */,
				965AC7D22438BA19003A3DC7 /* ProfileTaskScreen.swift */,
				961EEDF5243F834800462CD3 /* ProfileTaskScreen+State.swift */,
				9615F95F24630B0D0070E2D3 /* ProfileTaskScreen+Setup.swift */,
				96AAB00B243F3BC800F61443 /* ProfileTaskScreen+DataLoading.swift */,
				9615F95D24630A930070E2D3 /* ProfileTaskScreen+KeyboardHandler.swift */,
				9615F96124630CF50070E2D3 /* ProfileTaskScreen+Utils.swift */,
			);
			path = Profile;
			sourceTree = "<group>";
		};
		96B3352A25BC63DD00D0814F /* SplashScreen */ = {
			isa = PBXGroup;
			children = (
				96B3352B25BC63F800D0814F /* SplashScreen.swift */,
			);
			path = SplashScreen;
			sourceTree = "<group>";
		};
		96F054732444AAFA000742E4 /* DebugMenu */ = {
			isa = PBXGroup;
			children = (
				96F054742444AB0C000742E4 /* DebugMenuScreen.swift */,
			);
			path = DebugMenu;
			sourceTree = "<group>";
		};
		96F054762444C374000742E4 /* Onboarding */ = {
			isa = PBXGroup;
			children = (
				96F054772444C60E000742E4 /* OnboardingScreen.swift */,
				96F054792444CD77000742E4 /* OnboardingPage.swift */,
				96F0547B2444D2EC000742E4 /* OnboardingLastPage.swift */,
				9627E7D62512AF21007ACEBA /* TasksOnboardingScreen.swift */,
			);
			path = Onboarding;
			sourceTree = "<group>";
		};
/* End PBXGroup section */

/* Begin PBXNativeTarget section */
		961B95DF2425EE89003EC992 /* Sharashka */ = {
			isa = PBXNativeTarget;
			buildConfigurationList = 961B960A2425EE92003EC992 /* Build configuration list for PBXNativeTarget "Sharashka" */;
			buildPhases = (
				961B95DC2425EE89003EC992 /* Sources */,
				961B95DD2425EE89003EC992 /* Frameworks */,
				961B95DE2425EE89003EC992 /* Resources */,
				961B964D242600CF003EC992 /* Embed Frameworks */,
			);
			buildRules = (
			);
			dependencies = (
			);
			name = Sharashka;
			packageProductDependencies = (
				965F2558267A6EC900106F13 /* SwiftyStoreKit */,
				96F165712E22DB9C000D4D77 /* YandexMobileAds */,
			);
			productName = DetectIt;
			productReference = 961B95E02425EE89003EC992 /* Detect.app */;
			productType = "com.apple.product-type.application";
		};
		961B95F52425EE92003EC992 /* DetectItTests */ = {
			isa = PBXNativeTarget;
			buildConfigurationList = 961B960D2425EE92003EC992 /* Build configuration list for PBXNativeTarget "DetectItTests" */;
			buildPhases = (
				961B95F22425EE92003EC992 /* Sources */,
				961B95F32425EE92003EC992 /* Frameworks */,
				961B95F42425EE92003EC992 /* Resources */,
			);
			buildRules = (
			);
			dependencies = (
				961B95F82425EE92003EC992 /* PBXTargetDependency */,
			);
			name = DetectItTests;
			productName = DetectItTests;
			productReference = 961B95F62425EE92003EC992 /* DetectItTests.xctest */;
			productType = "com.apple.product-type.bundle.unit-test";
		};
		961B96002425EE92003EC992 /* DetectItUITests */ = {
			isa = PBXNativeTarget;
			buildConfigurationList = 961B96102425EE92003EC992 /* Build configuration list for PBXNativeTarget "DetectItUITests" */;
			buildPhases = (
				961B95FD2425EE92003EC992 /* Sources */,
				961B95FE2425EE92003EC992 /* Frameworks */,
				961B95FF2425EE92003EC992 /* Resources */,
			);
			buildRules = (
			);
			dependencies = (
				961B96032425EE92003EC992 /* PBXTargetDependency */,
			);
			name = DetectItUITests;
			productName = DetectItUITests;
			productReference = 961B96012425EE92003EC992 /* DetectItUITests.xctest */;
			productType = "com.apple.product-type.bundle.ui-testing";
		};
/* End PBXNativeTarget section */

/* Begin PBXProject section */
		961B95D82425EE89003EC992 /* Project object */ = {
			isa = PBXProject;
			attributes = {
				LastSwiftUpdateCheck = 1130;
				LastUpgradeCheck = 1240;
				ORGANIZATIONNAME = Mesterra;
				TargetAttributes = {
					961B95DF2425EE89003EC992 = {
						CreatedOnToolsVersion = 11.3.1;
					};
					961B95F52425EE92003EC992 = {
						CreatedOnToolsVersion = 11.3.1;
						LastSwiftMigration = 1130;
						TestTargetID = 961B95DF2425EE89003EC992;
					};
					961B96002425EE92003EC992 = {
						CreatedOnToolsVersion = 11.3.1;
						TestTargetID = 961B95DF2425EE89003EC992;
					};
				};
			};
			buildConfigurationList = 961B95DB2425EE89003EC992 /* Build configuration list for PBXProject "DetectIt" */;
			compatibilityVersion = "Xcode 9.3";
			developmentRegion = en;
			hasScannedForEncodings = 0;
			knownRegions = (
				en,
				Base,
				ru,
			);
			mainGroup = 961B95D72425EE89003EC992;
			packageReferences = (
				965F2557267A6EC900106F13 /* XCRemoteSwiftPackageReference "SwiftyStoreKit" */,
				37420A7C2A55B823001647F4 /* XCRemoteSwiftPackageReference "yandex-ads-sdk-ios" */,
			);
			productRefGroup = 961B95E12425EE89003EC992 /* Products */;
			projectDirPath = "";
			projectRoot = "";
			targets = (
				961B95DF2425EE89003EC992 /* Sharashka */,
				961B95F52425EE92003EC992 /* DetectItTests */,
				961B96002425EE92003EC992 /* DetectItUITests */,
			);
		};
/* End PBXProject section */

/* Begin PBXResourcesBuildPhase section */
		961B95DE2425EE89003EC992 /* Resources */ = {
			isa = PBXResourcesBuildPhase;
			buildActionMask = 2147483647;
			files = (
				96F165702E22DAC2000D4D77 /* InfoPlist.xcstrings in Resources */,
				96054C1A2459A20F0083C217 /* Localizable.strings in Resources */,
				37420A812A55B8F8001647F4 /* YandexMobileAdsBundle.bundle in Resources */,
				961B95F02425EE92003EC992 /* LaunchScreen.storyboard in Resources */,
				37D7DD372A36254E00AFDB2B /* Tasks in Resources */,
				961B95ED2425EE92003EC992 /* Assets.xcassets in Resources */,
			);
			runOnlyForDeploymentPostprocessing = 0;
		};
		961B95F42425EE92003EC992 /* Resources */ = {
			isa = PBXResourcesBuildPhase;
			buildActionMask = 2147483647;
			files = (
			);
			runOnlyForDeploymentPostprocessing = 0;
		};
		961B95FF2425EE92003EC992 /* Resources */ = {
			isa = PBXResourcesBuildPhase;
			buildActionMask = 2147483647;
			files = (
			);
			runOnlyForDeploymentPostprocessing = 0;
		};
/* End PBXResourcesBuildPhase section */

/* Begin PBXSourcesBuildPhase section */
		961B95DC2425EE89003EC992 /* Sources */ = {
			isa = PBXSourcesBuildPhase;
			buildActionMask = 2147483647;
			files = (
				96A5C6DA274A34900056DC09 /* BlitzTaskScreen+Setup.swift in Sources */,
				96CE5B312C445C8A00272677 /* CipherTaskScreen.swift in Sources */,
				96A5C6D8274A328B0056DC09 /* BlitzTaskScreen+State.swift in Sources */,
				96A5C6D2274A2C9A0056DC09 /* ProfileHiddenCrimeDescriptionView.swift in Sources */,
				965F2567267A7D2A00106F13 /* CompletedTasksScreen.swift in Sources */,
				96B3352C25BC63F800D0814F /* SplashScreen.swift in Sources */,
				9607EBBB24C4680A006CD310 /* QuestTaskScreen+DataLoading.swift in Sources */,
				37A8BE572A3C8CA700257D8C /* MainScreenTopPanel.swift in Sources */,
				96346F10249413A400A815F2 /* FullVersionPurchaseScreen.swift in Sources */,
				96A5C660274A2B5E0056DC09 /* QuestTaskScreenView.swift in Sources */,
				37D7DD3F2A36291100AFDB2B /* MainScreen.swift in Sources */,
				963F56CC24EF04D1002B949F /* TaskNotesScreen.swift in Sources */,
				96A5C6CF274A2C9A0056DC09 /* ProfilePrepositionCell.swift in Sources */,
				96A5C6C9274A2C9A0056DC09 /* ProfileTaskExactAnswerQuestionCell.swift in Sources */,
				961B95E42425EE89003EC992 /* AppDelegate.swift in Sources */,
				96200CAF244195ED00A3C720 /* PhotoViewerScreen.swift in Sources */,
				96A5C65E274A2B5E0056DC09 /* QuestTaskChapterView.swift in Sources */,
				96F054782444C60E000742E4 /* OnboardingScreen.swift in Sources */,
				37420A7B2A5591FE001647F4 /* View+showTask.swift in Sources */,
				37D7DD422A38F1BF00AFDB2B /* MainScreenTaskView.swift in Sources */,
				96A5C6C6274A2C9A0056DC09 /* ProfileTaskAnswerCell.swift in Sources */,
				96A5C6D1274A2C9A0056DC09 /* ProfileReportView.swift in Sources */,
				96A5C6C8274A2C9A0056DC09 /* ProfileTaskVariantsQuestionCell.swift in Sources */,
				96A5C6CE274A2C9A0056DC09 /* ProfileTaskNumberQuestionCell.swift in Sources */,
				9607EBBF24C478EA006CD310 /* QuestTaskScreen+Utils.swift in Sources */,
				9607EBBD24C46C76006CD310 /* QuestTaskScreen+State.swift in Sources */,
				96A5C6E3274A3A9D0056DC09 /* BlitzTaskScreen+Utils.swift in Sources */,
				96A5C6D3274A2C9A0056DC09 /* ProfileTaskScreenView.swift in Sources */,
				37A8BE5F2A3C9DF700257D8C /* MainFeedModel.swift in Sources */,
				9615F95E24630A930070E2D3 /* ProfileTaskScreen+KeyboardHandler.swift in Sources */,
				96A5C6DD274A34DB0056DC09 /* BlitzTaskScreenView.swift in Sources */,
				37420A852A56BE92001647F4 /* DailyLimitExceededScreen.swift in Sources */,
				961DE279247D380E00008AAB /* CommandLineArguments.swift in Sources */,
				969C825A25B4CA52008D9E72 /* FullVersionManager.swift in Sources */,
				37420A872A56E0F5001647F4 /* MainAdsModel.swift in Sources */,
				96A5C6C7274A2C9A0056DC09 /* ProfileTaskAnyAnswerCell.swift in Sources */,
				96D555A12C6BC35600A6C1AD /* PhotoViewerScreenSUI.swift in Sources */,
				961EEDF6243F834800462CD3 /* ProfileTaskScreen+State.swift in Sources */,
				961B95E62425EE89003EC992 /* SceneDelegate.swift in Sources */,
				372DFE072A51F80F0024A32F /* MainScreenPictureView.swift in Sources */,
				9607EBB924C467C4006CD310 /* QuestTaskScreen+Setup.swift in Sources */,
				372DFDFF2A4F13740024A32F /* SettingsScreen.swift in Sources */,
				96F054752444AB0C000742E4 /* DebugMenuScreen.swift in Sources */,
				965AC7D52438BA26003A3DC7 /* QuestTaskScreen.swift in Sources */,
				965AC7D32438BA19003A3DC7 /* ProfileTaskScreen.swift in Sources */,
				96A5C6CD274A2C9A0056DC09 /* ProfileTaskBoolAnswerQuestionCell.swift in Sources */,
				9627E7D72512AF21007ACEBA /* TasksOnboardingScreen.swift in Sources */,
				96A5C6E1274A3A750056DC09 /* BlitzTaskScreen+KeyboardHandler.swift in Sources */,
				9615F96024630B0D0070E2D3 /* ProfileTaskScreen+Setup.swift in Sources */,
				9615F96224630CF50070E2D3 /* ProfileTaskScreen+Utils.swift in Sources */,
				3782ED572A60422F000C46F4 /* MainScreenRouter.swift in Sources */,
				96A5C6DF274A3A650056DC09 /* BlitzTaskScreen+DataLoading.swift in Sources */,
				96B3353725C0770500D0814F /* Analytics.swift in Sources */,
				96AAB00C243F3BC800F61443 /* ProfileTaskScreen+DataLoading.swift in Sources */,
				96F0547A2444CD77000742E4 /* OnboardingPage.swift in Sources */,
				9605432E244F73580083C217 /* HelpScreen.swift in Sources */,
				96F0547C2444D2EC000742E4 /* OnboardingLastPage.swift in Sources */,
				37420A892A56F536001647F4 /* DailyTaskLimitModel.swift in Sources */,
				96A5C6CC274A2C9A0056DC09 /* ProfileCaseCell.swift in Sources */,
				96A5C65F274A2B5E0056DC09 /* QuestTaskChapterActionsView.swift in Sources */,
				96A5C6D6274A31CE0056DC09 /* BlitzTaskScreen.swift in Sources */,
				96A5C6D0274A2C9A0056DC09 /* ProfileView.swift in Sources */,
			);
			runOnlyForDeploymentPostprocessing = 0;
		};
		961B95F22425EE92003EC992 /* Sources */ = {
			isa = PBXSourcesBuildPhase;
			buildActionMask = 2147483647;
			files = (
				37420A832A56B60C001647F4 /* DailyTaskLimitManagerTests.swift in Sources */,
				961DE2772479465600008AAB /* DetectItTests.swift in Sources */,
			);
			runOnlyForDeploymentPostprocessing = 0;
		};
		961B95FD2425EE92003EC992 /* Sources */ = {
			isa = PBXSourcesBuildPhase;
			buildActionMask = 2147483647;
			files = (
				961DE271247941DA00008AAB /* MainScreenUITests.swift in Sources */,
				961B96062425EE92003EC992 /* DetectItUITests.swift in Sources */,
			);
			runOnlyForDeploymentPostprocessing = 0;
		};
/* End PBXSourcesBuildPhase section */

/* Begin PBXTargetDependency section */
		961B95F82425EE92003EC992 /* PBXTargetDependency */ = {
			isa = PBXTargetDependency;
			target = 961B95DF2425EE89003EC992 /* Sharashka */;
			targetProxy = 961B95F72425EE92003EC992 /* PBXContainerItemProxy */;
		};
		961B96032425EE92003EC992 /* PBXTargetDependency */ = {
			isa = PBXTargetDependency;
			target = 961B95DF2425EE89003EC992 /* Sharashka */;
			targetProxy = 961B96022425EE92003EC992 /* PBXContainerItemProxy */;
		};
/* End PBXTargetDependency section */

/* Begin PBXVariantGroup section */
		96054C1C2459A20F0083C217 /* Localizable.strings */ = {
			isa = PBXVariantGroup;
			children = (
				96054C1B2459A20F0083C217 /* en */,
				96054C1D2459A22D0083C217 /* ru */,
			);
			name = Localizable.strings;
			sourceTree = "<group>";
		};
		961B95EE2425EE92003EC992 /* LaunchScreen.storyboard */ = {
			isa = PBXVariantGroup;
			children = (
				961B95EF2425EE92003EC992 /* Base */,
			);
			name = LaunchScreen.storyboard;
			sourceTree = "<group>";
		};
/* End PBXVariantGroup section */

/* Begin XCBuildConfiguration section */
		961B96082425EE92003EC992 /* Debug */ = {
			isa = XCBuildConfiguration;
			buildSettings = {
				ALWAYS_SEARCH_USER_PATHS = NO;
				CLANG_ANALYZER_LOCALIZABILITY_NONLOCALIZED = YES;
				CLANG_ANALYZER_NONNULL = YES;
				CLANG_ANALYZER_NUMBER_OBJECT_CONVERSION = YES_AGGRESSIVE;
				CLANG_CXX_LANGUAGE_STANDARD = "gnu++14";
				CLANG_CXX_LIBRARY = "libc++";
				CLANG_ENABLE_MODULES = YES;
				CLANG_ENABLE_OBJC_ARC = YES;
				CLANG_ENABLE_OBJC_WEAK = YES;
				CLANG_WARN_BLOCK_CAPTURE_AUTORELEASING = YES;
				CLANG_WARN_BOOL_CONVERSION = YES;
				CLANG_WARN_COMMA = YES;
				CLANG_WARN_CONSTANT_CONVERSION = YES;
				CLANG_WARN_DEPRECATED_OBJC_IMPLEMENTATIONS = YES;
				CLANG_WARN_DIRECT_OBJC_ISA_USAGE = YES_ERROR;
				CLANG_WARN_DOCUMENTATION_COMMENTS = YES;
				CLANG_WARN_EMPTY_BODY = YES;
				CLANG_WARN_ENUM_CONVERSION = YES;
				CLANG_WARN_INFINITE_RECURSION = YES;
				CLANG_WARN_INT_CONVERSION = YES;
				CLANG_WARN_NON_LITERAL_NULL_CONVERSION = YES;
				CLANG_WARN_OBJC_IMPLICIT_RETAIN_SELF = YES;
				CLANG_WARN_OBJC_LITERAL_CONVERSION = YES;
				CLANG_WARN_OBJC_ROOT_CLASS = YES_ERROR;
				CLANG_WARN_QUOTED_INCLUDE_IN_FRAMEWORK_HEADER = YES;
				CLANG_WARN_RANGE_LOOP_ANALYSIS = YES;
				CLANG_WARN_STRICT_PROTOTYPES = YES;
				CLANG_WARN_SUSPICIOUS_MOVE = YES;
				CLANG_WARN_UNGUARDED_AVAILABILITY = YES_AGGRESSIVE;
				CLANG_WARN_UNREACHABLE_CODE = YES;
				CLANG_WARN__DUPLICATE_METHOD_MATCH = YES;
				COPY_PHASE_STRIP = NO;
				DEBUG_INFORMATION_FORMAT = dwarf;
				ENABLE_STRICT_OBJC_MSGSEND = YES;
				ENABLE_TESTABILITY = YES;
				GCC_C_LANGUAGE_STANDARD = gnu11;
				GCC_DYNAMIC_NO_PIC = NO;
				GCC_NO_COMMON_BLOCKS = YES;
				GCC_OPTIMIZATION_LEVEL = 0;
				GCC_PREPROCESSOR_DEFINITIONS = (
					"DEBUG=1",
					"$(inherited)",
				);
				GCC_WARN_64_TO_32_BIT_CONVERSION = YES;
				GCC_WARN_ABOUT_RETURN_TYPE = YES_ERROR;
				GCC_WARN_UNDECLARED_SELECTOR = YES;
				GCC_WARN_UNINITIALIZED_AUTOS = YES_AGGRESSIVE;
				GCC_WARN_UNUSED_FUNCTION = YES;
				GCC_WARN_UNUSED_VARIABLE = YES;
				IPHONEOS_DEPLOYMENT_TARGET = 13.2;
				MTL_ENABLE_DEBUG_INFO = INCLUDE_SOURCE;
				MTL_FAST_MATH = YES;
				ONLY_ACTIVE_ARCH = YES;
				OTHER_LDFLAGS = "-ObjC";
				SDKROOT = iphoneos;
				SWIFT_ACTIVE_COMPILATION_CONDITIONS = DEBUG;
				SWIFT_EMIT_LOC_STRINGS = YES;
				SWIFT_OPTIMIZATION_LEVEL = "-Onone";
				SWIFT_VERSION = 5.0;
			};
			name = Debug;
		};
		961B96092425EE92003EC992 /* Release */ = {
			isa = XCBuildConfiguration;
			buildSettings = {
				ALWAYS_SEARCH_USER_PATHS = NO;
				CLANG_ANALYZER_LOCALIZABILITY_NONLOCALIZED = YES;
				CLANG_ANALYZER_NONNULL = YES;
				CLANG_ANALYZER_NUMBER_OBJECT_CONVERSION = YES_AGGRESSIVE;
				CLANG_CXX_LANGUAGE_STANDARD = "gnu++14";
				CLANG_CXX_LIBRARY = "libc++";
				CLANG_ENABLE_MODULES = YES;
				CLANG_ENABLE_OBJC_ARC = YES;
				CLANG_ENABLE_OBJC_WEAK = YES;
				CLANG_WARN_BLOCK_CAPTURE_AUTORELEASING = YES;
				CLANG_WARN_BOOL_CONVERSION = YES;
				CLANG_WARN_COMMA = YES;
				CLANG_WARN_CONSTANT_CONVERSION = YES;
				CLANG_WARN_DEPRECATED_OBJC_IMPLEMENTATIONS = YES;
				CLANG_WARN_DIRECT_OBJC_ISA_USAGE = YES_ERROR;
				CLANG_WARN_DOCUMENTATION_COMMENTS = YES;
				CLANG_WARN_EMPTY_BODY = YES;
				CLANG_WARN_ENUM_CONVERSION = YES;
				CLANG_WARN_INFINITE_RECURSION = YES;
				CLANG_WARN_INT_CONVERSION = YES;
				CLANG_WARN_NON_LITERAL_NULL_CONVERSION = YES;
				CLANG_WARN_OBJC_IMPLICIT_RETAIN_SELF = YES;
				CLANG_WARN_OBJC_LITERAL_CONVERSION = YES;
				CLANG_WARN_OBJC_ROOT_CLASS = YES_ERROR;
				CLANG_WARN_QUOTED_INCLUDE_IN_FRAMEWORK_HEADER = YES;
				CLANG_WARN_RANGE_LOOP_ANALYSIS = YES;
				CLANG_WARN_STRICT_PROTOTYPES = YES;
				CLANG_WARN_SUSPICIOUS_MOVE = YES;
				CLANG_WARN_UNGUARDED_AVAILABILITY = YES_AGGRESSIVE;
				CLANG_WARN_UNREACHABLE_CODE = YES;
				CLANG_WARN__DUPLICATE_METHOD_MATCH = YES;
				COPY_PHASE_STRIP = NO;
				DEBUG_INFORMATION_FORMAT = "dwarf-with-dsym";
				ENABLE_NS_ASSERTIONS = NO;
				ENABLE_STRICT_OBJC_MSGSEND = YES;
				GCC_C_LANGUAGE_STANDARD = gnu11;
				GCC_NO_COMMON_BLOCKS = YES;
				GCC_WARN_64_TO_32_BIT_CONVERSION = YES;
				GCC_WARN_ABOUT_RETURN_TYPE = YES_ERROR;
				GCC_WARN_UNDECLARED_SELECTOR = YES;
				GCC_WARN_UNINITIALIZED_AUTOS = YES_AGGRESSIVE;
				GCC_WARN_UNUSED_FUNCTION = YES;
				GCC_WARN_UNUSED_VARIABLE = YES;
				IPHONEOS_DEPLOYMENT_TARGET = 13.2;
				MTL_ENABLE_DEBUG_INFO = NO;
				MTL_FAST_MATH = YES;
				OTHER_LDFLAGS = "-ObjC";
				SDKROOT = iphoneos;
				SWIFT_ACTIVE_COMPILATION_CONDITIONS = RELEASE;
				SWIFT_COMPILATION_MODE = wholemodule;
				SWIFT_EMIT_LOC_STRINGS = YES;
				SWIFT_OPTIMIZATION_LEVEL = "-O";
				SWIFT_VERSION = 5.0;
				VALIDATE_PRODUCT = YES;
			};
			name = Release;
		};
		961B960B2425EE92003EC992 /* Debug */ = {
			isa = XCBuildConfiguration;
			buildSettings = {
				ASSETCATALOG_COMPILER_APPICON_NAME = AppIcon1;
				ASSETCATALOG_COMPILER_INCLUDE_ALL_APPICON_ASSETS = YES;
				CODE_SIGN_ENTITLEMENTS = DetectIt/Detect.entitlements;
				CODE_SIGN_STYLE = Automatic;
				CURRENT_PROJECT_VERSION = 1;
				DEVELOPMENT_TEAM = 485UNLA592;
				INFOPLIST_FILE = "DetectIt/Support files/Info.plist";
				INFOPLIST_KEY_LSApplicationCategoryType = "public.app-category.puzzle-games";
				INFOPLIST_KEY_UIStatusBarHidden = YES;
				IPHONEOS_DEPLOYMENT_TARGET = 16.0;
				LD_RUNPATH_SEARCH_PATHS = (
					"$(inherited)",
					"@executable_path/Frameworks",
				);
				MARKETING_VERSION = 2.0.1;
				PRODUCT_BUNDLE_IDENTIFIER = com.mesterra.detectit;
				PRODUCT_NAME = Detect;
				SUPPORTS_MACCATALYST = YES;
				SWIFT_VERSION = 5.0;
				TARGETED_DEVICE_FAMILY = "1,2";
			};
			name = Debug;
		};
		961B960C2425EE92003EC992 /* Release */ = {
			isa = XCBuildConfiguration;
			buildSettings = {
				ASSETCATALOG_COMPILER_APPICON_NAME = AppIcon1;
				ASSETCATALOG_COMPILER_INCLUDE_ALL_APPICON_ASSETS = YES;
				CODE_SIGN_ENTITLEMENTS = DetectIt/Detect.entitlements;
				CODE_SIGN_IDENTITY = "Apple Development";
				CODE_SIGN_STYLE = Automatic;
				CURRENT_PROJECT_VERSION = 1;
				DEVELOPMENT_TEAM = 485UNLA592;
				INFOPLIST_FILE = "DetectIt/Support files/Info.plist";
				INFOPLIST_KEY_LSApplicationCategoryType = "public.app-category.puzzle-games";
				INFOPLIST_KEY_UIStatusBarHidden = YES;
				IPHONEOS_DEPLOYMENT_TARGET = 16.0;
				LD_RUNPATH_SEARCH_PATHS = (
					"$(inherited)",
					"@executable_path/Frameworks",
				);
				MARKETING_VERSION = 2.0.1;
				PRODUCT_BUNDLE_IDENTIFIER = com.mesterra.detectit;
				PRODUCT_NAME = Detect;
				PROVISIONING_PROFILE_SPECIFIER = "";
				SUPPORTS_MACCATALYST = YES;
				SWIFT_VERSION = 5.0;
				TARGETED_DEVICE_FAMILY = "1,2";
			};
			name = Release;
		};
		961B960E2425EE92003EC992 /* Debug */ = {
			isa = XCBuildConfiguration;
			buildSettings = {
				ALWAYS_EMBED_SWIFT_STANDARD_LIBRARIES = YES;
				BUNDLE_LOADER = "$(TEST_HOST)";
				CLANG_ENABLE_MODULES = YES;
				CODE_SIGN_STYLE = Automatic;
				DEVELOPMENT_TEAM = 485UNLA592;
				INFOPLIST_FILE = DetectItTests/Info.plist;
				IPHONEOS_DEPLOYMENT_TARGET = 16.0;
				LD_RUNPATH_SEARCH_PATHS = (
					"$(inherited)",
					"@executable_path/Frameworks",
					"@loader_path/Frameworks",
				);
				PRODUCT_BUNDLE_IDENTIFIER = com.mesterra.DetectItTests;
				PRODUCT_NAME = "$(TARGET_NAME)";
				SWIFT_OPTIMIZATION_LEVEL = "-Onone";
				SWIFT_VERSION = 5.0;
				TARGETED_DEVICE_FAMILY = "1,2";
				TEST_HOST = "$(BUILT_PRODUCTS_DIR)/Detect.app/Detect";
			};
			name = Debug;
		};
		961B960F2425EE92003EC992 /* Release */ = {
			isa = XCBuildConfiguration;
			buildSettings = {
				ALWAYS_EMBED_SWIFT_STANDARD_LIBRARIES = YES;
				BUNDLE_LOADER = "$(TEST_HOST)";
				CLANG_ENABLE_MODULES = YES;
				CODE_SIGN_STYLE = Automatic;
				DEVELOPMENT_TEAM = 485UNLA592;
				INFOPLIST_FILE = DetectItTests/Info.plist;
				IPHONEOS_DEPLOYMENT_TARGET = 16.0;
				LD_RUNPATH_SEARCH_PATHS = (
					"$(inherited)",
					"@executable_path/Frameworks",
					"@loader_path/Frameworks",
				);
				PRODUCT_BUNDLE_IDENTIFIER = com.mesterra.DetectItTests;
				PRODUCT_NAME = "$(TARGET_NAME)";
				SWIFT_VERSION = 5.0;
				TARGETED_DEVICE_FAMILY = "1,2";
				TEST_HOST = "$(BUILT_PRODUCTS_DIR)/Detect.app/Detect";
			};
			name = Release;
		};
		961B96112425EE92003EC992 /* Debug */ = {
			isa = XCBuildConfiguration;
			buildSettings = {
				ALWAYS_EMBED_SWIFT_STANDARD_LIBRARIES = YES;
				CODE_SIGN_STYLE = Automatic;
				DEVELOPMENT_TEAM = 485UNLA592;
				INFOPLIST_FILE = DetectItUITests/Info.plist;
				IPHONEOS_DEPLOYMENT_TARGET = 16.0;
				LD_RUNPATH_SEARCH_PATHS = (
					"$(inherited)",
					"@executable_path/Frameworks",
					"@loader_path/Frameworks",
				);
				PRODUCT_BUNDLE_IDENTIFIER = com.mesterra.DetectItUITests;
				PRODUCT_NAME = "$(TARGET_NAME)";
				SWIFT_VERSION = 5.0;
				TARGETED_DEVICE_FAMILY = "1,2";
				TEST_TARGET_NAME = DetectIt;
			};
			name = Debug;
		};
		961B96122425EE92003EC992 /* Release */ = {
			isa = XCBuildConfiguration;
			buildSettings = {
				ALWAYS_EMBED_SWIFT_STANDARD_LIBRARIES = YES;
				CODE_SIGN_STYLE = Automatic;
				DEVELOPMENT_TEAM = 485UNLA592;
				INFOPLIST_FILE = DetectItUITests/Info.plist;
				IPHONEOS_DEPLOYMENT_TARGET = 16.0;
				LD_RUNPATH_SEARCH_PATHS = (
					"$(inherited)",
					"@executable_path/Frameworks",
					"@loader_path/Frameworks",
				);
				PRODUCT_BUNDLE_IDENTIFIER = com.mesterra.DetectItUITests;
				PRODUCT_NAME = "$(TARGET_NAME)";
				SWIFT_VERSION = 5.0;
				TARGETED_DEVICE_FAMILY = "1,2";
				TEST_TARGET_NAME = DetectIt;
			};
			name = Release;
		};
/* End XCBuildConfiguration section */

/* Begin XCConfigurationList section */
		961B95DB2425EE89003EC992 /* Build configuration list for PBXProject "DetectIt" */ = {
			isa = XCConfigurationList;
			buildConfigurations = (
				961B96082425EE92003EC992 /* Debug */,
				961B96092425EE92003EC992 /* Release */,
			);
			defaultConfigurationIsVisible = 0;
			defaultConfigurationName = Release;
		};
		961B960A2425EE92003EC992 /* Build configuration list for PBXNativeTarget "Sharashka" */ = {
			isa = XCConfigurationList;
			buildConfigurations = (
				961B960B2425EE92003EC992 /* Debug */,
				961B960C2425EE92003EC992 /* Release */,
			);
			defaultConfigurationIsVisible = 0;
			defaultConfigurationName = Release;
		};
		961B960D2425EE92003EC992 /* Build configuration list for PBXNativeTarget "DetectItTests" */ = {
			isa = XCConfigurationList;
			buildConfigurations = (
				961B960E2425EE92003EC992 /* Debug */,
				961B960F2425EE92003EC992 /* Release */,
			);
			defaultConfigurationIsVisible = 0;
			defaultConfigurationName = Release;
		};
		961B96102425EE92003EC992 /* Build configuration list for PBXNativeTarget "DetectItUITests" */ = {
			isa = XCConfigurationList;
			buildConfigurations = (
				961B96112425EE92003EC992 /* Debug */,
				961B96122425EE92003EC992 /* Release */,
			);
			defaultConfigurationIsVisible = 0;
			defaultConfigurationName = Release;
		};
/* End XCConfigurationList section */

/* Begin XCRemoteSwiftPackageReference section */
		37420A7C2A55B823001647F4 /* XCRemoteSwiftPackageReference "yandex-ads-sdk-ios" */ = {
			isa = XCRemoteSwiftPackageReference;
			repositoryURL = "https://github.com/yandexmobile/yandex-ads-sdk-ios";
			requirement = {
				kind = exactVersion;
				version = 7.14.1;
			};
		};
		965F2557267A6EC900106F13 /* XCRemoteSwiftPackageReference "SwiftyStoreKit" */ = {
			isa = XCRemoteSwiftPackageReference;
			repositoryURL = "https://github.com/bizz84/SwiftyStoreKit";
			requirement = {
				kind = exactVersion;
				version = 0.16.4;
			};
		};
/* End XCRemoteSwiftPackageReference section */

/* Begin XCSwiftPackageProductDependency section */
		965F2558267A6EC900106F13 /* SwiftyStoreKit */ = {
			isa = XCSwiftPackageProductDependency;
			package = 965F2557267A6EC900106F13 /* XCRemoteSwiftPackageReference "SwiftyStoreKit" */;
			productName = SwiftyStoreKit;
		};
		96F165712E22DB9C000D4D77 /* YandexMobileAds */ = {
			isa = XCSwiftPackageProductDependency;
			package = 37420A7C2A55B823001647F4 /* XCRemoteSwiftPackageReference "yandex-ads-sdk-ios" */;
			productName = YandexMobileAds;
		};
/* End XCSwiftPackageProductDependency section */
	};
	rootObject = 961B95D82425EE89003EC992 /* Project object */;
}
