// !$*UTF8*$!
{
	archiveVersion = 1;
	classes = {
	};
	objectVersion = 50;
	objects = {

/* Begin PBXBuildFile section */
		9605432E244F73580083C217 /* HelpScreen.swift in Sources */ = {isa = PBXBuildFile; fileRef = 9605432D244F73580083C217 /* HelpScreen.swift */; };
		96054BF32455D2920083C217 /* DetectItAPI.framework in Frameworks */ = {isa = PBXBuildFile; fileRef = 96054BF22455D2920083C217 /* DetectItAPI.framework */; };
		96054BF42455D2920083C217 /* DetectItAPI.framework in Embed Frameworks */ = {isa = PBXBuildFile; fileRef = 96054BF22455D2920083C217 /* DetectItAPI.framework */; settings = {ATTRIBUTES = (CodeSignOnCopy, RemoveHeadersOnCopy, ); }; };
		96054C112458789A0083C217 /* TaskScreenRoute.swift in Sources */ = {isa = PBXBuildFile; fileRef = 96054C102458789A0083C217 /* TaskScreenRoute.swift */; };
		96054C13245897DF0083C217 /* AuthScreen.swift in Sources */ = {isa = PBXBuildFile; fileRef = 96054C12245897DF0083C217 /* AuthScreen.swift */; };
		96054C1A2459A20F0083C217 /* Localizable.strings in Resources */ = {isa = PBXBuildFile; fileRef = 96054C1C2459A20F0083C217 /* Localizable.strings */; };
		96054C232459CAAE0083C217 /* DecoderTaskScreen+DataLoading.swift in Sources */ = {isa = PBXBuildFile; fileRef = 96054C222459CAAE0083C217 /* DecoderTaskScreen+DataLoading.swift */; };
		9607EBB924C467C4006CD310 /* QuestTaskScreen+Setup.swift in Sources */ = {isa = PBXBuildFile; fileRef = 9607EBB824C467C4006CD310 /* QuestTaskScreen+Setup.swift */; };
		9607EBBB24C4680A006CD310 /* QuestTaskScreen+DataLoading.swift in Sources */ = {isa = PBXBuildFile; fileRef = 9607EBBA24C4680A006CD310 /* QuestTaskScreen+DataLoading.swift */; };
		9607EBBD24C46C76006CD310 /* QuestTaskScreen+State.swift in Sources */ = {isa = PBXBuildFile; fileRef = 9607EBBC24C46C76006CD310 /* QuestTaskScreen+State.swift */; };
		9607EBBF24C478EA006CD310 /* QuestTaskScreen+Utils.swift in Sources */ = {isa = PBXBuildFile; fileRef = 9607EBBE24C478EA006CD310 /* QuestTaskScreen+Utils.swift */; };
		9615F958246304050070E2D3 /* DecoderTaskScreen+KeyboardHandler.swift in Sources */ = {isa = PBXBuildFile; fileRef = 9615F957246304050070E2D3 /* DecoderTaskScreen+KeyboardHandler.swift */; };
		9615F95A2463045A0070E2D3 /* DecoderTaskScreen+Setup.swift in Sources */ = {isa = PBXBuildFile; fileRef = 9615F9592463045A0070E2D3 /* DecoderTaskScreen+Setup.swift */; };
		9615F95C246309D00070E2D3 /* DecoderTaskScreen+Utils.swift in Sources */ = {isa = PBXBuildFile; fileRef = 9615F95B246309D00070E2D3 /* DecoderTaskScreen+Utils.swift */; };
		9615F95E24630A930070E2D3 /* ProfileTaskScreen+KeyboardHandler.swift in Sources */ = {isa = PBXBuildFile; fileRef = 9615F95D24630A930070E2D3 /* ProfileTaskScreen+KeyboardHandler.swift */; };
		9615F96024630B0D0070E2D3 /* ProfileTaskScreen+Setup.swift in Sources */ = {isa = PBXBuildFile; fileRef = 9615F95F24630B0D0070E2D3 /* ProfileTaskScreen+Setup.swift */; };
		9615F96224630CF50070E2D3 /* ProfileTaskScreen+Utils.swift in Sources */ = {isa = PBXBuildFile; fileRef = 9615F96124630CF50070E2D3 /* ProfileTaskScreen+Utils.swift */; };
		961B95E42425EE89003EC992 /* AppDelegate.swift in Sources */ = {isa = PBXBuildFile; fileRef = 961B95E32425EE89003EC992 /* AppDelegate.swift */; };
		961B95E62425EE89003EC992 /* SceneDelegate.swift in Sources */ = {isa = PBXBuildFile; fileRef = 961B95E52425EE89003EC992 /* SceneDelegate.swift */; };
		961B95ED2425EE92003EC992 /* Assets.xcassets in Resources */ = {isa = PBXBuildFile; fileRef = 961B95EC2425EE92003EC992 /* Assets.xcassets */; };
		961B95F02425EE92003EC992 /* LaunchScreen.storyboard in Resources */ = {isa = PBXBuildFile; fileRef = 961B95EE2425EE92003EC992 /* LaunchScreen.storyboard */; };
		961B96062425EE92003EC992 /* DetectItUITests.swift in Sources */ = {isa = PBXBuildFile; fileRef = 961B96052425EE92003EC992 /* DetectItUITests.swift */; };
		961B964B242600CF003EC992 /* DetectItCore.framework in Frameworks */ = {isa = PBXBuildFile; fileRef = 961B964A242600CF003EC992 /* DetectItCore.framework */; };
		961B964C242600CF003EC992 /* DetectItCore.framework in Embed Frameworks */ = {isa = PBXBuildFile; fileRef = 961B964A242600CF003EC992 /* DetectItCore.framework */; settings = {ATTRIBUTES = (CodeSignOnCopy, RemoveHeadersOnCopy, ); }; };
		961DE271247941DA00008AAB /* MainScreenUITests.swift in Sources */ = {isa = PBXBuildFile; fileRef = 961DE270247941DA00008AAB /* MainScreenUITests.swift */; };
		961DE2732479427E00008AAB /* MainScreen+Accessibility.swift in Sources */ = {isa = PBXBuildFile; fileRef = 961DE2722479427E00008AAB /* MainScreen+Accessibility.swift */; };
		961DE2772479465600008AAB /* DetectItTests.swift in Sources */ = {isa = PBXBuildFile; fileRef = 961DE2762479465600008AAB /* DetectItTests.swift */; };
		961DE279247D380E00008AAB /* CommandLineArguments.swift in Sources */ = {isa = PBXBuildFile; fileRef = 961DE278247D380E00008AAB /* CommandLineArguments.swift */; };
		961EEDF6243F834800462CD3 /* ProfileTaskScreen+State.swift in Sources */ = {isa = PBXBuildFile; fileRef = 961EEDF5243F834800462CD3 /* ProfileTaskScreen+State.swift */; };
		96200CAF244195ED00A3C720 /* PhotoViewerScreen.swift in Sources */ = {isa = PBXBuildFile; fileRef = 96200CAE244195ED00A3C720 /* PhotoViewerScreen.swift */; };
		9627E7D72512AF21007ACEBA /* TasksOnboardingScreen.swift in Sources */ = {isa = PBXBuildFile; fileRef = 9627E7D62512AF21007ACEBA /* TasksOnboardingScreen.swift */; };
		96346F08248D6AEE00A815F2 /* AuthPrepareScreen.swift in Sources */ = {isa = PBXBuildFile; fileRef = 96346F07248D6AEE00A815F2 /* AuthPrepareScreen.swift */; };
		96346F0B248D701300A815F2 /* AuthNavigationScreen.swift in Sources */ = {isa = PBXBuildFile; fileRef = 96346F0A248D701300A815F2 /* AuthNavigationScreen.swift */; };
		96346F10249413A400A815F2 /* FullVersionPurchaseScreen.swift in Sources */ = {isa = PBXBuildFile; fileRef = 96346F0F249413A400A815F2 /* FullVersionPurchaseScreen.swift */; };
		963F56CC24EF04D1002B949F /* TaskNotesScreen.swift in Sources */ = {isa = PBXBuildFile; fileRef = 963F56CB24EF04D1002B949F /* TaskNotesScreen.swift */; };
		964E2E3B249E06C10027F738 /* DetectiveProfileScreen.swift in Sources */ = {isa = PBXBuildFile; fileRef = 964E2E3A249E06C10027F738 /* DetectiveProfileScreen.swift */; };
		964E2E3D249E3A5F0027F738 /* DetectiveProfileStatsView.swift in Sources */ = {isa = PBXBuildFile; fileRef = 964E2E3C249E3A5F0027F738 /* DetectiveProfileStatsView.swift */; };
		964E2E41249F34670027F738 /* DetectiveProfileHeaderView.swift in Sources */ = {isa = PBXBuildFile; fileRef = 964E2E40249F34670027F738 /* DetectiveProfileHeaderView.swift */; };
		964E2E5024A11DB70027F738 /* LeaderboardScreen.swift in Sources */ = {isa = PBXBuildFile; fileRef = 964E2E4F24A11DB70027F738 /* LeaderboardScreen.swift */; };
		964E2E5424A1250C0027F738 /* LeaderboardCell.swift in Sources */ = {isa = PBXBuildFile; fileRef = 964E2E5324A1250C0027F738 /* LeaderboardCell.swift */; };
		96500E35242F0FDD005FFC7A /* DetectItUI.framework in Frameworks */ = {isa = PBXBuildFile; fileRef = 96500E34242F0FDD005FFC7A /* DetectItUI.framework */; };
		96500E36242F0FDD005FFC7A /* DetectItUI.framework in Embed Frameworks */ = {isa = PBXBuildFile; fileRef = 96500E34242F0FDD005FFC7A /* DetectItUI.framework */; settings = {ATTRIBUTES = (CodeSignOnCopy, RemoveHeadersOnCopy, ); }; };
		96500E862435A445005FFC7A /* TasksBundleScreen.swift in Sources */ = {isa = PBXBuildFile; fileRef = 96500E852435A445005FFC7A /* TasksBundleScreen.swift */; };
		965AC7AC24387774003A3DC7 /* MainScreen.swift in Sources */ = {isa = PBXBuildFile; fileRef = 965AC7AB24387774003A3DC7 /* MainScreen.swift */; };
		965AC7C92438B945003A3DC7 /* TasksBundleScreen+Section.swift in Sources */ = {isa = PBXBuildFile; fileRef = 965AC7C82438B945003A3DC7 /* TasksBundleScreen+Section.swift */; };
		965AC7D12438BA09003A3DC7 /* DecoderTaskScreen.swift in Sources */ = {isa = PBXBuildFile; fileRef = 965AC7D02438BA09003A3DC7 /* DecoderTaskScreen.swift */; };
		965AC7D32438BA19003A3DC7 /* ProfileTaskScreen.swift in Sources */ = {isa = PBXBuildFile; fileRef = 965AC7D22438BA19003A3DC7 /* ProfileTaskScreen.swift */; };
		965AC7D52438BA26003A3DC7 /* QuestTaskScreen.swift in Sources */ = {isa = PBXBuildFile; fileRef = 965AC7D42438BA26003A3DC7 /* QuestTaskScreen.swift */; };
		96AAB00C243F3BC800F61443 /* ProfileTaskScreen+DataLoading.swift in Sources */ = {isa = PBXBuildFile; fileRef = 96AAB00B243F3BC800F61443 /* ProfileTaskScreen+DataLoading.swift */; };
		96F054752444AB0C000742E4 /* DebugMenuScreen.swift in Sources */ = {isa = PBXBuildFile; fileRef = 96F054742444AB0C000742E4 /* DebugMenuScreen.swift */; };
		96F054782444C60E000742E4 /* OnboardingScreen.swift in Sources */ = {isa = PBXBuildFile; fileRef = 96F054772444C60E000742E4 /* OnboardingScreen.swift */; };
		96F0547A2444CD77000742E4 /* OnboardingPage.swift in Sources */ = {isa = PBXBuildFile; fileRef = 96F054792444CD77000742E4 /* OnboardingPage.swift */; };
		96F0547C2444D2EC000742E4 /* OnboardingLastPage.swift in Sources */ = {isa = PBXBuildFile; fileRef = 96F0547B2444D2EC000742E4 /* OnboardingLastPage.swift */; };
/* End PBXBuildFile section */

/* Begin PBXContainerItemProxy section */
		961B95F72425EE92003EC992 /* PBXContainerItemProxy */ = {
			isa = PBXContainerItemProxy;
			containerPortal = 961B95D82425EE89003EC992 /* Project object */;
			proxyType = 1;
			remoteGlobalIDString = 961B95DF2425EE89003EC992;
			remoteInfo = DetectIt;
		};
		961B96022425EE92003EC992 /* PBXContainerItemProxy */ = {
			isa = PBXContainerItemProxy;
			containerPortal = 961B95D82425EE89003EC992 /* Project object */;
			proxyType = 1;
			remoteGlobalIDString = 961B95DF2425EE89003EC992;
			remoteInfo = DetectIt;
		};
/* End PBXContainerItemProxy section */

/* Begin PBXCopyFilesBuildPhase section */
		961B964D242600CF003EC992 /* Embed Frameworks */ = {
			isa = PBXCopyFilesBuildPhase;
			buildActionMask = 2147483647;
			dstPath = "";
			dstSubfolderSpec = 10;
			files = (
				96054BF42455D2920083C217 /* DetectItAPI.framework in Embed Frameworks */,
				96500E36242F0FDD005FFC7A /* DetectItUI.framework in Embed Frameworks */,
				961B964C242600CF003EC992 /* DetectItCore.framework in Embed Frameworks */,
			);
			name = "Embed Frameworks";
			runOnlyForDeploymentPostprocessing = 0;
		};
/* End PBXCopyFilesBuildPhase section */

/* Begin PBXFileReference section */
		9605432D244F73580083C217 /* HelpScreen.swift */ = {isa = PBXFileReference; lastKnownFileType = sourcecode.swift; path = HelpScreen.swift; sourceTree = "<group>"; };
		96054BF22455D2920083C217 /* DetectItAPI.framework */ = {isa = PBXFileReference; explicitFileType = wrapper.framework; path = DetectItAPI.framework; sourceTree = BUILT_PRODUCTS_DIR; };
		96054C102458789A0083C217 /* TaskScreenRoute.swift */ = {isa = PBXFileReference; lastKnownFileType = sourcecode.swift; path = TaskScreenRoute.swift; sourceTree = "<group>"; };
		96054C12245897DF0083C217 /* AuthScreen.swift */ = {isa = PBXFileReference; lastKnownFileType = sourcecode.swift; path = AuthScreen.swift; sourceTree = "<group>"; };
		96054C1B2459A20F0083C217 /* en */ = {isa = PBXFileReference; lastKnownFileType = text.plist.strings; name = en; path = en.lproj/Localizable.strings; sourceTree = "<group>"; };
		96054C1D2459A22D0083C217 /* ru */ = {isa = PBXFileReference; lastKnownFileType = text.plist.strings; name = ru; path = ru.lproj/Localizable.strings; sourceTree = "<group>"; };
		96054C222459CAAE0083C217 /* DecoderTaskScreen+DataLoading.swift */ = {isa = PBXFileReference; lastKnownFileType = sourcecode.swift; path = "DecoderTaskScreen+DataLoading.swift"; sourceTree = "<group>"; };
		9607EBB824C467C4006CD310 /* QuestTaskScreen+Setup.swift */ = {isa = PBXFileReference; lastKnownFileType = sourcecode.swift; path = "QuestTaskScreen+Setup.swift"; sourceTree = "<group>"; };
		9607EBBA24C4680A006CD310 /* QuestTaskScreen+DataLoading.swift */ = {isa = PBXFileReference; lastKnownFileType = sourcecode.swift; path = "QuestTaskScreen+DataLoading.swift"; sourceTree = "<group>"; };
		9607EBBC24C46C76006CD310 /* QuestTaskScreen+State.swift */ = {isa = PBXFileReference; lastKnownFileType = sourcecode.swift; path = "QuestTaskScreen+State.swift"; sourceTree = "<group>"; };
		9607EBBE24C478EA006CD310 /* QuestTaskScreen+Utils.swift */ = {isa = PBXFileReference; lastKnownFileType = sourcecode.swift; path = "QuestTaskScreen+Utils.swift"; sourceTree = "<group>"; };
		9615F957246304050070E2D3 /* DecoderTaskScreen+KeyboardHandler.swift */ = {isa = PBXFileReference; lastKnownFileType = sourcecode.swift; path = "DecoderTaskScreen+KeyboardHandler.swift"; sourceTree = "<group>"; };
		9615F9592463045A0070E2D3 /* DecoderTaskScreen+Setup.swift */ = {isa = PBXFileReference; lastKnownFileType = sourcecode.swift; path = "DecoderTaskScreen+Setup.swift"; sourceTree = "<group>"; };
		9615F95B246309D00070E2D3 /* DecoderTaskScreen+Utils.swift */ = {isa = PBXFileReference; lastKnownFileType = sourcecode.swift; path = "DecoderTaskScreen+Utils.swift"; sourceTree = "<group>"; };
		9615F95D24630A930070E2D3 /* ProfileTaskScreen+KeyboardHandler.swift */ = {isa = PBXFileReference; lastKnownFileType = sourcecode.swift; path = "ProfileTaskScreen+KeyboardHandler.swift"; sourceTree = "<group>"; };
		9615F95F24630B0D0070E2D3 /* ProfileTaskScreen+Setup.swift */ = {isa = PBXFileReference; lastKnownFileType = sourcecode.swift; path = "ProfileTaskScreen+Setup.swift"; sourceTree = "<group>"; };
		9615F96124630CF50070E2D3 /* ProfileTaskScreen+Utils.swift */ = {isa = PBXFileReference; lastKnownFileType = sourcecode.swift; path = "ProfileTaskScreen+Utils.swift"; sourceTree = "<group>"; };
		961B95E02425EE89003EC992 /* Detect.app */ = {isa = PBXFileReference; explicitFileType = wrapper.application; includeInIndex = 0; path = Detect.app; sourceTree = BUILT_PRODUCTS_DIR; };
		961B95E32425EE89003EC992 /* AppDelegate.swift */ = {isa = PBXFileReference; lastKnownFileType = sourcecode.swift; path = AppDelegate.swift; sourceTree = "<group>"; };
		961B95E52425EE89003EC992 /* SceneDelegate.swift */ = {isa = PBXFileReference; lastKnownFileType = sourcecode.swift; path = SceneDelegate.swift; sourceTree = "<group>"; };
		961B95EC2425EE92003EC992 /* Assets.xcassets */ = {isa = PBXFileReference; lastKnownFileType = folder.assetcatalog; path = Assets.xcassets; sourceTree = "<group>"; };
		961B95EF2425EE92003EC992 /* Base */ = {isa = PBXFileReference; lastKnownFileType = file.storyboard; name = Base; path = Base.lproj/LaunchScreen.storyboard; sourceTree = "<group>"; };
		961B95F12425EE92003EC992 /* Info.plist */ = {isa = PBXFileReference; lastKnownFileType = text.plist.xml; path = Info.plist; sourceTree = "<group>"; };
		961B95F62425EE92003EC992 /* DetectItTests.xctest */ = {isa = PBXFileReference; explicitFileType = wrapper.cfbundle; includeInIndex = 0; path = DetectItTests.xctest; sourceTree = BUILT_PRODUCTS_DIR; };
		961B95FC2425EE92003EC992 /* Info.plist */ = {isa = PBXFileReference; lastKnownFileType = text.plist.xml; path = Info.plist; sourceTree = "<group>"; };
		961B96012425EE92003EC992 /* DetectItUITests.xctest */ = {isa = PBXFileReference; explicitFileType = wrapper.cfbundle; includeInIndex = 0; path = DetectItUITests.xctest; sourceTree = BUILT_PRODUCTS_DIR; };
		961B96052425EE92003EC992 /* DetectItUITests.swift */ = {isa = PBXFileReference; lastKnownFileType = sourcecode.swift; path = DetectItUITests.swift; sourceTree = "<group>"; };
		961B96072425EE92003EC992 /* Info.plist */ = {isa = PBXFileReference; lastKnownFileType = text.plist.xml; path = Info.plist; sourceTree = "<group>"; };
		961B964A242600CF003EC992 /* DetectItCore.framework */ = {isa = PBXFileReference; explicitFileType = wrapper.framework; path = DetectItCore.framework; sourceTree = BUILT_PRODUCTS_DIR; };
		961DE270247941DA00008AAB /* MainScreenUITests.swift */ = {isa = PBXFileReference; lastKnownFileType = sourcecode.swift; path = MainScreenUITests.swift; sourceTree = "<group>"; };
		961DE2722479427E00008AAB /* MainScreen+Accessibility.swift */ = {isa = PBXFileReference; lastKnownFileType = sourcecode.swift; path = "MainScreen+Accessibility.swift"; sourceTree = "<group>"; };
		961DE2762479465600008AAB /* DetectItTests.swift */ = {isa = PBXFileReference; lastKnownFileType = sourcecode.swift; path = DetectItTests.swift; sourceTree = "<group>"; };
		961DE278247D380E00008AAB /* CommandLineArguments.swift */ = {isa = PBXFileReference; lastKnownFileType = sourcecode.swift; path = CommandLineArguments.swift; sourceTree = "<group>"; };
		961EEDF5243F834800462CD3 /* ProfileTaskScreen+State.swift */ = {isa = PBXFileReference; lastKnownFileType = sourcecode.swift; path = "ProfileTaskScreen+State.swift"; sourceTree = "<group>"; };
		96200CAE244195ED00A3C720 /* PhotoViewerScreen.swift */ = {isa = PBXFileReference; lastKnownFileType = sourcecode.swift; path = PhotoViewerScreen.swift; sourceTree = "<group>"; };
		9627E7D62512AF21007ACEBA /* TasksOnboardingScreen.swift */ = {isa = PBXFileReference; lastKnownFileType = sourcecode.swift; path = TasksOnboardingScreen.swift; sourceTree = "<group>"; };
		96346F07248D6AEE00A815F2 /* AuthPrepareScreen.swift */ = {isa = PBXFileReference; lastKnownFileType = sourcecode.swift; path = AuthPrepareScreen.swift; sourceTree = "<group>"; };
		96346F0A248D701300A815F2 /* AuthNavigationScreen.swift */ = {isa = PBXFileReference; lastKnownFileType = sourcecode.swift; path = AuthNavigationScreen.swift; sourceTree = "<group>"; };
		96346F0F249413A400A815F2 /* FullVersionPurchaseScreen.swift */ = {isa = PBXFileReference; lastKnownFileType = sourcecode.swift; path = FullVersionPurchaseScreen.swift; sourceTree = "<group>"; };
		963F56CB24EF04D1002B949F /* TaskNotesScreen.swift */ = {isa = PBXFileReference; lastKnownFileType = sourcecode.swift; path = TaskNotesScreen.swift; sourceTree = "<group>"; };
		964E2E3A249E06C10027F738 /* DetectiveProfileScreen.swift */ = {isa = PBXFileReference; lastKnownFileType = sourcecode.swift; path = DetectiveProfileScreen.swift; sourceTree = "<group>"; };
		964E2E3C249E3A5F0027F738 /* DetectiveProfileStatsView.swift */ = {isa = PBXFileReference; lastKnownFileType = sourcecode.swift; path = DetectiveProfileStatsView.swift; sourceTree = "<group>"; };
		964E2E40249F34670027F738 /* DetectiveProfileHeaderView.swift */ = {isa = PBXFileReference; lastKnownFileType = sourcecode.swift; path = DetectiveProfileHeaderView.swift; sourceTree = "<group>"; };
		964E2E4F24A11DB70027F738 /* LeaderboardScreen.swift */ = {isa = PBXFileReference; lastKnownFileType = sourcecode.swift; path = LeaderboardScreen.swift; sourceTree = "<group>"; };
		964E2E5324A1250C0027F738 /* LeaderboardCell.swift */ = {isa = PBXFileReference; lastKnownFileType = sourcecode.swift; path = LeaderboardCell.swift; sourceTree = "<group>"; };
		96500E34242F0FDD005FFC7A /* DetectItUI.framework */ = {isa = PBXFileReference; explicitFileType = wrapper.framework; path = DetectItUI.framework; sourceTree = BUILT_PRODUCTS_DIR; };
		96500E852435A445005FFC7A /* TasksBundleScreen.swift */ = {isa = PBXFileReference; lastKnownFileType = sourcecode.swift; path = TasksBundleScreen.swift; sourceTree = "<group>"; };
		965AC7AB24387774003A3DC7 /* MainScreen.swift */ = {isa = PBXFileReference; lastKnownFileType = sourcecode.swift; path = MainScreen.swift; sourceTree = "<group>"; };
		965AC7C82438B945003A3DC7 /* TasksBundleScreen+Section.swift */ = {isa = PBXFileReference; lastKnownFileType = sourcecode.swift; path = "TasksBundleScreen+Section.swift"; sourceTree = "<group>"; };
		965AC7D02438BA09003A3DC7 /* DecoderTaskScreen.swift */ = {isa = PBXFileReference; lastKnownFileType = sourcecode.swift; path = DecoderTaskScreen.swift; sourceTree = "<group>"; };
		965AC7D22438BA19003A3DC7 /* ProfileTaskScreen.swift */ = {isa = PBXFileReference; lastKnownFileType = sourcecode.swift; path = ProfileTaskScreen.swift; sourceTree = "<group>"; };
		965AC7D42438BA26003A3DC7 /* QuestTaskScreen.swift */ = {isa = PBXFileReference; lastKnownFileType = sourcecode.swift; path = QuestTaskScreen.swift; sourceTree = "<group>"; };
		96AAB00B243F3BC800F61443 /* ProfileTaskScreen+DataLoading.swift */ = {isa = PBXFileReference; lastKnownFileType = sourcecode.swift; path = "ProfileTaskScreen+DataLoading.swift"; sourceTree = "<group>"; };
		96F054742444AB0C000742E4 /* DebugMenuScreen.swift */ = {isa = PBXFileReference; lastKnownFileType = sourcecode.swift; path = DebugMenuScreen.swift; sourceTree = "<group>"; };
		96F054772444C60E000742E4 /* OnboardingScreen.swift */ = {isa = PBXFileReference; lastKnownFileType = sourcecode.swift; path = OnboardingScreen.swift; sourceTree = "<group>"; };
		96F054792444CD77000742E4 /* OnboardingPage.swift */ = {isa = PBXFileReference; lastKnownFileType = sourcecode.swift; path = OnboardingPage.swift; sourceTree = "<group>"; };
		96F0547B2444D2EC000742E4 /* OnboardingLastPage.swift */ = {isa = PBXFileReference; lastKnownFileType = sourcecode.swift; path = OnboardingLastPage.swift; sourceTree = "<group>"; };
/* End PBXFileReference section */

/* Begin PBXFrameworksBuildPhase section */
		961B95DD2425EE89003EC992 /* Frameworks */ = {
			isa = PBXFrameworksBuildPhase;
			buildActionMask = 2147483647;
			files = (
				96054BF32455D2920083C217 /* DetectItAPI.framework in Frameworks */,
				96500E35242F0FDD005FFC7A /* DetectItUI.framework in Frameworks */,
				961B964B242600CF003EC992 /* DetectItCore.framework in Frameworks */,
			);
			runOnlyForDeploymentPostprocessing = 0;
		};
		961B95F32425EE92003EC992 /* Frameworks */ = {
			isa = PBXFrameworksBuildPhase;
			buildActionMask = 2147483647;
			files = (
			);
			runOnlyForDeploymentPostprocessing = 0;
		};
		961B95FE2425EE92003EC992 /* Frameworks */ = {
			isa = PBXFrameworksBuildPhase;
			buildActionMask = 2147483647;
			files = (
			);
			runOnlyForDeploymentPostprocessing = 0;
		};
/* End PBXFrameworksBuildPhase section */

/* Begin PBXGroup section */
		9605432C244F73430083C217 /* Help */ = {
			isa = PBXGroup;
			children = (
				9605432D244F73580083C217 /* HelpScreen.swift */,
			);
			path = Help;
			sourceTree = "<group>";
		};
		96054C0F245878760083C217 /* Routes */ = {
			isa = PBXGroup;
			children = (
				96054C102458789A0083C217 /* TaskScreenRoute.swift */,
			);
			path = Routes;
			sourceTree = "<group>";
		};
		96054C212459CA980083C217 /* Cipher */ = {
			isa = PBXGroup;
			children = (
				965AC7D02438BA09003A3DC7 /* DecoderTaskScreen.swift */,
				9615F9592463045A0070E2D3 /* DecoderTaskScreen+Setup.swift */,
				96054C222459CAAE0083C217 /* DecoderTaskScreen+DataLoading.swift */,
				9615F957246304050070E2D3 /* DecoderTaskScreen+KeyboardHandler.swift */,
				9615F95B246309D00070E2D3 /* DecoderTaskScreen+Utils.swift */,
			);
			path = Cipher;
			sourceTree = "<group>";
		};
		9607EBB524C466EF006CD310 /* Quest */ = {
			isa = PBXGroup;
			children = (
				965AC7D42438BA26003A3DC7 /* QuestTaskScreen.swift */,
				9607EBBC24C46C76006CD310 /* QuestTaskScreen+State.swift */,
				9607EBB824C467C4006CD310 /* QuestTaskScreen+Setup.swift */,
				9607EBBA24C4680A006CD310 /* QuestTaskScreen+DataLoading.swift */,
				9607EBBE24C478EA006CD310 /* QuestTaskScreen+Utils.swift */,
			);
			path = Quest;
			sourceTree = "<group>";
		};
		961B95D72425EE89003EC992 = {
			isa = PBXGroup;
			children = (
				961B95E22425EE89003EC992 /* DetectIt */,
				961B95F92425EE92003EC992 /* DetectItTests */,
				961B96042425EE92003EC992 /* DetectItUITests */,
				961B95E12425EE89003EC992 /* Products */,
				961B9649242600CF003EC992 /* Frameworks */,
			);
			sourceTree = "<group>";
		};
		961B95E12425EE89003EC992 /* Products */ = {
			isa = PBXGroup;
			children = (
				961B95E02425EE89003EC992 /* Detect.app */,
				961B95F62425EE92003EC992 /* DetectItTests.xctest */,
				961B96012425EE92003EC992 /* DetectItUITests.xctest */,
			);
			name = Products;
			sourceTree = "<group>";
		};
		961B95E22425EE89003EC992 /* DetectIt */ = {
			isa = PBXGroup;
			children = (
				961B96132425EED0003EC992 /* Sources */,
				961B96142425EED8003EC992 /* Resources */,
				961B96152425EEDD003EC992 /* Support files */,
			);
			path = DetectIt;
			sourceTree = "<group>";
		};
		961B95F92425EE92003EC992 /* DetectItTests */ = {
			isa = PBXGroup;
			children = (
				961DE2762479465600008AAB /* DetectItTests.swift */,
				961B95FC2425EE92003EC992 /* Info.plist */,
			);
			path = DetectItTests;
			sourceTree = "<group>";
		};
		961B96042425EE92003EC992 /* DetectItUITests */ = {
			isa = PBXGroup;
			children = (
				961B96052425EE92003EC992 /* DetectItUITests.swift */,
				961DE270247941DA00008AAB /* MainScreenUITests.swift */,
				961B96072425EE92003EC992 /* Info.plist */,
			);
			path = DetectItUITests;
			sourceTree = "<group>";
		};
		961B96132425EED0003EC992 /* Sources */ = {
			isa = PBXGroup;
			children = (
				961B96162425EF05003EC992 /* Application layer */,
				961B96182425EF67003EC992 /* Presentation layer */,
			);
			path = Sources;
			sourceTree = "<group>";
		};
		961B96142425EED8003EC992 /* Resources */ = {
			isa = PBXGroup;
			children = (
				961B95EC2425EE92003EC992 /* Assets.xcassets */,
				961B95EE2425EE92003EC992 /* LaunchScreen.storyboard */,
				96054C1C2459A20F0083C217 /* Localizable.strings */,
			);
			path = Resources;
			sourceTree = "<group>";
		};
		961B96152425EEDD003EC992 /* Support files */ = {
			isa = PBXGroup;
			children = (
				961B95F12425EE92003EC992 /* Info.plist */,
			);
			path = "Support files";
			sourceTree = "<group>";
		};
		961B96162425EF05003EC992 /* Application layer */ = {
			isa = PBXGroup;
			children = (
				961B95E32425EE89003EC992 /* AppDelegate.swift */,
				961B95E52425EE89003EC992 /* SceneDelegate.swift */,
				961DE278247D380E00008AAB /* CommandLineArguments.swift */,
			);
			path = "Application layer";
			sourceTree = "<group>";
		};
		961B96182425EF67003EC992 /* Presentation layer */ = {
			isa = PBXGroup;
			children = (
				96054C0F245878760083C217 /* Routes */,
				96500E822434FD0F005FFC7A /* Screens */,
			);
			path = "Presentation layer";
			sourceTree = "<group>";
		};
		961B9649242600CF003EC992 /* Frameworks */ = {
			isa = PBXGroup;
			children = (
				96054BF22455D2920083C217 /* DetectItAPI.framework */,
				96500E34242F0FDD005FFC7A /* DetectItUI.framework */,
				961B964A242600CF003EC992 /* DetectItCore.framework */,
			);
			name = Frameworks;
			sourceTree = "<group>";
		};
		96200CAD244195C700A3C720 /* PhotoViewerScreen */ = {
			isa = PBXGroup;
			children = (
				96200CAE244195ED00A3C720 /* PhotoViewerScreen.swift */,
			);
			path = PhotoViewerScreen;
			sourceTree = "<group>";
		};
		96346F09248D6FA300A815F2 /* Auth */ = {
			isa = PBXGroup;
			children = (
				96346F0A248D701300A815F2 /* AuthNavigationScreen.swift */,
				96346F07248D6AEE00A815F2 /* AuthPrepareScreen.swift */,
				96054C12245897DF0083C217 /* AuthScreen.swift */,
			);
			path = Auth;
			sourceTree = "<group>";
		};
		96346F0E2494137700A815F2 /* FullVersionPurchase */ = {
			isa = PBXGroup;
			children = (
				96346F0F249413A400A815F2 /* FullVersionPurchaseScreen.swift */,
			);
			path = FullVersionPurchase;
			sourceTree = "<group>";
		};
		963F56CA24EF04B3002B949F /* TaskNotes */ = {
			isa = PBXGroup;
			children = (
				963F56CB24EF04D1002B949F /* TaskNotesScreen.swift */,
			);
			path = TaskNotes;
			sourceTree = "<group>";
		};
		964E2E39249E069B0027F738 /* DetectiveProfile */ = {
			isa = PBXGroup;
			children = (
				964E2E3A249E06C10027F738 /* DetectiveProfileScreen.swift */,
				964E2E40249F34670027F738 /* DetectiveProfileHeaderView.swift */,
				964E2E3C249E3A5F0027F738 /* DetectiveProfileStatsView.swift */,
			);
			path = DetectiveProfile;
			sourceTree = "<group>";
		};
		964E2E4E24A11DA70027F738 /* Leaderboard */ = {
			isa = PBXGroup;
			children = (
				964E2E4F24A11DB70027F738 /* LeaderboardScreen.swift */,
				964E2E5324A1250C0027F738 /* LeaderboardCell.swift */,
			);
			path = Leaderboard;
			sourceTree = "<group>";
		};
		96500E822434FD0F005FFC7A /* Screens */ = {
			isa = PBXGroup;
			children = (
				96346F0E2494137700A815F2 /* FullVersionPurchase */,
				96346F09248D6FA300A815F2 /* Auth */,
				96F054762444C374000742E4 /* Onboarding */,
				965AC7CA2438B9B1003A3DC7 /* Main */,
				964E2E39249E069B0027F738 /* DetectiveProfile */,
				964E2E4E24A11DA70027F738 /* Leaderboard */,
				965AC7C72438B932003A3DC7 /* TasksBundle */,
				965AC7CB2438B9B7003A3DC7 /* Task screens */,
				963F56CA24EF04B3002B949F /* TaskNotes */,
				96200CAD244195C700A3C720 /* PhotoViewerScreen */,
				9605432C244F73430083C217 /* Help */,
				96F054732444AAFA000742E4 /* DebugMenu */,
			);
			path = Screens;
			sourceTree = "<group>";
		};
		965AC7C72438B932003A3DC7 /* TasksBundle */ = {
			isa = PBXGroup;
			children = (
				96500E852435A445005FFC7A /* TasksBundleScreen.swift */,
				965AC7C82438B945003A3DC7 /* TasksBundleScreen+Section.swift */,
			);
			path = TasksBundle;
			sourceTree = "<group>";
		};
		965AC7CA2438B9B1003A3DC7 /* Main */ = {
			isa = PBXGroup;
			children = (
				965AC7AB24387774003A3DC7 /* MainScreen.swift */,
				961DE2722479427E00008AAB /* MainScreen+Accessibility.swift */,
			);
			path = Main;
			sourceTree = "<group>";
		};
		965AC7CB2438B9B7003A3DC7 /* Task screens */ = {
			isa = PBXGroup;
			children = (
				96054C212459CA980083C217 /* Cipher */,
				96AAB00A243F3BB100F61443 /* Profile */,
				9607EBB524C466EF006CD310 /* Quest */,
			);
			path = "Task screens";
			sourceTree = "<group>";
		};
		96AAB00A243F3BB100F61443 /* Profile */ = {
			isa = PBXGroup;
			children = (
				965AC7D22438BA19003A3DC7 /* ProfileTaskScreen.swift */,
				961EEDF5243F834800462CD3 /* ProfileTaskScreen+State.swift */,
				9615F95F24630B0D0070E2D3 /* ProfileTaskScreen+Setup.swift */,
				96AAB00B243F3BC800F61443 /* ProfileTaskScreen+DataLoading.swift */,
				9615F95D24630A930070E2D3 /* ProfileTaskScreen+KeyboardHandler.swift */,
				9615F96124630CF50070E2D3 /* ProfileTaskScreen+Utils.swift */,
			);
			path = Profile;
			sourceTree = "<group>";
		};
		96F054732444AAFA000742E4 /* DebugMenu */ = {
			isa = PBXGroup;
			children = (
				96F054742444AB0C000742E4 /* DebugMenuScreen.swift */,
			);
			path = DebugMenu;
			sourceTree = "<group>";
		};
		96F054762444C374000742E4 /* Onboarding */ = {
			isa = PBXGroup;
			children = (
				96F054772444C60E000742E4 /* OnboardingScreen.swift */,
				96F054792444CD77000742E4 /* OnboardingPage.swift */,
				96F0547B2444D2EC000742E4 /* OnboardingLastPage.swift */,
				9627E7D62512AF21007ACEBA /* TasksOnboardingScreen.swift */,
			);
			path = Onboarding;
			sourceTree = "<group>";
		};
/* End PBXGroup section */

/* Begin PBXNativeTarget section */
		961B95DF2425EE89003EC992 /* DetectIt */ = {
			isa = PBXNativeTarget;
			buildConfigurationList = 961B960A2425EE92003EC992 /* Build configuration list for PBXNativeTarget "DetectIt" */;
			buildPhases = (
				961B95DC2425EE89003EC992 /* Sources */,
				961B95DD2425EE89003EC992 /* Frameworks */,
				961B95DE2425EE89003EC992 /* Resources */,
				961B964D242600CF003EC992 /* Embed Frameworks */,
			);
			buildRules = (
			);
			dependencies = (
			);
			name = DetectIt;
			packageProductDependencies = (
			);
			productName = DetectIt;
			productReference = 961B95E02425EE89003EC992 /* Detect.app */;
			productType = "com.apple.product-type.application";
		};
		961B95F52425EE92003EC992 /* DetectItTests */ = {
			isa = PBXNativeTarget;
			buildConfigurationList = 961B960D2425EE92003EC992 /* Build configuration list for PBXNativeTarget "DetectItTests" */;
			buildPhases = (
				961B95F22425EE92003EC992 /* Sources */,
				961B95F32425EE92003EC992 /* Frameworks */,
				961B95F42425EE92003EC992 /* Resources */,
			);
			buildRules = (
			);
			dependencies = (
				961B95F82425EE92003EC992 /* PBXTargetDependency */,
			);
			name = DetectItTests;
			productName = DetectItTests;
			productReference = 961B95F62425EE92003EC992 /* DetectItTests.xctest */;
			productType = "com.apple.product-type.bundle.unit-test";
		};
		961B96002425EE92003EC992 /* DetectItUITests */ = {
			isa = PBXNativeTarget;
			buildConfigurationList = 961B96102425EE92003EC992 /* Build configuration list for PBXNativeTarget "DetectItUITests" */;
			buildPhases = (
				961B95FD2425EE92003EC992 /* Sources */,
				961B95FE2425EE92003EC992 /* Frameworks */,
				961B95FF2425EE92003EC992 /* Resources */,
			);
			buildRules = (
			);
			dependencies = (
				961B96032425EE92003EC992 /* PBXTargetDependency */,
			);
			name = DetectItUITests;
			productName = DetectItUITests;
			productReference = 961B96012425EE92003EC992 /* DetectItUITests.xctest */;
			productType = "com.apple.product-type.bundle.ui-testing";
		};
/* End PBXNativeTarget section */

/* Begin PBXProject section */
		961B95D82425EE89003EC992 /* Project object */ = {
			isa = PBXProject;
			attributes = {
				LastSwiftUpdateCheck = 1130;
				LastUpgradeCheck = 1130;
				ORGANIZATIONNAME = Mesterra;
				TargetAttributes = {
					961B95DF2425EE89003EC992 = {
						CreatedOnToolsVersion = 11.3.1;
					};
					961B95F52425EE92003EC992 = {
						CreatedOnToolsVersion = 11.3.1;
						LastSwiftMigration = 1130;
						TestTargetID = 961B95DF2425EE89003EC992;
					};
					961B96002425EE92003EC992 = {
						CreatedOnToolsVersion = 11.3.1;
						TestTargetID = 961B95DF2425EE89003EC992;
					};
				};
			};
			buildConfigurationList = 961B95DB2425EE89003EC992 /* Build configuration list for PBXProject "DetectIt" */;
			compatibilityVersion = "Xcode 9.3";
			developmentRegion = en;
			hasScannedForEncodings = 0;
			knownRegions = (
				en,
				Base,
				ru,
			);
			mainGroup = 961B95D72425EE89003EC992;
			packageReferences = (
			);
			productRefGroup = 961B95E12425EE89003EC992 /* Products */;
			projectDirPath = "";
			projectRoot = "";
			targets = (
				961B95DF2425EE89003EC992 /* DetectIt */,
				961B95F52425EE92003EC992 /* DetectItTests */,
				961B96002425EE92003EC992 /* DetectItUITests */,
			);
		};
/* End PBXProject section */

/* Begin PBXResourcesBuildPhase section */
		961B95DE2425EE89003EC992 /* Resources */ = {
			isa = PBXResourcesBuildPhase;
			buildActionMask = 2147483647;
			files = (
				96054C1A2459A20F0083C217 /* Localizable.strings in Resources */,
				961B95F02425EE92003EC992 /* LaunchScreen.storyboard in Resources */,
				961B95ED2425EE92003EC992 /* Assets.xcassets in Resources */,
			);
			runOnlyForDeploymentPostprocessing = 0;
		};
		961B95F42425EE92003EC992 /* Resources */ = {
			isa = PBXResourcesBuildPhase;
			buildActionMask = 2147483647;
			files = (
			);
			runOnlyForDeploymentPostprocessing = 0;
		};
		961B95FF2425EE92003EC992 /* Resources */ = {
			isa = PBXResourcesBuildPhase;
			buildActionMask = 2147483647;
			files = (
			);
			runOnlyForDeploymentPostprocessing = 0;
		};
/* End PBXResourcesBuildPhase section */

/* Begin PBXSourcesBuildPhase section */
		961B95DC2425EE89003EC992 /* Sources */ = {
			isa = PBXSourcesBuildPhase;
			buildActionMask = 2147483647;
			files = (
				9607EBBB24C4680A006CD310 /* QuestTaskScreen+DataLoading.swift in Sources */,
				964E2E41249F34670027F738 /* DetectiveProfileHeaderView.swift in Sources */,
				964E2E5424A1250C0027F738 /* LeaderboardCell.swift in Sources */,
				96346F10249413A400A815F2 /* FullVersionPurchaseScreen.swift in Sources */,
				963F56CC24EF04D1002B949F /* TaskNotesScreen.swift in Sources */,
				965AC7D12438BA09003A3DC7 /* DecoderTaskScreen.swift in Sources */,
				961B95E42425EE89003EC992 /* AppDelegate.swift in Sources */,
				96500E862435A445005FFC7A /* TasksBundleScreen.swift in Sources */,
				96200CAF244195ED00A3C720 /* PhotoViewerScreen.swift in Sources */,
				96F054782444C60E000742E4 /* OnboardingScreen.swift in Sources */,
				96054C232459CAAE0083C217 /* DecoderTaskScreen+DataLoading.swift in Sources */,
				964E2E3B249E06C10027F738 /* DetectiveProfileScreen.swift in Sources */,
				961DE2732479427E00008AAB /* MainScreen+Accessibility.swift in Sources */,
				9607EBBF24C478EA006CD310 /* QuestTaskScreen+Utils.swift in Sources */,
				964E2E5024A11DB70027F738 /* LeaderboardScreen.swift in Sources */,
				9607EBBD24C46C76006CD310 /* QuestTaskScreen+State.swift in Sources */,
				9615F95C246309D00070E2D3 /* DecoderTaskScreen+Utils.swift in Sources */,
				9615F95E24630A930070E2D3 /* ProfileTaskScreen+KeyboardHandler.swift in Sources */,
				961DE279247D380E00008AAB /* CommandLineArguments.swift in Sources */,
				965AC7C92438B945003A3DC7 /* TasksBundleScreen+Section.swift in Sources */,
				965AC7AC24387774003A3DC7 /* MainScreen.swift in Sources */,
				961EEDF6243F834800462CD3 /* ProfileTaskScreen+State.swift in Sources */,
				961B95E62425EE89003EC992 /* SceneDelegate.swift in Sources */,
				96054C112458789A0083C217 /* TaskScreenRoute.swift in Sources */,
				9607EBB924C467C4006CD310 /* QuestTaskScreen+Setup.swift in Sources */,
				96F054752444AB0C000742E4 /* DebugMenuScreen.swift in Sources */,
				964E2E3D249E3A5F0027F738 /* DetectiveProfileStatsView.swift in Sources */,
				965AC7D52438BA26003A3DC7 /* QuestTaskScreen.swift in Sources */,
				965AC7D32438BA19003A3DC7 /* ProfileTaskScreen.swift in Sources */,
				9627E7D72512AF21007ACEBA /* TasksOnboardingScreen.swift in Sources */,
				9615F96024630B0D0070E2D3 /* ProfileTaskScreen+Setup.swift in Sources */,
				9615F96224630CF50070E2D3 /* ProfileTaskScreen+Utils.swift in Sources */,
				96AAB00C243F3BC800F61443 /* ProfileTaskScreen+DataLoading.swift in Sources */,
				96F0547A2444CD77000742E4 /* OnboardingPage.swift in Sources */,
				9615F95A2463045A0070E2D3 /* DecoderTaskScreen+Setup.swift in Sources */,
				96054C13245897DF0083C217 /* AuthScreen.swift in Sources */,
				96346F0B248D701300A815F2 /* AuthNavigationScreen.swift in Sources */,
				9605432E244F73580083C217 /* HelpScreen.swift in Sources */,
				96F0547C2444D2EC000742E4 /* OnboardingLastPage.swift in Sources */,
				9615F958246304050070E2D3 /* DecoderTaskScreen+KeyboardHandler.swift in Sources */,
				96346F08248D6AEE00A815F2 /* AuthPrepareScreen.swift in Sources */,
			);
			runOnlyForDeploymentPostprocessing = 0;
		};
		961B95F22425EE92003EC992 /* Sources */ = {
			isa = PBXSourcesBuildPhase;
			buildActionMask = 2147483647;
			files = (
				961DE2772479465600008AAB /* DetectItTests.swift in Sources */,
			);
			runOnlyForDeploymentPostprocessing = 0;
		};
		961B95FD2425EE92003EC992 /* Sources */ = {
			isa = PBXSourcesBuildPhase;
			buildActionMask = 2147483647;
			files = (
				961DE271247941DA00008AAB /* MainScreenUITests.swift in Sources */,
				961B96062425EE92003EC992 /* DetectItUITests.swift in Sources */,
			);
			runOnlyForDeploymentPostprocessing = 0;
		};
/* End PBXSourcesBuildPhase section */

/* Begin PBXTargetDependency section */
		961B95F82425EE92003EC992 /* PBXTargetDependency */ = {
			isa = PBXTargetDependency;
			target = 961B95DF2425EE89003EC992 /* DetectIt */;
			targetProxy = 961B95F72425EE92003EC992 /* PBXContainerItemProxy */;
		};
		961B96032425EE92003EC992 /* PBXTargetDependency */ = {
			isa = PBXTargetDependency;
			target = 961B95DF2425EE89003EC992 /* DetectIt */;
			targetProxy = 961B96022425EE92003EC992 /* PBXContainerItemProxy */;
		};
/* End PBXTargetDependency section */

/* Begin PBXVariantGroup section */
		96054C1C2459A20F0083C217 /* Localizable.strings */ = {
			isa = PBXVariantGroup;
			children = (
				96054C1B2459A20F0083C217 /* en */,
				96054C1D2459A22D0083C217 /* ru */,
			);
			name = Localizable.strings;
			sourceTree = "<group>";
		};
		961B95EE2425EE92003EC992 /* LaunchScreen.storyboard */ = {
			isa = PBXVariantGroup;
			children = (
				961B95EF2425EE92003EC992 /* Base */,
			);
			name = LaunchScreen.storyboard;
			sourceTree = "<group>";
		};
/* End PBXVariantGroup section */

/* Begin XCBuildConfiguration section */
		961B96082425EE92003EC992 /* Debug */ = {
			isa = XCBuildConfiguration;
			buildSettings = {
				ALWAYS_SEARCH_USER_PATHS = NO;
				CLANG_ANALYZER_LOCALIZABILITY_NONLOCALIZED = YES;
				CLANG_ANALYZER_NONNULL = YES;
				CLANG_ANALYZER_NUMBER_OBJECT_CONVERSION = YES_AGGRESSIVE;
				CLANG_CXX_LANGUAGE_STANDARD = "gnu++14";
				CLANG_CXX_LIBRARY = "libc++";
				CLANG_ENABLE_MODULES = YES;
				CLANG_ENABLE_OBJC_ARC = YES;
				CLANG_ENABLE_OBJC_WEAK = YES;
				CLANG_WARN_BLOCK_CAPTURE_AUTORELEASING = YES;
				CLANG_WARN_BOOL_CONVERSION = YES;
				CLANG_WARN_COMMA = YES;
				CLANG_WARN_CONSTANT_CONVERSION = YES;
				CLANG_WARN_DEPRECATED_OBJC_IMPLEMENTATIONS = YES;
				CLANG_WARN_DIRECT_OBJC_ISA_USAGE = YES_ERROR;
				CLANG_WARN_DOCUMENTATION_COMMENTS = YES;
				CLANG_WARN_EMPTY_BODY = YES;
				CLANG_WARN_ENUM_CONVERSION = YES;
				CLANG_WARN_INFINITE_RECURSION = YES;
				CLANG_WARN_INT_CONVERSION = YES;
				CLANG_WARN_NON_LITERAL_NULL_CONVERSION = YES;
				CLANG_WARN_OBJC_IMPLICIT_RETAIN_SELF = YES;
				CLANG_WARN_OBJC_LITERAL_CONVERSION = YES;
				CLANG_WARN_OBJC_ROOT_CLASS = YES_ERROR;
				CLANG_WARN_RANGE_LOOP_ANALYSIS = YES;
				CLANG_WARN_STRICT_PROTOTYPES = YES;
				CLANG_WARN_SUSPICIOUS_MOVE = YES;
				CLANG_WARN_UNGUARDED_AVAILABILITY = YES_AGGRESSIVE;
				CLANG_WARN_UNREACHABLE_CODE = YES;
				CLANG_WARN__DUPLICATE_METHOD_MATCH = YES;
				COPY_PHASE_STRIP = NO;
				DEBUG_INFORMATION_FORMAT = dwarf;
				ENABLE_STRICT_OBJC_MSGSEND = YES;
				ENABLE_TESTABILITY = YES;
				GCC_C_LANGUAGE_STANDARD = gnu11;
				GCC_DYNAMIC_NO_PIC = NO;
				GCC_NO_COMMON_BLOCKS = YES;
				GCC_OPTIMIZATION_LEVEL = 0;
				GCC_PREPROCESSOR_DEFINITIONS = (
					"DEBUG=1",
					"$(inherited)",
				);
				GCC_WARN_64_TO_32_BIT_CONVERSION = YES;
				GCC_WARN_ABOUT_RETURN_TYPE = YES_ERROR;
				GCC_WARN_UNDECLARED_SELECTOR = YES;
				GCC_WARN_UNINITIALIZED_AUTOS = YES_AGGRESSIVE;
				GCC_WARN_UNUSED_FUNCTION = YES;
				GCC_WARN_UNUSED_VARIABLE = YES;
				IPHONEOS_DEPLOYMENT_TARGET = 13.2;
				MTL_ENABLE_DEBUG_INFO = INCLUDE_SOURCE;
				MTL_FAST_MATH = YES;
				ONLY_ACTIVE_ARCH = YES;
				SDKROOT = iphoneos;
				SWIFT_ACTIVE_COMPILATION_CONDITIONS = DEBUG;
				SWIFT_OPTIMIZATION_LEVEL = "-Onone";
			};
			name = Debug;
		};
		961B96092425EE92003EC992 /* Release */ = {
			isa = XCBuildConfiguration;
			buildSettings = {
				ALWAYS_SEARCH_USER_PATHS = NO;
				CLANG_ANALYZER_LOCALIZABILITY_NONLOCALIZED = YES;
				CLANG_ANALYZER_NONNULL = YES;
				CLANG_ANALYZER_NUMBER_OBJECT_CONVERSION = YES_AGGRESSIVE;
				CLANG_CXX_LANGUAGE_STANDARD = "gnu++14";
				CLANG_CXX_LIBRARY = "libc++";
				CLANG_ENABLE_MODULES = YES;
				CLANG_ENABLE_OBJC_ARC = YES;
				CLANG_ENABLE_OBJC_WEAK = YES;
				CLANG_WARN_BLOCK_CAPTURE_AUTORELEASING = YES;
				CLANG_WARN_BOOL_CONVERSION = YES;
				CLANG_WARN_COMMA = YES;
				CLANG_WARN_CONSTANT_CONVERSION = YES;
				CLANG_WARN_DEPRECATED_OBJC_IMPLEMENTATIONS = YES;
				CLANG_WARN_DIRECT_OBJC_ISA_USAGE = YES_ERROR;
				CLANG_WARN_DOCUMENTATION_COMMENTS = YES;
				CLANG_WARN_EMPTY_BODY = YES;
				CLANG_WARN_ENUM_CONVERSION = YES;
				CLANG_WARN_INFINITE_RECURSION = YES;
				CLANG_WARN_INT_CONVERSION = YES;
				CLANG_WARN_NON_LITERAL_NULL_CONVERSION = YES;
				CLANG_WARN_OBJC_IMPLICIT_RETAIN_SELF = YES;
				CLANG_WARN_OBJC_LITERAL_CONVERSION = YES;
				CLANG_WARN_OBJC_ROOT_CLASS = YES_ERROR;
				CLANG_WARN_RANGE_LOOP_ANALYSIS = YES;
				CLANG_WARN_STRICT_PROTOTYPES = YES;
				CLANG_WARN_SUSPICIOUS_MOVE = YES;
				CLANG_WARN_UNGUARDED_AVAILABILITY = YES_AGGRESSIVE;
				CLANG_WARN_UNREACHABLE_CODE = YES;
				CLANG_WARN__DUPLICATE_METHOD_MATCH = YES;
				COPY_PHASE_STRIP = NO;
				DEBUG_INFORMATION_FORMAT = "dwarf-with-dsym";
				ENABLE_NS_ASSERTIONS = NO;
				ENABLE_STRICT_OBJC_MSGSEND = YES;
				GCC_C_LANGUAGE_STANDARD = gnu11;
				GCC_NO_COMMON_BLOCKS = YES;
				GCC_WARN_64_TO_32_BIT_CONVERSION = YES;
				GCC_WARN_ABOUT_RETURN_TYPE = YES_ERROR;
				GCC_WARN_UNDECLARED_SELECTOR = YES;
				GCC_WARN_UNINITIALIZED_AUTOS = YES_AGGRESSIVE;
				GCC_WARN_UNUSED_FUNCTION = YES;
				GCC_WARN_UNUSED_VARIABLE = YES;
				IPHONEOS_DEPLOYMENT_TARGET = 13.2;
				MTL_ENABLE_DEBUG_INFO = NO;
				MTL_FAST_MATH = YES;
				SDKROOT = iphoneos;
				SWIFT_COMPILATION_MODE = wholemodule;
				SWIFT_OPTIMIZATION_LEVEL = "-O";
				VALIDATE_PRODUCT = YES;
			};
			name = Release;
		};
		961B960B2425EE92003EC992 /* Debug */ = {
			isa = XCBuildConfiguration;
			buildSettings = {
				ASSETCATALOG_COMPILER_APPICON_NAME = AppIcon;
				CODE_SIGN_STYLE = Automatic;
				CURRENT_PROJECT_VERSION = 1;
				DEVELOPMENT_TEAM = 485UNLA592;
				INFOPLIST_FILE = "DetectIt/Support files/Info.plist";
				IPHONEOS_DEPLOYMENT_TARGET = 13.0;
				LD_RUNPATH_SEARCH_PATHS = (
					"$(inherited)",
					"@executable_path/Frameworks",
				);
				MARKETING_VERSION = 1.4;
				PRODUCT_BUNDLE_IDENTIFIER = com.mesterra.detectit;
				PRODUCT_NAME = Detect;
				SWIFT_VERSION = 5.0;
				TARGETED_DEVICE_FAMILY = "1,2";
			};
			name = Debug;
		};
		961B960C2425EE92003EC992 /* Release */ = {
			isa = XCBuildConfiguration;
			buildSettings = {
				ASSETCATALOG_COMPILER_APPICON_NAME = AppIcon;
				CODE_SIGN_IDENTITY = "Apple Development";
				CODE_SIGN_STYLE = Automatic;
				CURRENT_PROJECT_VERSION = 1;
				DEVELOPMENT_TEAM = 485UNLA592;
				INFOPLIST_FILE = "DetectIt/Support files/Info.plist";
				IPHONEOS_DEPLOYMENT_TARGET = 13.0;
				LD_RUNPATH_SEARCH_PATHS = (
					"$(inherited)",
					"@executable_path/Frameworks",
				);
				MARKETING_VERSION = 1.4;
				PRODUCT_BUNDLE_IDENTIFIER = com.mesterra.detectit;
				PRODUCT_NAME = Detect;
				PROVISIONING_PROFILE_SPECIFIER = "";
				SWIFT_VERSION = 5.0;
				TARGETED_DEVICE_FAMILY = "1,2";
			};
			name = Release;
		};
		961B960E2425EE92003EC992 /* Debug */ = {
			isa = XCBuildConfiguration;
			buildSettings = {
				ALWAYS_EMBED_SWIFT_STANDARD_LIBRARIES = YES;
				BUNDLE_LOADER = "$(TEST_HOST)";
				CLANG_ENABLE_MODULES = YES;
				CODE_SIGN_STYLE = Automatic;
				DEVELOPMENT_TEAM = 485UNLA592;
				INFOPLIST_FILE = DetectItTests/Info.plist;
				IPHONEOS_DEPLOYMENT_TARGET = 13.2;
				LD_RUNPATH_SEARCH_PATHS = (
					"$(inherited)",
					"@executable_path/Frameworks",
					"@loader_path/Frameworks",
				);
				PRODUCT_BUNDLE_IDENTIFIER = com.mesterra.DetectItTests;
				PRODUCT_NAME = "$(TARGET_NAME)";
				SWIFT_OPTIMIZATION_LEVEL = "-Onone";
				SWIFT_VERSION = 5.0;
				TARGETED_DEVICE_FAMILY = "1,2";
				TEST_HOST = "$(BUILT_PRODUCTS_DIR)/Detect.app/Detect";
			};
			name = Debug;
		};
		961B960F2425EE92003EC992 /* Release */ = {
			isa = XCBuildConfiguration;
			buildSettings = {
				ALWAYS_EMBED_SWIFT_STANDARD_LIBRARIES = YES;
				BUNDLE_LOADER = "$(TEST_HOST)";
				CLANG_ENABLE_MODULES = YES;
				CODE_SIGN_STYLE = Automatic;
				DEVELOPMENT_TEAM = 485UNLA592;
				INFOPLIST_FILE = DetectItTests/Info.plist;
				IPHONEOS_DEPLOYMENT_TARGET = 13.2;
				LD_RUNPATH_SEARCH_PATHS = (
					"$(inherited)",
					"@executable_path/Frameworks",
					"@loader_path/Frameworks",
				);
				PRODUCT_BUNDLE_IDENTIFIER = com.mesterra.DetectItTests;
				PRODUCT_NAME = "$(TARGET_NAME)";
				SWIFT_VERSION = 5.0;
				TARGETED_DEVICE_FAMILY = "1,2";
				TEST_HOST = "$(BUILT_PRODUCTS_DIR)/Detect.app/Detect";
			};
			name = Release;
		};
		961B96112425EE92003EC992 /* Debug */ = {
			isa = XCBuildConfiguration;
			buildSettings = {
				ALWAYS_EMBED_SWIFT_STANDARD_LIBRARIES = YES;
				CODE_SIGN_STYLE = Automatic;
				DEVELOPMENT_TEAM = 485UNLA592;
				INFOPLIST_FILE = DetectItUITests/Info.plist;
				LD_RUNPATH_SEARCH_PATHS = (
					"$(inherited)",
					"@executable_path/Frameworks",
					"@loader_path/Frameworks",
				);
				PRODUCT_BUNDLE_IDENTIFIER = com.mesterra.DetectItUITests;
				PRODUCT_NAME = "$(TARGET_NAME)";
				SWIFT_VERSION = 5.0;
				TARGETED_DEVICE_FAMILY = "1,2";
				TEST_TARGET_NAME = DetectIt;
			};
			name = Debug;
		};
		961B96122425EE92003EC992 /* Release */ = {
			isa = XCBuildConfiguration;
			buildSettings = {
				ALWAYS_EMBED_SWIFT_STANDARD_LIBRARIES = YES;
				CODE_SIGN_STYLE = Automatic;
				DEVELOPMENT_TEAM = 485UNLA592;
				INFOPLIST_FILE = DetectItUITests/Info.plist;
				LD_RUNPATH_SEARCH_PATHS = (
					"$(inherited)",
					"@executable_path/Frameworks",
					"@loader_path/Frameworks",
				);
				PRODUCT_BUNDLE_IDENTIFIER = com.mesterra.DetectItUITests;
				PRODUCT_NAME = "$(TARGET_NAME)";
				SWIFT_VERSION = 5.0;
				TARGETED_DEVICE_FAMILY = "1,2";
				TEST_TARGET_NAME = DetectIt;
			};
			name = Release;
		};
/* End XCBuildConfiguration section */

/* Begin XCConfigurationList section */
		961B95DB2425EE89003EC992 /* Build configuration list for PBXProject "DetectIt" */ = {
			isa = XCConfigurationList;
			buildConfigurations = (
				961B96082425EE92003EC992 /* Debug */,
				961B96092425EE92003EC992 /* Release */,
			);
			defaultConfigurationIsVisible = 0;
			defaultConfigurationName = Release;
		};
		961B960A2425EE92003EC992 /* Build configuration list for PBXNativeTarget "DetectIt" */ = {
			isa = XCConfigurationList;
			buildConfigurations = (
				961B960B2425EE92003EC992 /* Debug */,
				961B960C2425EE92003EC992 /* Release */,
			);
			defaultConfigurationIsVisible = 0;
			defaultConfigurationName = Release;
		};
		961B960D2425EE92003EC992 /* Build configuration list for PBXNativeTarget "DetectItTests" */ = {
			isa = XCConfigurationList;
			buildConfigurations = (
				961B960E2425EE92003EC992 /* Debug */,
				961B960F2425EE92003EC992 /* Release */,
			);
			defaultConfigurationIsVisible = 0;
			defaultConfigurationName = Release;
		};
		961B96102425EE92003EC992 /* Build configuration list for PBXNativeTarget "DetectItUITests" */ = {
			isa = XCConfigurationList;
			buildConfigurations = (
				961B96112425EE92003EC992 /* Debug */,
				961B96122425EE92003EC992 /* Release */,
			);
			defaultConfigurationIsVisible = 0;
			defaultConfigurationName = Release;
		};
/* End XCConfigurationList section */
	};
	rootObject = 961B95D82425EE89003EC992 /* Project object */;
}
