// !$*UTF8*$!
{
	archiveVersion = 1;
	classes = {
	};
	objectVersion = 50;
	objects = {

/* Begin PBXBuildFile section */
		9605432E244F73580083C217 /* HelpScreen.swift in Sources */ = {isa = PBXBuildFile; fileRef = 9605432D244F73580083C217 /* HelpScreen.swift */; };
		96054BF32455D2920083C217 /* DetectItAPI.framework in Frameworks */ = {isa = PBXBuildFile; fileRef = 96054BF22455D2920083C217 /* DetectItAPI.framework */; };
		96054BF42455D2920083C217 /* DetectItAPI.framework in Embed Frameworks */ = {isa = PBXBuildFile; fileRef = 96054BF22455D2920083C217 /* DetectItAPI.framework */; settings = {ATTRIBUTES = (CodeSignOnCopy, RemoveHeadersOnCopy, ); }; };
		96054C112458789A0083C217 /* TaskScreenRoute.swift in Sources */ = {isa = PBXBuildFile; fileRef = 96054C102458789A0083C217 /* TaskScreenRoute.swift */; };
		96054C13245897DF0083C217 /* OnboardingCreateOrGetUserScreen.swift in Sources */ = {isa = PBXBuildFile; fileRef = 96054C12245897DF0083C217 /* OnboardingCreateOrGetUserScreen.swift */; };
		961B95E42425EE89003EC992 /* AppDelegate.swift in Sources */ = {isa = PBXBuildFile; fileRef = 961B95E32425EE89003EC992 /* AppDelegate.swift */; };
		961B95E62425EE89003EC992 /* SceneDelegate.swift in Sources */ = {isa = PBXBuildFile; fileRef = 961B95E52425EE89003EC992 /* SceneDelegate.swift */; };
		961B95ED2425EE92003EC992 /* Assets.xcassets in Resources */ = {isa = PBXBuildFile; fileRef = 961B95EC2425EE92003EC992 /* Assets.xcassets */; };
		961B95F02425EE92003EC992 /* LaunchScreen.storyboard in Resources */ = {isa = PBXBuildFile; fileRef = 961B95EE2425EE92003EC992 /* LaunchScreen.storyboard */; };
		961B96062425EE92003EC992 /* DetectItUITests.swift in Sources */ = {isa = PBXBuildFile; fileRef = 961B96052425EE92003EC992 /* DetectItUITests.swift */; };
		961B964B242600CF003EC992 /* DetectItCore.framework in Frameworks */ = {isa = PBXBuildFile; fileRef = 961B964A242600CF003EC992 /* DetectItCore.framework */; };
		961B964C242600CF003EC992 /* DetectItCore.framework in Embed Frameworks */ = {isa = PBXBuildFile; fileRef = 961B964A242600CF003EC992 /* DetectItCore.framework */; settings = {ATTRIBUTES = (CodeSignOnCopy, RemoveHeadersOnCopy, ); }; };
		961EEDF6243F834800462CD3 /* ProfileTaskScreen+State.swift in Sources */ = {isa = PBXBuildFile; fileRef = 961EEDF5243F834800462CD3 /* ProfileTaskScreen+State.swift */; };
		96200CAF244195ED00A3C720 /* PhotoViewerScreen.swift in Sources */ = {isa = PBXBuildFile; fileRef = 96200CAE244195ED00A3C720 /* PhotoViewerScreen.swift */; };
		96500E0B2429DF63005FFC7A /* TaskBundles in Resources */ = {isa = PBXBuildFile; fileRef = 96500E0A2429DF63005FFC7A /* TaskBundles */; };
		96500E10242A117D005FFC7A /* TaskBundles in Resources */ = {isa = PBXBuildFile; fileRef = 96500E0A2429DF63005FFC7A /* TaskBundles */; };
		96500E11242A117D005FFC7A /* TaskBundles in Resources */ = {isa = PBXBuildFile; fileRef = 96500E0A2429DF63005FFC7A /* TaskBundles */; };
		96500E13242A11B7005FFC7A /* TaskBundlesConsistencyTests.swift in Sources */ = {isa = PBXBuildFile; fileRef = 96500E12242A11B7005FFC7A /* TaskBundlesConsistencyTests.swift */; };
		96500E35242F0FDD005FFC7A /* DetectItUI.framework in Frameworks */ = {isa = PBXBuildFile; fileRef = 96500E34242F0FDD005FFC7A /* DetectItUI.framework */; };
		96500E36242F0FDD005FFC7A /* DetectItUI.framework in Embed Frameworks */ = {isa = PBXBuildFile; fileRef = 96500E34242F0FDD005FFC7A /* DetectItUI.framework */; settings = {ATTRIBUTES = (CodeSignOnCopy, RemoveHeadersOnCopy, ); }; };
		96500E862435A445005FFC7A /* TasksBundleScreen.swift in Sources */ = {isa = PBXBuildFile; fileRef = 96500E852435A445005FFC7A /* TasksBundleScreen.swift */; };
		965AC7AC24387774003A3DC7 /* MainScreen.swift in Sources */ = {isa = PBXBuildFile; fileRef = 965AC7AB24387774003A3DC7 /* MainScreen.swift */; };
		965AC7C92438B945003A3DC7 /* TasksBundleScreen+Section.swift in Sources */ = {isa = PBXBuildFile; fileRef = 965AC7C82438B945003A3DC7 /* TasksBundleScreen+Section.swift */; };
		965AC7D12438BA09003A3DC7 /* DecoderTaskScreen.swift in Sources */ = {isa = PBXBuildFile; fileRef = 965AC7D02438BA09003A3DC7 /* DecoderTaskScreen.swift */; };
		965AC7D32438BA19003A3DC7 /* ProfileTaskScreen.swift in Sources */ = {isa = PBXBuildFile; fileRef = 965AC7D22438BA19003A3DC7 /* ProfileTaskScreen.swift */; };
		965AC7D52438BA26003A3DC7 /* QuestTaskScreen.swift in Sources */ = {isa = PBXBuildFile; fileRef = 965AC7D42438BA26003A3DC7 /* QuestTaskScreen.swift */; };
		965AC7F7243A103B003A3DC7 /* MainScreenDataLoader.swift in Sources */ = {isa = PBXBuildFile; fileRef = 965AC7F6243A103B003A3DC7 /* MainScreenDataLoader.swift */; };
		96AAB00C243F3BC800F61443 /* ProfileTaskScreenDataLoader.swift in Sources */ = {isa = PBXBuildFile; fileRef = 96AAB00B243F3BC800F61443 /* ProfileTaskScreenDataLoader.swift */; };
		96F054752444AB0C000742E4 /* DebugMenuScreen.swift in Sources */ = {isa = PBXBuildFile; fileRef = 96F054742444AB0C000742E4 /* DebugMenuScreen.swift */; };
		96F054782444C60E000742E4 /* OnboardingScreen.swift in Sources */ = {isa = PBXBuildFile; fileRef = 96F054772444C60E000742E4 /* OnboardingScreen.swift */; };
		96F0547A2444CD77000742E4 /* OnboardingPage.swift in Sources */ = {isa = PBXBuildFile; fileRef = 96F054792444CD77000742E4 /* OnboardingPage.swift */; };
		96F0547C2444D2EC000742E4 /* OnboardingEnterNamePage.swift in Sources */ = {isa = PBXBuildFile; fileRef = 96F0547B2444D2EC000742E4 /* OnboardingEnterNamePage.swift */; };
/* End PBXBuildFile section */

/* Begin PBXContainerItemProxy section */
		961B95F72425EE92003EC992 /* PBXContainerItemProxy */ = {
			isa = PBXContainerItemProxy;
			containerPortal = 961B95D82425EE89003EC992 /* Project object */;
			proxyType = 1;
			remoteGlobalIDString = 961B95DF2425EE89003EC992;
			remoteInfo = DetectIt;
		};
		961B96022425EE92003EC992 /* PBXContainerItemProxy */ = {
			isa = PBXContainerItemProxy;
			containerPortal = 961B95D82425EE89003EC992 /* Project object */;
			proxyType = 1;
			remoteGlobalIDString = 961B95DF2425EE89003EC992;
			remoteInfo = DetectIt;
		};
/* End PBXContainerItemProxy section */

/* Begin PBXCopyFilesBuildPhase section */
		961B964D242600CF003EC992 /* Embed Frameworks */ = {
			isa = PBXCopyFilesBuildPhase;
			buildActionMask = 2147483647;
			dstPath = "";
			dstSubfolderSpec = 10;
			files = (
				96054BF42455D2920083C217 /* DetectItAPI.framework in Embed Frameworks */,
				96500E36242F0FDD005FFC7A /* DetectItUI.framework in Embed Frameworks */,
				961B964C242600CF003EC992 /* DetectItCore.framework in Embed Frameworks */,
			);
			name = "Embed Frameworks";
			runOnlyForDeploymentPostprocessing = 0;
		};
/* End PBXCopyFilesBuildPhase section */

/* Begin PBXFileReference section */
		9605432D244F73580083C217 /* HelpScreen.swift */ = {isa = PBXFileReference; lastKnownFileType = sourcecode.swift; path = HelpScreen.swift; sourceTree = "<group>"; };
		96054BF22455D2920083C217 /* DetectItAPI.framework */ = {isa = PBXFileReference; explicitFileType = wrapper.framework; path = DetectItAPI.framework; sourceTree = BUILT_PRODUCTS_DIR; };
		96054C102458789A0083C217 /* TaskScreenRoute.swift */ = {isa = PBXFileReference; lastKnownFileType = sourcecode.swift; path = TaskScreenRoute.swift; sourceTree = "<group>"; };
		96054C12245897DF0083C217 /* OnboardingCreateOrGetUserScreen.swift */ = {isa = PBXFileReference; lastKnownFileType = sourcecode.swift; path = OnboardingCreateOrGetUserScreen.swift; sourceTree = "<group>"; };
		961B95E02425EE89003EC992 /* Detect.app */ = {isa = PBXFileReference; explicitFileType = wrapper.application; includeInIndex = 0; path = Detect.app; sourceTree = BUILT_PRODUCTS_DIR; };
		961B95E32425EE89003EC992 /* AppDelegate.swift */ = {isa = PBXFileReference; lastKnownFileType = sourcecode.swift; path = AppDelegate.swift; sourceTree = "<group>"; };
		961B95E52425EE89003EC992 /* SceneDelegate.swift */ = {isa = PBXFileReference; lastKnownFileType = sourcecode.swift; path = SceneDelegate.swift; sourceTree = "<group>"; };
		961B95EC2425EE92003EC992 /* Assets.xcassets */ = {isa = PBXFileReference; lastKnownFileType = folder.assetcatalog; path = Assets.xcassets; sourceTree = "<group>"; };
		961B95EF2425EE92003EC992 /* Base */ = {isa = PBXFileReference; lastKnownFileType = file.storyboard; name = Base; path = Base.lproj/LaunchScreen.storyboard; sourceTree = "<group>"; };
		961B95F12425EE92003EC992 /* Info.plist */ = {isa = PBXFileReference; lastKnownFileType = text.plist.xml; path = Info.plist; sourceTree = "<group>"; };
		961B95F62425EE92003EC992 /* DetectItTests.xctest */ = {isa = PBXFileReference; explicitFileType = wrapper.cfbundle; includeInIndex = 0; path = DetectItTests.xctest; sourceTree = BUILT_PRODUCTS_DIR; };
		961B95FC2425EE92003EC992 /* Info.plist */ = {isa = PBXFileReference; lastKnownFileType = text.plist.xml; path = Info.plist; sourceTree = "<group>"; };
		961B96012425EE92003EC992 /* DetectItUITests.xctest */ = {isa = PBXFileReference; explicitFileType = wrapper.cfbundle; includeInIndex = 0; path = DetectItUITests.xctest; sourceTree = BUILT_PRODUCTS_DIR; };
		961B96052425EE92003EC992 /* DetectItUITests.swift */ = {isa = PBXFileReference; lastKnownFileType = sourcecode.swift; path = DetectItUITests.swift; sourceTree = "<group>"; };
		961B96072425EE92003EC992 /* Info.plist */ = {isa = PBXFileReference; lastKnownFileType = text.plist.xml; path = Info.plist; sourceTree = "<group>"; };
		961B964A242600CF003EC992 /* DetectItCore.framework */ = {isa = PBXFileReference; explicitFileType = wrapper.framework; path = DetectItCore.framework; sourceTree = BUILT_PRODUCTS_DIR; };
		961EEDF5243F834800462CD3 /* ProfileTaskScreen+State.swift */ = {isa = PBXFileReference; lastKnownFileType = sourcecode.swift; path = "ProfileTaskScreen+State.swift"; sourceTree = "<group>"; };
		96200CAE244195ED00A3C720 /* PhotoViewerScreen.swift */ = {isa = PBXFileReference; lastKnownFileType = sourcecode.swift; path = PhotoViewerScreen.swift; sourceTree = "<group>"; };
		96500E0A2429DF63005FFC7A /* TaskBundles */ = {isa = PBXFileReference; lastKnownFileType = folder; path = TaskBundles; sourceTree = "<group>"; };
		96500E12242A11B7005FFC7A /* TaskBundlesConsistencyTests.swift */ = {isa = PBXFileReference; fileEncoding = 4; lastKnownFileType = sourcecode.swift; path = TaskBundlesConsistencyTests.swift; sourceTree = "<group>"; };
		96500E34242F0FDD005FFC7A /* DetectItUI.framework */ = {isa = PBXFileReference; explicitFileType = wrapper.framework; path = DetectItUI.framework; sourceTree = BUILT_PRODUCTS_DIR; };
		96500E852435A445005FFC7A /* TasksBundleScreen.swift */ = {isa = PBXFileReference; lastKnownFileType = sourcecode.swift; path = TasksBundleScreen.swift; sourceTree = "<group>"; };
		965AC7AB24387774003A3DC7 /* MainScreen.swift */ = {isa = PBXFileReference; lastKnownFileType = sourcecode.swift; path = MainScreen.swift; sourceTree = "<group>"; };
		965AC7C82438B945003A3DC7 /* TasksBundleScreen+Section.swift */ = {isa = PBXFileReference; lastKnownFileType = sourcecode.swift; path = "TasksBundleScreen+Section.swift"; sourceTree = "<group>"; };
		965AC7D02438BA09003A3DC7 /* DecoderTaskScreen.swift */ = {isa = PBXFileReference; lastKnownFileType = sourcecode.swift; path = DecoderTaskScreen.swift; sourceTree = "<group>"; };
		965AC7D22438BA19003A3DC7 /* ProfileTaskScreen.swift */ = {isa = PBXFileReference; lastKnownFileType = sourcecode.swift; path = ProfileTaskScreen.swift; sourceTree = "<group>"; };
		965AC7D42438BA26003A3DC7 /* QuestTaskScreen.swift */ = {isa = PBXFileReference; lastKnownFileType = sourcecode.swift; path = QuestTaskScreen.swift; sourceTree = "<group>"; };
		965AC7F6243A103B003A3DC7 /* MainScreenDataLoader.swift */ = {isa = PBXFileReference; lastKnownFileType = sourcecode.swift; path = MainScreenDataLoader.swift; sourceTree = "<group>"; };
		96AAB00B243F3BC800F61443 /* ProfileTaskScreenDataLoader.swift */ = {isa = PBXFileReference; lastKnownFileType = sourcecode.swift; path = ProfileTaskScreenDataLoader.swift; sourceTree = "<group>"; };
		96F054742444AB0C000742E4 /* DebugMenuScreen.swift */ = {isa = PBXFileReference; lastKnownFileType = sourcecode.swift; path = DebugMenuScreen.swift; sourceTree = "<group>"; };
		96F054772444C60E000742E4 /* OnboardingScreen.swift */ = {isa = PBXFileReference; lastKnownFileType = sourcecode.swift; path = OnboardingScreen.swift; sourceTree = "<group>"; };
		96F054792444CD77000742E4 /* OnboardingPage.swift */ = {isa = PBXFileReference; lastKnownFileType = sourcecode.swift; path = OnboardingPage.swift; sourceTree = "<group>"; };
		96F0547B2444D2EC000742E4 /* OnboardingEnterNamePage.swift */ = {isa = PBXFileReference; lastKnownFileType = sourcecode.swift; path = OnboardingEnterNamePage.swift; sourceTree = "<group>"; };
/* End PBXFileReference section */

/* Begin PBXFrameworksBuildPhase section */
		961B95DD2425EE89003EC992 /* Frameworks */ = {
			isa = PBXFrameworksBuildPhase;
			buildActionMask = 2147483647;
			files = (
				96054BF32455D2920083C217 /* DetectItAPI.framework in Frameworks */,
				96500E35242F0FDD005FFC7A /* DetectItUI.framework in Frameworks */,
				961B964B242600CF003EC992 /* DetectItCore.framework in Frameworks */,
			);
			runOnlyForDeploymentPostprocessing = 0;
		};
		961B95F32425EE92003EC992 /* Frameworks */ = {
			isa = PBXFrameworksBuildPhase;
			buildActionMask = 2147483647;
			files = (
			);
			runOnlyForDeploymentPostprocessing = 0;
		};
		961B95FE2425EE92003EC992 /* Frameworks */ = {
			isa = PBXFrameworksBuildPhase;
			buildActionMask = 2147483647;
			files = (
			);
			runOnlyForDeploymentPostprocessing = 0;
		};
/* End PBXFrameworksBuildPhase section */

/* Begin PBXGroup section */
		9605432C244F73430083C217 /* Help */ = {
			isa = PBXGroup;
			children = (
				9605432D244F73580083C217 /* HelpScreen.swift */,
			);
			path = Help;
			sourceTree = "<group>";
		};
		96054C0F245878760083C217 /* Routes */ = {
			isa = PBXGroup;
			children = (
				96054C102458789A0083C217 /* TaskScreenRoute.swift */,
			);
			path = Routes;
			sourceTree = "<group>";
		};
		961B95D72425EE89003EC992 = {
			isa = PBXGroup;
			children = (
				961B95E22425EE89003EC992 /* DetectIt */,
				961B95F92425EE92003EC992 /* DetectItTests */,
				961B96042425EE92003EC992 /* DetectItUITests */,
				961B95E12425EE89003EC992 /* Products */,
				961B9649242600CF003EC992 /* Frameworks */,
			);
			sourceTree = "<group>";
		};
		961B95E12425EE89003EC992 /* Products */ = {
			isa = PBXGroup;
			children = (
				961B95E02425EE89003EC992 /* Detect.app */,
				961B95F62425EE92003EC992 /* DetectItTests.xctest */,
				961B96012425EE92003EC992 /* DetectItUITests.xctest */,
			);
			name = Products;
			sourceTree = "<group>";
		};
		961B95E22425EE89003EC992 /* DetectIt */ = {
			isa = PBXGroup;
			children = (
				961B96132425EED0003EC992 /* Sources */,
				961B96142425EED8003EC992 /* Resources */,
				961B96152425EEDD003EC992 /* Support files */,
			);
			path = DetectIt;
			sourceTree = "<group>";
		};
		961B95F92425EE92003EC992 /* DetectItTests */ = {
			isa = PBXGroup;
			children = (
				96500E12242A11B7005FFC7A /* TaskBundlesConsistencyTests.swift */,
				961B95FC2425EE92003EC992 /* Info.plist */,
			);
			path = DetectItTests;
			sourceTree = "<group>";
		};
		961B96042425EE92003EC992 /* DetectItUITests */ = {
			isa = PBXGroup;
			children = (
				961B96052425EE92003EC992 /* DetectItUITests.swift */,
				961B96072425EE92003EC992 /* Info.plist */,
			);
			path = DetectItUITests;
			sourceTree = "<group>";
		};
		961B96132425EED0003EC992 /* Sources */ = {
			isa = PBXGroup;
			children = (
				961B96162425EF05003EC992 /* Application layer */,
				961B96182425EF67003EC992 /* Presentation layer */,
			);
			path = Sources;
			sourceTree = "<group>";
		};
		961B96142425EED8003EC992 /* Resources */ = {
			isa = PBXGroup;
			children = (
				96500E0A2429DF63005FFC7A /* TaskBundles */,
				961B95EC2425EE92003EC992 /* Assets.xcassets */,
				961B95EE2425EE92003EC992 /* LaunchScreen.storyboard */,
			);
			path = Resources;
			sourceTree = "<group>";
		};
		961B96152425EEDD003EC992 /* Support files */ = {
			isa = PBXGroup;
			children = (
				961B95F12425EE92003EC992 /* Info.plist */,
			);
			path = "Support files";
			sourceTree = "<group>";
		};
		961B96162425EF05003EC992 /* Application layer */ = {
			isa = PBXGroup;
			children = (
				961B95E32425EE89003EC992 /* AppDelegate.swift */,
				961B95E52425EE89003EC992 /* SceneDelegate.swift */,
			);
			path = "Application layer";
			sourceTree = "<group>";
		};
		961B96182425EF67003EC992 /* Presentation layer */ = {
			isa = PBXGroup;
			children = (
				96054C0F245878760083C217 /* Routes */,
				96500E822434FD0F005FFC7A /* Screens */,
			);
			path = "Presentation layer";
			sourceTree = "<group>";
		};
		961B9649242600CF003EC992 /* Frameworks */ = {
			isa = PBXGroup;
			children = (
				96054BF22455D2920083C217 /* DetectItAPI.framework */,
				96500E34242F0FDD005FFC7A /* DetectItUI.framework */,
				961B964A242600CF003EC992 /* DetectItCore.framework */,
			);
			name = Frameworks;
			sourceTree = "<group>";
		};
		96200CAD244195C700A3C720 /* PhotoViewerScreen */ = {
			isa = PBXGroup;
			children = (
				96200CAE244195ED00A3C720 /* PhotoViewerScreen.swift */,
			);
			path = PhotoViewerScreen;
			sourceTree = "<group>";
		};
		96500E822434FD0F005FFC7A /* Screens */ = {
			isa = PBXGroup;
			children = (
				96F054762444C374000742E4 /* Onboarding */,
				965AC7CA2438B9B1003A3DC7 /* Main */,
				965AC7C72438B932003A3DC7 /* TasksBundle */,
				965AC7CB2438B9B7003A3DC7 /* Task screens */,
				96200CAD244195C700A3C720 /* PhotoViewerScreen */,
				9605432C244F73430083C217 /* Help */,
				96F054732444AAFA000742E4 /* DebugMenu */,
			);
			path = Screens;
			sourceTree = "<group>";
		};
		965AC7C72438B932003A3DC7 /* TasksBundle */ = {
			isa = PBXGroup;
			children = (
				96500E852435A445005FFC7A /* TasksBundleScreen.swift */,
				965AC7C82438B945003A3DC7 /* TasksBundleScreen+Section.swift */,
			);
			path = TasksBundle;
			sourceTree = "<group>";
		};
		965AC7CA2438B9B1003A3DC7 /* Main */ = {
			isa = PBXGroup;
			children = (
				965AC7AB24387774003A3DC7 /* MainScreen.swift */,
				965AC7F6243A103B003A3DC7 /* MainScreenDataLoader.swift */,
			);
			path = Main;
			sourceTree = "<group>";
		};
		965AC7CB2438B9B7003A3DC7 /* Task screens */ = {
			isa = PBXGroup;
			children = (
				96AAB00A243F3BB100F61443 /* Profile */,
				965AC7D02438BA09003A3DC7 /* DecoderTaskScreen.swift */,
				965AC7D42438BA26003A3DC7 /* QuestTaskScreen.swift */,
			);
			path = "Task screens";
			sourceTree = "<group>";
		};
		96AAB00A243F3BB100F61443 /* Profile */ = {
			isa = PBXGroup;
			children = (
				965AC7D22438BA19003A3DC7 /* ProfileTaskScreen.swift */,
				96AAB00B243F3BC800F61443 /* ProfileTaskScreenDataLoader.swift */,
				961EEDF5243F834800462CD3 /* ProfileTaskScreen+State.swift */,
			);
			path = Profile;
			sourceTree = "<group>";
		};
		96F054732444AAFA000742E4 /* DebugMenu */ = {
			isa = PBXGroup;
			children = (
				96F054742444AB0C000742E4 /* DebugMenuScreen.swift */,
			);
			path = DebugMenu;
			sourceTree = "<group>";
		};
		96F054762444C374000742E4 /* Onboarding */ = {
			isa = PBXGroup;
			children = (
				96F054772444C60E000742E4 /* OnboardingScreen.swift */,
				96F054792444CD77000742E4 /* OnboardingPage.swift */,
				96F0547B2444D2EC000742E4 /* OnboardingEnterNamePage.swift */,
				96054C12245897DF0083C217 /* OnboardingCreateOrGetUserScreen.swift */,
			);
			path = Onboarding;
			sourceTree = "<group>";
		};
/* End PBXGroup section */

/* Begin PBXNativeTarget section */
		961B95DF2425EE89003EC992 /* DetectIt */ = {
			isa = PBXNativeTarget;
			buildConfigurationList = 961B960A2425EE92003EC992 /* Build configuration list for PBXNativeTarget "DetectIt" */;
			buildPhases = (
				961B95DC2425EE89003EC992 /* Sources */,
				961B95DD2425EE89003EC992 /* Frameworks */,
				961B95DE2425EE89003EC992 /* Resources */,
				961B964D242600CF003EC992 /* Embed Frameworks */,
			);
			buildRules = (
			);
			dependencies = (
			);
			name = DetectIt;
			packageProductDependencies = (
			);
			productName = DetectIt;
			productReference = 961B95E02425EE89003EC992 /* Detect.app */;
			productType = "com.apple.product-type.application";
		};
		961B95F52425EE92003EC992 /* DetectItTests */ = {
			isa = PBXNativeTarget;
			buildConfigurationList = 961B960D2425EE92003EC992 /* Build configuration list for PBXNativeTarget "DetectItTests" */;
			buildPhases = (
				961B95F22425EE92003EC992 /* Sources */,
				961B95F32425EE92003EC992 /* Frameworks */,
				961B95F42425EE92003EC992 /* Resources */,
			);
			buildRules = (
			);
			dependencies = (
				961B95F82425EE92003EC992 /* PBXTargetDependency */,
			);
			name = DetectItTests;
			productName = DetectItTests;
			productReference = 961B95F62425EE92003EC992 /* DetectItTests.xctest */;
			productType = "com.apple.product-type.bundle.unit-test";
		};
		961B96002425EE92003EC992 /* DetectItUITests */ = {
			isa = PBXNativeTarget;
			buildConfigurationList = 961B96102425EE92003EC992 /* Build configuration list for PBXNativeTarget "DetectItUITests" */;
			buildPhases = (
				961B95FD2425EE92003EC992 /* Sources */,
				961B95FE2425EE92003EC992 /* Frameworks */,
				961B95FF2425EE92003EC992 /* Resources */,
			);
			buildRules = (
			);
			dependencies = (
				961B96032425EE92003EC992 /* PBXTargetDependency */,
			);
			name = DetectItUITests;
			productName = DetectItUITests;
			productReference = 961B96012425EE92003EC992 /* DetectItUITests.xctest */;
			productType = "com.apple.product-type.bundle.ui-testing";
		};
/* End PBXNativeTarget section */

/* Begin PBXProject section */
		961B95D82425EE89003EC992 /* Project object */ = {
			isa = PBXProject;
			attributes = {
				LastSwiftUpdateCheck = 1130;
				LastUpgradeCheck = 1130;
				ORGANIZATIONNAME = Mesterra;
				TargetAttributes = {
					961B95DF2425EE89003EC992 = {
						CreatedOnToolsVersion = 11.3.1;
					};
					961B95F52425EE92003EC992 = {
						CreatedOnToolsVersion = 11.3.1;
						TestTargetID = 961B95DF2425EE89003EC992;
					};
					961B96002425EE92003EC992 = {
						CreatedOnToolsVersion = 11.3.1;
						TestTargetID = 961B95DF2425EE89003EC992;
					};
				};
			};
			buildConfigurationList = 961B95DB2425EE89003EC992 /* Build configuration list for PBXProject "DetectIt" */;
			compatibilityVersion = "Xcode 9.3";
			developmentRegion = en;
			hasScannedForEncodings = 0;
			knownRegions = (
				en,
				Base,
			);
			mainGroup = 961B95D72425EE89003EC992;
			packageReferences = (
			);
			productRefGroup = 961B95E12425EE89003EC992 /* Products */;
			projectDirPath = "";
			projectRoot = "";
			targets = (
				961B95DF2425EE89003EC992 /* DetectIt */,
				961B95F52425EE92003EC992 /* DetectItTests */,
				961B96002425EE92003EC992 /* DetectItUITests */,
			);
		};
/* End PBXProject section */

/* Begin PBXResourcesBuildPhase section */
		961B95DE2425EE89003EC992 /* Resources */ = {
			isa = PBXResourcesBuildPhase;
			buildActionMask = 2147483647;
			files = (
				96500E0B2429DF63005FFC7A /* TaskBundles in Resources */,
				961B95F02425EE92003EC992 /* LaunchScreen.storyboard in Resources */,
				961B95ED2425EE92003EC992 /* Assets.xcassets in Resources */,
			);
			runOnlyForDeploymentPostprocessing = 0;
		};
		961B95F42425EE92003EC992 /* Resources */ = {
			isa = PBXResourcesBuildPhase;
			buildActionMask = 2147483647;
			files = (
				96500E10242A117D005FFC7A /* TaskBundles in Resources */,
			);
			runOnlyForDeploymentPostprocessing = 0;
		};
		961B95FF2425EE92003EC992 /* Resources */ = {
			isa = PBXResourcesBuildPhase;
			buildActionMask = 2147483647;
			files = (
				96500E11242A117D005FFC7A /* TaskBundles in Resources */,
			);
			runOnlyForDeploymentPostprocessing = 0;
		};
/* End PBXResourcesBuildPhase section */

/* Begin PBXSourcesBuildPhase section */
		961B95DC2425EE89003EC992 /* Sources */ = {
			isa = PBXSourcesBuildPhase;
			buildActionMask = 2147483647;
			files = (
				965AC7D12438BA09003A3DC7 /* DecoderTaskScreen.swift in Sources */,
				965AC7F7243A103B003A3DC7 /* MainScreenDataLoader.swift in Sources */,
				961B95E42425EE89003EC992 /* AppDelegate.swift in Sources */,
				96500E862435A445005FFC7A /* TasksBundleScreen.swift in Sources */,
				96200CAF244195ED00A3C720 /* PhotoViewerScreen.swift in Sources */,
				96F054782444C60E000742E4 /* OnboardingScreen.swift in Sources */,
				965AC7C92438B945003A3DC7 /* TasksBundleScreen+Section.swift in Sources */,
				965AC7AC24387774003A3DC7 /* MainScreen.swift in Sources */,
				961EEDF6243F834800462CD3 /* ProfileTaskScreen+State.swift in Sources */,
				961B95E62425EE89003EC992 /* SceneDelegate.swift in Sources */,
				96054C112458789A0083C217 /* TaskScreenRoute.swift in Sources */,
				96F054752444AB0C000742E4 /* DebugMenuScreen.swift in Sources */,
				965AC7D52438BA26003A3DC7 /* QuestTaskScreen.swift in Sources */,
				965AC7D32438BA19003A3DC7 /* ProfileTaskScreen.swift in Sources */,
				96AAB00C243F3BC800F61443 /* ProfileTaskScreenDataLoader.swift in Sources */,
				96F0547A2444CD77000742E4 /* OnboardingPage.swift in Sources */,
				96054C13245897DF0083C217 /* OnboardingCreateOrGetUserScreen.swift in Sources */,
				9605432E244F73580083C217 /* HelpScreen.swift in Sources */,
				96F0547C2444D2EC000742E4 /* OnboardingEnterNamePage.swift in Sources */,
			);
			runOnlyForDeploymentPostprocessing = 0;
		};
		961B95F22425EE92003EC992 /* Sources */ = {
			isa = PBXSourcesBuildPhase;
			buildActionMask = 2147483647;
			files = (
				96500E13242A11B7005FFC7A /* TaskBundlesConsistencyTests.swift in Sources */,
			);
			runOnlyForDeploymentPostprocessing = 0;
		};
		961B95FD2425EE92003EC992 /* Sources */ = {
			isa = PBXSourcesBuildPhase;
			buildActionMask = 2147483647;
			files = (
				961B96062425EE92003EC992 /* DetectItUITests.swift in Sources */,
			);
			runOnlyForDeploymentPostprocessing = 0;
		};
/* End PBXSourcesBuildPhase section */

/* Begin PBXTargetDependency section */
		961B95F82425EE92003EC992 /* PBXTargetDependency */ = {
			isa = PBXTargetDependency;
			target = 961B95DF2425EE89003EC992 /* DetectIt */;
			targetProxy = 961B95F72425EE92003EC992 /* PBXContainerItemProxy */;
		};
		961B96032425EE92003EC992 /* PBXTargetDependency */ = {
			isa = PBXTargetDependency;
			target = 961B95DF2425EE89003EC992 /* DetectIt */;
			targetProxy = 961B96022425EE92003EC992 /* PBXContainerItemProxy */;
		};
/* End PBXTargetDependency section */

/* Begin PBXVariantGroup section */
		961B95EE2425EE92003EC992 /* LaunchScreen.storyboard */ = {
			isa = PBXVariantGroup;
			children = (
				961B95EF2425EE92003EC992 /* Base */,
			);
			name = LaunchScreen.storyboard;
			sourceTree = "<group>";
		};
/* End PBXVariantGroup section */

/* Begin XCBuildConfiguration section */
		961B96082425EE92003EC992 /* Debug */ = {
			isa = XCBuildConfiguration;
			buildSettings = {
				ALWAYS_SEARCH_USER_PATHS = NO;
				CLANG_ANALYZER_NONNULL = YES;
				CLANG_ANALYZER_NUMBER_OBJECT_CONVERSION = YES_AGGRESSIVE;
				CLANG_CXX_LANGUAGE_STANDARD = "gnu++14";
				CLANG_CXX_LIBRARY = "libc++";
				CLANG_ENABLE_MODULES = YES;
				CLANG_ENABLE_OBJC_ARC = YES;
				CLANG_ENABLE_OBJC_WEAK = YES;
				CLANG_WARN_BLOCK_CAPTURE_AUTORELEASING = YES;
				CLANG_WARN_BOOL_CONVERSION = YES;
				CLANG_WARN_COMMA = YES;
				CLANG_WARN_CONSTANT_CONVERSION = YES;
				CLANG_WARN_DEPRECATED_OBJC_IMPLEMENTATIONS = YES;
				CLANG_WARN_DIRECT_OBJC_ISA_USAGE = YES_ERROR;
				CLANG_WARN_DOCUMENTATION_COMMENTS = YES;
				CLANG_WARN_EMPTY_BODY = YES;
				CLANG_WARN_ENUM_CONVERSION = YES;
				CLANG_WARN_INFINITE_RECURSION = YES;
				CLANG_WARN_INT_CONVERSION = YES;
				CLANG_WARN_NON_LITERAL_NULL_CONVERSION = YES;
				CLANG_WARN_OBJC_IMPLICIT_RETAIN_SELF = YES;
				CLANG_WARN_OBJC_LITERAL_CONVERSION = YES;
				CLANG_WARN_OBJC_ROOT_CLASS = YES_ERROR;
				CLANG_WARN_RANGE_LOOP_ANALYSIS = YES;
				CLANG_WARN_STRICT_PROTOTYPES = YES;
				CLANG_WARN_SUSPICIOUS_MOVE = YES;
				CLANG_WARN_UNGUARDED_AVAILABILITY = YES_AGGRESSIVE;
				CLANG_WARN_UNREACHABLE_CODE = YES;
				CLANG_WARN__DUPLICATE_METHOD_MATCH = YES;
				COPY_PHASE_STRIP = NO;
				DEBUG_INFORMATION_FORMAT = dwarf;
				ENABLE_STRICT_OBJC_MSGSEND = YES;
				ENABLE_TESTABILITY = YES;
				GCC_C_LANGUAGE_STANDARD = gnu11;
				GCC_DYNAMIC_NO_PIC = NO;
				GCC_NO_COMMON_BLOCKS = YES;
				GCC_OPTIMIZATION_LEVEL = 0;
				GCC_PREPROCESSOR_DEFINITIONS = (
					"DEBUG=1",
					"$(inherited)",
				);
				GCC_WARN_64_TO_32_BIT_CONVERSION = YES;
				GCC_WARN_ABOUT_RETURN_TYPE = YES_ERROR;
				GCC_WARN_UNDECLARED_SELECTOR = YES;
				GCC_WARN_UNINITIALIZED_AUTOS = YES_AGGRESSIVE;
				GCC_WARN_UNUSED_FUNCTION = YES;
				GCC_WARN_UNUSED_VARIABLE = YES;
				IPHONEOS_DEPLOYMENT_TARGET = 13.2;
				MTL_ENABLE_DEBUG_INFO = INCLUDE_SOURCE;
				MTL_FAST_MATH = YES;
				ONLY_ACTIVE_ARCH = YES;
				SDKROOT = iphoneos;
				SWIFT_ACTIVE_COMPILATION_CONDITIONS = DEBUG;
				SWIFT_OPTIMIZATION_LEVEL = "-Onone";
			};
			name = Debug;
		};
		961B96092425EE92003EC992 /* Release */ = {
			isa = XCBuildConfiguration;
			buildSettings = {
				ALWAYS_SEARCH_USER_PATHS = NO;
				CLANG_ANALYZER_NONNULL = YES;
				CLANG_ANALYZER_NUMBER_OBJECT_CONVERSION = YES_AGGRESSIVE;
				CLANG_CXX_LANGUAGE_STANDARD = "gnu++14";
				CLANG_CXX_LIBRARY = "libc++";
				CLANG_ENABLE_MODULES = YES;
				CLANG_ENABLE_OBJC_ARC = YES;
				CLANG_ENABLE_OBJC_WEAK = YES;
				CLANG_WARN_BLOCK_CAPTURE_AUTORELEASING = YES;
				CLANG_WARN_BOOL_CONVERSION = YES;
				CLANG_WARN_COMMA = YES;
				CLANG_WARN_CONSTANT_CONVERSION = YES;
				CLANG_WARN_DEPRECATED_OBJC_IMPLEMENTATIONS = YES;
				CLANG_WARN_DIRECT_OBJC_ISA_USAGE = YES_ERROR;
				CLANG_WARN_DOCUMENTATION_COMMENTS = YES;
				CLANG_WARN_EMPTY_BODY = YES;
				CLANG_WARN_ENUM_CONVERSION = YES;
				CLANG_WARN_INFINITE_RECURSION = YES;
				CLANG_WARN_INT_CONVERSION = YES;
				CLANG_WARN_NON_LITERAL_NULL_CONVERSION = YES;
				CLANG_WARN_OBJC_IMPLICIT_RETAIN_SELF = YES;
				CLANG_WARN_OBJC_LITERAL_CONVERSION = YES;
				CLANG_WARN_OBJC_ROOT_CLASS = YES_ERROR;
				CLANG_WARN_RANGE_LOOP_ANALYSIS = YES;
				CLANG_WARN_STRICT_PROTOTYPES = YES;
				CLANG_WARN_SUSPICIOUS_MOVE = YES;
				CLANG_WARN_UNGUARDED_AVAILABILITY = YES_AGGRESSIVE;
				CLANG_WARN_UNREACHABLE_CODE = YES;
				CLANG_WARN__DUPLICATE_METHOD_MATCH = YES;
				COPY_PHASE_STRIP = NO;
				DEBUG_INFORMATION_FORMAT = "dwarf-with-dsym";
				ENABLE_NS_ASSERTIONS = NO;
				ENABLE_STRICT_OBJC_MSGSEND = YES;
				GCC_C_LANGUAGE_STANDARD = gnu11;
				GCC_NO_COMMON_BLOCKS = YES;
				GCC_WARN_64_TO_32_BIT_CONVERSION = YES;
				GCC_WARN_ABOUT_RETURN_TYPE = YES_ERROR;
				GCC_WARN_UNDECLARED_SELECTOR = YES;
				GCC_WARN_UNINITIALIZED_AUTOS = YES_AGGRESSIVE;
				GCC_WARN_UNUSED_FUNCTION = YES;
				GCC_WARN_UNUSED_VARIABLE = YES;
				IPHONEOS_DEPLOYMENT_TARGET = 13.2;
				MTL_ENABLE_DEBUG_INFO = NO;
				MTL_FAST_MATH = YES;
				SDKROOT = iphoneos;
				SWIFT_COMPILATION_MODE = wholemodule;
				SWIFT_OPTIMIZATION_LEVEL = "-O";
				VALIDATE_PRODUCT = YES;
			};
			name = Release;
		};
		961B960B2425EE92003EC992 /* Debug */ = {
			isa = XCBuildConfiguration;
			buildSettings = {
				ASSETCATALOG_COMPILER_APPICON_NAME = AppIcon;
				CODE_SIGN_STYLE = Automatic;
				CURRENT_PROJECT_VERSION = 4;
				DEVELOPMENT_TEAM = 485UNLA592;
				INFOPLIST_FILE = "DetectIt/Support files/Info.plist";
				IPHONEOS_DEPLOYMENT_TARGET = 13.0;
				LD_RUNPATH_SEARCH_PATHS = (
					"$(inherited)",
					"@executable_path/Frameworks",
				);
				PRODUCT_BUNDLE_IDENTIFIER = com.mesterra.detectit;
				PRODUCT_NAME = Detect;
				SWIFT_VERSION = 5.0;
				TARGETED_DEVICE_FAMILY = "1,2";
			};
			name = Debug;
		};
		961B960C2425EE92003EC992 /* Release */ = {
			isa = XCBuildConfiguration;
			buildSettings = {
				ASSETCATALOG_COMPILER_APPICON_NAME = AppIcon;
				CODE_SIGN_STYLE = Automatic;
				CURRENT_PROJECT_VERSION = 4;
				DEVELOPMENT_TEAM = 485UNLA592;
				INFOPLIST_FILE = "DetectIt/Support files/Info.plist";
				IPHONEOS_DEPLOYMENT_TARGET = 13.0;
				LD_RUNPATH_SEARCH_PATHS = (
					"$(inherited)",
					"@executable_path/Frameworks",
				);
				PRODUCT_BUNDLE_IDENTIFIER = com.mesterra.detectit;
				PRODUCT_NAME = Detect;
				SWIFT_VERSION = 5.0;
				TARGETED_DEVICE_FAMILY = "1,2";
			};
			name = Release;
		};
		961B960E2425EE92003EC992 /* Debug */ = {
			isa = XCBuildConfiguration;
			buildSettings = {
				ALWAYS_EMBED_SWIFT_STANDARD_LIBRARIES = YES;
				BUNDLE_LOADER = "$(TEST_HOST)";
				CODE_SIGN_STYLE = Automatic;
				DEVELOPMENT_TEAM = 485UNLA592;
				INFOPLIST_FILE = DetectItTests/Info.plist;
				IPHONEOS_DEPLOYMENT_TARGET = 13.2;
				LD_RUNPATH_SEARCH_PATHS = (
					"$(inherited)",
					"@executable_path/Frameworks",
					"@loader_path/Frameworks",
				);
				PRODUCT_BUNDLE_IDENTIFIER = com.mesterra.DetectItTests;
				PRODUCT_NAME = "$(TARGET_NAME)";
				SWIFT_VERSION = 5.0;
				TARGETED_DEVICE_FAMILY = "1,2";
				TEST_HOST = "$(BUILT_PRODUCTS_DIR)/Detect.app/Detect";
			};
			name = Debug;
		};
		961B960F2425EE92003EC992 /* Release */ = {
			isa = XCBuildConfiguration;
			buildSettings = {
				ALWAYS_EMBED_SWIFT_STANDARD_LIBRARIES = YES;
				BUNDLE_LOADER = "$(TEST_HOST)";
				CODE_SIGN_STYLE = Automatic;
				DEVELOPMENT_TEAM = 485UNLA592;
				INFOPLIST_FILE = DetectItTests/Info.plist;
				IPHONEOS_DEPLOYMENT_TARGET = 13.2;
				LD_RUNPATH_SEARCH_PATHS = (
					"$(inherited)",
					"@executable_path/Frameworks",
					"@loader_path/Frameworks",
				);
				PRODUCT_BUNDLE_IDENTIFIER = com.mesterra.DetectItTests;
				PRODUCT_NAME = "$(TARGET_NAME)";
				SWIFT_VERSION = 5.0;
				TARGETED_DEVICE_FAMILY = "1,2";
				TEST_HOST = "$(BUILT_PRODUCTS_DIR)/Detect.app/Detect";
			};
			name = Release;
		};
		961B96112425EE92003EC992 /* Debug */ = {
			isa = XCBuildConfiguration;
			buildSettings = {
				ALWAYS_EMBED_SWIFT_STANDARD_LIBRARIES = YES;
				CODE_SIGN_STYLE = Automatic;
				DEVELOPMENT_TEAM = 485UNLA592;
				INFOPLIST_FILE = DetectItUITests/Info.plist;
				LD_RUNPATH_SEARCH_PATHS = (
					"$(inherited)",
					"@executable_path/Frameworks",
					"@loader_path/Frameworks",
				);
				PRODUCT_BUNDLE_IDENTIFIER = com.mesterra.DetectItUITests;
				PRODUCT_NAME = "$(TARGET_NAME)";
				SWIFT_VERSION = 5.0;
				TARGETED_DEVICE_FAMILY = "1,2";
				TEST_TARGET_NAME = DetectIt;
			};
			name = Debug;
		};
		961B96122425EE92003EC992 /* Release */ = {
			isa = XCBuildConfiguration;
			buildSettings = {
				ALWAYS_EMBED_SWIFT_STANDARD_LIBRARIES = YES;
				CODE_SIGN_STYLE = Automatic;
				DEVELOPMENT_TEAM = 485UNLA592;
				INFOPLIST_FILE = DetectItUITests/Info.plist;
				LD_RUNPATH_SEARCH_PATHS = (
					"$(inherited)",
					"@executable_path/Frameworks",
					"@loader_path/Frameworks",
				);
				PRODUCT_BUNDLE_IDENTIFIER = com.mesterra.DetectItUITests;
				PRODUCT_NAME = "$(TARGET_NAME)";
				SWIFT_VERSION = 5.0;
				TARGETED_DEVICE_FAMILY = "1,2";
				TEST_TARGET_NAME = DetectIt;
			};
			name = Release;
		};
/* End XCBuildConfiguration section */

/* Begin XCConfigurationList section */
		961B95DB2425EE89003EC992 /* Build configuration list for PBXProject "DetectIt" */ = {
			isa = XCConfigurationList;
			buildConfigurations = (
				961B96082425EE92003EC992 /* Debug */,
				961B96092425EE92003EC992 /* Release */,
			);
			defaultConfigurationIsVisible = 0;
			defaultConfigurationName = Release;
		};
		961B960A2425EE92003EC992 /* Build configuration list for PBXNativeTarget "DetectIt" */ = {
			isa = XCConfigurationList;
			buildConfigurations = (
				961B960B2425EE92003EC992 /* Debug */,
				961B960C2425EE92003EC992 /* Release */,
			);
			defaultConfigurationIsVisible = 0;
			defaultConfigurationName = Release;
		};
		961B960D2425EE92003EC992 /* Build configuration list for PBXNativeTarget "DetectItTests" */ = {
			isa = XCConfigurationList;
			buildConfigurations = (
				961B960E2425EE92003EC992 /* Debug */,
				961B960F2425EE92003EC992 /* Release */,
			);
			defaultConfigurationIsVisible = 0;
			defaultConfigurationName = Release;
		};
		961B96102425EE92003EC992 /* Build configuration list for PBXNativeTarget "DetectItUITests" */ = {
			isa = XCConfigurationList;
			buildConfigurations = (
				961B96112425EE92003EC992 /* Debug */,
				961B96122425EE92003EC992 /* Release */,
			);
			defaultConfigurationIsVisible = 0;
			defaultConfigurationName = Release;
		};
/* End XCConfigurationList section */
	};
	rootObject = 961B95D82425EE89003EC992 /* Project object */;
}
